
Microsoft Visual Studio Solution File, Format Version 12.00
# Visual Studio 15
VisualStudioVersion = 15.0.28306.52
MinimumVisualStudioVersion = 10.0.40219.1
Project("{9A19103F-16F7-4668-BE54-9A1E7A4F7556}") = "Gembox.SaveMessage", "ASP.NET Core\Gembox.SaveMessageCs\Gembox.SaveMessage.csproj", "{D64BEAEF-6D16-45DB-9E4B-CFFA99B4EBD8}"
EndProject
Project("{2150E333-8FDC-42A3-9474-1A3956D46DE8}") = "Solution Items", "Solution Items", "{C676FF8F-1BFD-4AA3-B6D6-B8D24BF0DEAE}"
	ProjectSection(SolutionItems) = preProject
		Directory.Build.props = Directory.Build.props
		LICENSE = LICENSE
		README.md = README.md
	EndProjectSection
EndProject
Project("{2150E333-8FDC-42A3-9474-1A3956D46DE8}") = "ASP.NET Core", "ASP.NET Core", "{36ADB279-082D-49E5-A3D9-5E5F2AB06CFD}"
EndProject
Project("{2150E333-8FDC-42A3-9474-1A3956D46DE8}") = "Calendar Add", "Calendar Add", "{FA64CC00-04C5-40C8-A5D3-71680151DCAA}"
EndProject
Project("{9A19103F-16F7-4668-BE54-9A1E7A4F7556}") = "CalendarAddCs", "Calendar Add\CalendarAddCs\CalendarAddCs.csproj", "{A345C83F-CC9A-4CB7-B5F1-4ACAD1573DE8}"
EndProject
Project("{778DAE3C-4631-46EA-AA77-85C1314464D9}") = "CalendarAddVb", "Calendar Add\CalendarAddVb\CalendarAddVb.vbproj", "{168DA469-4B76-4DA5-8869-14807251CBEB}"
EndProject
Project("{2150E333-8FDC-42A3-9474-1A3956D46DE8}") = "Calendar Load", "Calendar Load", "{79F1014F-1845-488E-B814-AFBFB684DCB7}"
EndProject
Project("{9A19103F-16F7-4668-BE54-9A1E7A4F7556}") = "CalendarLoadCs", "Calendar Load\CalendarLoadCs\CalendarLoadCs.csproj", "{059C04A8-72D4-4400-9ECE-73A6B7A18600}"
EndProject
Project("{778DAE3C-4631-46EA-AA77-85C1314464D9}") = "CalendarLoadVb", "Calendar Load\CalendarLoadVb\CalendarLoadVb.vbproj", "{0046CE4F-1348-4DFA-9ED9-DA40632DE088}"
EndProject
Project("{2150E333-8FDC-42A3-9474-1A3956D46DE8}") = "Calendar Save", "Calendar Save", "{D014D994-18E3-4C46-8651-54F44A8A4D66}"
EndProject
Project("{9A19103F-16F7-4668-BE54-9A1E7A4F7556}") = "CalendarSaveCs", "Calendar Save\CalendarSaveCs\CalendarSaveCs.csproj", "{FF464888-AB63-4501-9027-8B390A5D71E3}"
EndProject
Project("{778DAE3C-4631-46EA-AA77-85C1314464D9}") = "CalendarSaveVb", "Calendar Save\CalendarSaveVb\CalendarSaveVb.vbproj", "{9DCDC20C-3A53-4ED5-A6FB-C43BD917F61C}"
EndProject
Project("{2150E333-8FDC-42A3-9474-1A3956D46DE8}") = "Convert", "Convert", "{86F9DDF4-C03E-4783-BC58-8CFCDA33CD7C}"
EndProject
Project("{9A19103F-16F7-4668-BE54-9A1E7A4F7556}") = "ConvertCs", "Convert\ConvertCs\ConvertCs.csproj", "{21894E67-69A8-4694-9101-97A70895D6C2}"
EndProject
Project("{778DAE3C-4631-46EA-AA77-85C1314464D9}") = "ConvertVb", "Convert\ConvertVb\ConvertVb.vbproj", "{C41A8C18-4832-4C86-BE84-562384878ADA}"
EndProject
Project("{2150E333-8FDC-42A3-9474-1A3956D46DE8}") = "Create Message", "Create Message", "{1AD58431-022A-44F4-AD70-70BB9483AFA0}"
EndProject
Project("{9A19103F-16F7-4668-BE54-9A1E7A4F7556}") = "CreateMessageCs", "Create Message\CreateMessageCs\CreateMessageCs.csproj", "{A04E723C-865B-4E0E-9101-C3B8EAC184F2}"
EndProject
Project("{778DAE3C-4631-46EA-AA77-85C1314464D9}") = "CreateMessageVb", "Create Message\CreateMessageVb\CreateMessageVb.vbproj", "{A39CE432-AEE0-40C7-9439-5C0B7412DD6C}"
EndProject
Project("{2150E333-8FDC-42A3-9474-1A3956D46DE8}") = "Data Table Source", "Data Table Source", "{F9B4F587-D602-496B-938A-32FB75FF2C16}"
EndProject
Project("{9A19103F-16F7-4668-BE54-9A1E7A4F7556}") = "DataTableSourceCs", "Data Table Source\DataTableSourceCs\DataTableSourceCs.csproj", "{42CCDEC4-9085-4E30-93DF-E3674AA885C8}"
EndProject
Project("{778DAE3C-4631-46EA-AA77-85C1314464D9}") = "DataTableSourceVb", "Data Table Source\DataTableSourceVb\DataTableSourceVb.vbproj", "{607BE071-31E4-4C8E-9973-E45B9CDB16ED}"
EndProject
Project("{2150E333-8FDC-42A3-9474-1A3956D46DE8}") = "Headers", "Headers", "{CEDF8D0B-B321-4430-94A2-0019555334E6}"
EndProject
Project("{9A19103F-16F7-4668-BE54-9A1E7A4F7556}") = "HeadersCs", "Headers\HeadersCs\HeadersCs.csproj", "{EFC2CD6B-84FC-4F4F-813E-7C15C67BCF3D}"
EndProject
Project("{778DAE3C-4631-46EA-AA77-85C1314464D9}") = "HeadersVb", "Headers\HeadersVb\HeadersVb.vbproj", "{C2996D23-9420-45DA-A0B3-50F3400DC1F2}"
EndProject
Project("{2150E333-8FDC-42A3-9474-1A3956D46DE8}") = "Hello World", "Hello World", "{D657D236-51D8-4E36-860F-C4A535820F19}"
EndProject
Project("{9A19103F-16F7-4668-BE54-9A1E7A4F7556}") = "HelloWorldCs", "Hello World\HelloWorldCs\HelloWorldCs.csproj", "{76872AD8-EDC6-411A-9A61-3A2384574000}"
EndProject
Project("{778DAE3C-4631-46EA-AA77-85C1314464D9}") = "HelloWorldVb", "Hello World\HelloWorldVb\HelloWorldVb.vbproj", "{86949200-923B-402C-9FC2-6C1E770C3E80}"
EndProject
Project("{2150E333-8FDC-42A3-9474-1A3956D46DE8}") = "Html With Attachment", "Html With Attachment", "{1025E5E4-92A1-4D51-935A-3BFED1B6D6D6}"
EndProject
Project("{9A19103F-16F7-4668-BE54-9A1E7A4F7556}") = "HtmlWithAttachmentCs", "Html With Attachment\HtmlWithAttachmentCs\HtmlWithAttachmentCs.csproj", "{6877B7F5-77CA-4D90-8E89-66324B33DF7D}"
EndProject
Project("{778DAE3C-4631-46EA-AA77-85C1314464D9}") = "HtmlWithAttachmentVb", "Html With Attachment\HtmlWithAttachmentVb\HtmlWithAttachmentVb.vbproj", "{338227DD-1048-4CD1-91E3-3AB9CDEF365D}"
EndProject
Project("{2150E333-8FDC-42A3-9474-1A3956D46DE8}") = "IMAP Connect", "IMAP Connect", "{0FB53035-FB80-4E09-86F5-A7FA3959267E}"
EndProject
Project("{9A19103F-16F7-4668-BE54-9A1E7A4F7556}") = "IMAPConnectCs", "IMAP Connect\IMAPConnectCs\IMAPConnectCs.csproj", "{9F8BF348-64F9-4FA3-B20D-E4B029FE4519}"
EndProject
Project("{778DAE3C-4631-46EA-AA77-85C1314464D9}") = "IMAPConnectVb", "IMAP Connect\IMAPConnectVb\IMAPConnectVb.vbproj", "{54CB5FF9-7960-415B-AD1B-C0E5E7928E91}"
EndProject
Project("{2150E333-8FDC-42A3-9474-1A3956D46DE8}") = "IMAP Folder Flags", "IMAP Folder Flags", "{0062FB68-D326-43CA-8B51-6159DE71C80D}"
EndProject
Project("{9A19103F-16F7-4668-BE54-9A1E7A4F7556}") = "IMAPFolderFlagsCs", "IMAP Folder Flags\IMAPFolderFlagsCs\IMAPFolderFlagsCs.csproj", "{E6CC1978-14BA-463E-A1C2-E6BB0DE72388}"
EndProject
Project("{778DAE3C-4631-46EA-AA77-85C1314464D9}") = "IMAPFolderFlagsVb", "IMAP Folder Flags\IMAPFolderFlagsVb\IMAPFolderFlagsVb.vbproj", "{1FDF9B29-B211-401F-9B05-97DB1AE453D4}"
EndProject
Project("{2150E333-8FDC-42A3-9474-1A3956D46DE8}") = "IMAP Folders", "IMAP Folders", "{A9CEE961-5133-4D1F-9A85-E654C63369B2}"
EndProject
Project("{9A19103F-16F7-4668-BE54-9A1E7A4F7556}") = "IMAPFoldersCs", "IMAP Folders\IMAPFoldersCs\IMAPFoldersCs.csproj", "{B0F6181A-6E42-4F56-A5FE-F311989F39AD}"
EndProject
Project("{778DAE3C-4631-46EA-AA77-85C1314464D9}") = "IMAPFoldersVb", "IMAP Folders\IMAPFoldersVb\IMAPFoldersVb.vbproj", "{C8F6AD4F-745D-418D-BA92-C01EDE4BA545}"
EndProject
Project("{2150E333-8FDC-42A3-9474-1A3956D46DE8}") = "IMAP List Messages", "IMAP List Messages", "{3D4D4F8F-EBA1-46F4-A875-7582825E6951}"
EndProject
Project("{9A19103F-16F7-4668-BE54-9A1E7A4F7556}") = "IMAPListMessagesCs", "IMAP List Messages\IMAPListMessagesCs\IMAPListMessagesCs.csproj", "{3F45DF26-60EB-4E1A-9874-05D7F3718D64}"
EndProject
Project("{778DAE3C-4631-46EA-AA77-85C1314464D9}") = "IMAPListMessagesVb", "IMAP List Messages\IMAPListMessagesVb\IMAPListMessagesVb.vbproj", "{BEDC67A9-7F0E-4459-8500-614903620096}"
EndProject
Project("{2150E333-8FDC-42A3-9474-1A3956D46DE8}") = "IMAP Message Flags", "IMAP Message Flags", "{78FD0C22-987F-4B5D-BF3B-8BDE685BB8E6}"
EndProject
Project("{9A19103F-16F7-4668-BE54-9A1E7A4F7556}") = "IMAPMessageFlagsCs", "IMAP Message Flags\IMAPMessageFlagsCs\IMAPMessageFlagsCs.csproj", "{E759C6F0-979D-49E0-9F52-14DA1E2B4ACC}"
EndProject
Project("{778DAE3C-4631-46EA-AA77-85C1314464D9}") = "IMAPMessageFlagsVb", "IMAP Message Flags\IMAPMessageFlagsVb\IMAPMessageFlagsVb.vbproj", "{488B4BD1-83BC-49FD-95EA-07FB3B5F0201}"
EndProject
Project("{2150E333-8FDC-42A3-9474-1A3956D46DE8}") = "IMAP Message Headers", "IMAP Message Headers", "{5B4E5F4A-5A74-419A-8F9B-6184B1F985D7}"
EndProject
Project("{9A19103F-16F7-4668-BE54-9A1E7A4F7556}") = "IMAPMessageHeadersCs", "IMAP Message Headers\IMAPMessageHeadersCs\IMAPMessageHeadersCs.csproj", "{1B5E353C-9A23-41E6-8A30-91DA964F649A}"
EndProject
Project("{778DAE3C-4631-46EA-AA77-85C1314464D9}") = "IMAPMessageHeadersVb", "IMAP Message Headers\IMAPMessageHeadersVb\IMAPMessageHeadersVb.vbproj", "{422EC596-A57A-4613-9975-F9E7C2B8EBF4}"
EndProject
Project("{2150E333-8FDC-42A3-9474-1A3956D46DE8}") = "IMAP Search", "IMAP Search", "{135D4F98-FD2F-4660-B5D8-90C729578EF9}"
EndProject
Project("{9A19103F-16F7-4668-BE54-9A1E7A4F7556}") = "IMAPSearchCs", "IMAP Search\IMAPSearchCs\IMAPSearchCs.csproj", "{DE8368E8-6EA9-4398-AF42-0710D8B7E4DC}"
EndProject
Project("{778DAE3C-4631-46EA-AA77-85C1314464D9}") = "IMAPSearchVb", "IMAP Search\IMAPSearchVb\IMAPSearchVb.vbproj", "{31562A86-2DA0-4298-AF70-4B38B7FF8920}"
EndProject
Project("{2150E333-8FDC-42A3-9474-1A3956D46DE8}") = "IMAP SSL Certificate Validation", "IMAP SSL Certificate Validation", "{68814016-C537-40E7-8CD9-0ECC2C7B68A4}"
EndProject
Project("{9A19103F-16F7-4668-BE54-9A1E7A4F7556}") = "IMAPSSLCertificateValidationCs", "IMAP SSL Certificate Validation\IMAPSSLCertificateValidationCs\IMAPSSLCertificateValidationCs.csproj", "{DFED06A8-4601-42C8-945B-EC19C3864325}"
EndProject
Project("{778DAE3C-4631-46EA-AA77-85C1314464D9}") = "IMAPSSLCertificateValidationVb", "IMAP SSL Certificate Validation\IMAPSSLCertificateValidationVb\IMAPSSLCertificateValidationVb.vbproj", "{8ED01A1F-727A-4B71-AC62-0DB693300F22}"
EndProject
Project("{2150E333-8FDC-42A3-9474-1A3956D46DE8}") = "Load", "Load", "{C5951DF4-7AAC-42A4-95C1-4D1424CBBB47}"
EndProject
Project("{9A19103F-16F7-4668-BE54-9A1E7A4F7556}") = "LoadCs", "Load\LoadCs\LoadCs.csproj", "{6B91463A-773E-405B-A5B4-7EC587A01880}"
EndProject
Project("{778DAE3C-4631-46EA-AA77-85C1314464D9}") = "LoadVb", "Load\LoadVb\LoadVb.vbproj", "{CA3F6052-1D04-4C96-870F-FC402E52DF0F}"
EndProject
Project("{2150E333-8FDC-42A3-9474-1A3956D46DE8}") = "Mail Address Validation", "Mail Address Validation", "{8007694A-F7A4-4A54-B4C7-A55EBAC91875}"
EndProject
Project("{9A19103F-16F7-4668-BE54-9A1E7A4F7556}") = "MailAddressValidationCs", "Mail Address Validation\MailAddressValidationCs\MailAddressValidationCs.csproj", "{E7F7EB6D-D792-4238-9127-1C59C8048E1F}"
EndProject
Project("{778DAE3C-4631-46EA-AA77-85C1314464D9}") = "MailAddressValidationVb", "Mail Address Validation\MailAddressValidationVb\MailAddressValidationVb.vbproj", "{D0F3C316-95D1-42C0-94F6-117AF0EDC6CF}"
EndProject
Project("{2150E333-8FDC-42A3-9474-1A3956D46DE8}") = "Mbox", "Mbox", "{63AE538C-8ECA-4099-8624-55C78BEE9C42}"
EndProject
Project("{9A19103F-16F7-4668-BE54-9A1E7A4F7556}") = "MboxCs", "Mbox\MboxCs\MboxCs.csproj", "{3A5B90C0-EAA8-47EC-B43F-66F19DCDE3DE}"
EndProject
Project("{778DAE3C-4631-46EA-AA77-85C1314464D9}") = "MboxVb", "Mbox\MboxVb\MboxVb.vbproj", "{396F214B-0DD1-42F6-81F1-C75234226ECF}"
EndProject
Project("{2150E333-8FDC-42A3-9474-1A3956D46DE8}") = "Object Source", "Object Source", "{CFE699EA-3B9A-4425-B6A2-04EBE0890F43}"
EndProject
Project("{9A19103F-16F7-4668-BE54-9A1E7A4F7556}") = "ObjectSourceCs", "Object Source\ObjectSourceCs\ObjectSourceCs.csproj", "{0D70E8EF-97DB-437F-A74A-BDA2AE531006}"
EndProject
Project("{778DAE3C-4631-46EA-AA77-85C1314464D9}") = "ObjectSourceVb", "Object Source\ObjectSourceVb\ObjectSourceVb.vbproj", "{F17B00DB-48DD-4627-B5E9-1AC7375C79CB}"
EndProject
Project("{2150E333-8FDC-42A3-9474-1A3956D46DE8}") = "POP Connect", "POP Connect", "{B381A1A5-1EF3-42F6-9711-E810930738A3}"
EndProject
Project("{9A19103F-16F7-4668-BE54-9A1E7A4F7556}") = "POPConnectCs", "POP Connect\POPConnectCs\POPConnectCs.csproj", "{2BBA9B19-D1A6-4CA7-852A-677ECEC5ACF1}"
EndProject
Project("{778DAE3C-4631-46EA-AA77-85C1314464D9}") = "POPConnectVb", "POP Connect\POPConnectVb\POPConnectVb.vbproj", "{5988D14B-30F5-4D7E-8179-2905AF375420}"
EndProject
Project("{2150E333-8FDC-42A3-9474-1A3956D46DE8}") = "POP List Messages", "POP List Messages", "{B13F1F35-C322-48FE-BEA6-4F3D6492118E}"
EndProject
Project("{9A19103F-16F7-4668-BE54-9A1E7A4F7556}") = "POPListMessagesCs", "POP List Messages\POPListMessagesCs\POPListMessagesCs.csproj", "{B1219FB1-6623-4B05-9779-1157A55DA90B}"
EndProject
Project("{778DAE3C-4631-46EA-AA77-85C1314464D9}") = "POPListMessagesVb", "POP List Messages\POPListMessagesVb\POPListMessagesVb.vbproj", "{9B823CA0-EFDA-4A72-83E7-7AF848860227}"
EndProject
Project("{2150E333-8FDC-42A3-9474-1A3956D46DE8}") = "POP Mailbox Info", "POP Mailbox Info", "{3EDE0FC4-3AE5-4F9C-983E-7671FB27FFE3}"
EndProject
Project("{9A19103F-16F7-4668-BE54-9A1E7A4F7556}") = "POPMailboxInfoCs", "POP Mailbox Info\POPMailboxInfoCs\POPMailboxInfoCs.csproj", "{AD380486-D1C0-4066-BC24-00DB11D90650}"
EndProject
Project("{778DAE3C-4631-46EA-AA77-85C1314464D9}") = "POPMailboxInfoVb", "POP Mailbox Info\POPMailboxInfoVb\POPMailboxInfoVb.vbproj", "{4B5E5465-9326-463A-8243-D93C018DF70D}"
EndProject
Project("{2150E333-8FDC-42A3-9474-1A3956D46DE8}") = "POP Message Headers", "POP Message Headers", "{23070723-2F06-4086-A1A6-B072E5364B00}"
EndProject
Project("{9A19103F-16F7-4668-BE54-9A1E7A4F7556}") = "POPMessageHeadersCs", "POP Message Headers\POPMessageHeadersCs\POPMessageHeadersCs.csproj", "{F24E2A06-20CB-4ACE-91F9-93A23D6A10B1}"
EndProject
Project("{778DAE3C-4631-46EA-AA77-85C1314464D9}") = "POPMessageHeadersVb", "POP Message Headers\POPMessageHeadersVb\POPMessageHeadersVb.vbproj", "{44AB0CFB-31FA-48CD-8131-44C0121342C9}"
EndProject
Project("{2150E333-8FDC-42A3-9474-1A3956D46DE8}") = "POP SSL Certificate Validation", "POP SSL Certificate Validation", "{B4F6C2AE-7627-400A-B2A0-81FCFC960567}"
EndProject
Project("{9A19103F-16F7-4668-BE54-9A1E7A4F7556}") = "POPSSLCertificateValidationCs", "POP SSL Certificate Validation\POPSSLCertificateValidationCs\POPSSLCertificateValidationCs.csproj", "{FACB482C-D935-417D-9189-4839328A9E2E}"
EndProject
Project("{778DAE3C-4631-46EA-AA77-85C1314464D9}") = "POPSSLCertificateValidationVb", "POP SSL Certificate Validation\POPSSLCertificateValidationVb\POPSSLCertificateValidationVb.vbproj", "{5411A17E-E260-49BF-B116-7E07753B67F5}"
EndProject
Project("{2150E333-8FDC-42A3-9474-1A3956D46DE8}") = "Receive", "Receive", "{64FC585C-56BC-476E-B6D8-A822944B33BA}"
EndProject
Project("{9A19103F-16F7-4668-BE54-9A1E7A4F7556}") = "ReceiveCs", "Receive\ReceiveCs\ReceiveCs.csproj", "{1147DDD6-0816-4AE1-84C4-52C599FD8838}"
EndProject
Project("{778DAE3C-4631-46EA-AA77-85C1314464D9}") = "ReceiveVb", "Receive\ReceiveVb\ReceiveVb.vbproj", "{27342A1F-D118-4403-A820-A8F840BCD1DB}"
EndProject
Project("{2150E333-8FDC-42A3-9474-1A3956D46DE8}") = "Reply", "Reply", "{FF354F8D-F9A5-4508-B7FB-F2E4C2F0E967}"
EndProject
Project("{9A19103F-16F7-4668-BE54-9A1E7A4F7556}") = "ReplyCs", "Reply\ReplyCs\ReplyCs.csproj", "{2182D4C9-57D4-435E-A979-7AEF858C227D}"
EndProject
Project("{778DAE3C-4631-46EA-AA77-85C1314464D9}") = "ReplyVb", "Reply\ReplyVb\ReplyVb.vbproj", "{D659FBDF-F1E1-4906-A258-FE2B2CF9B601}"
EndProject
Project("{2150E333-8FDC-42A3-9474-1A3956D46DE8}") = "Save", "Save", "{BDE0D3F9-21F1-4537-946E-1CBE3D59632D}"
EndProject
Project("{9A19103F-16F7-4668-BE54-9A1E7A4F7556}") = "SaveCs", "Save\SaveCs\SaveCs.csproj", "{6BC96DFD-7BBA-401E-ADB9-5AE02CC34C68}"
EndProject
Project("{778DAE3C-4631-46EA-AA77-85C1314464D9}") = "SaveVb", "Save\SaveVb\SaveVb.vbproj", "{E4FBE6D0-8250-4A06-B50C-10419112266B}"
EndProject
Project("{2150E333-8FDC-42A3-9474-1A3956D46DE8}") = "Send", "Send", "{DBC84CB9-E230-45CC-B963-8BE73133340C}"
EndProject
Project("{9A19103F-16F7-4668-BE54-9A1E7A4F7556}") = "SendCs", "Send\SendCs\SendCs.csproj", "{C01BAD5D-ED96-4D19-8BD1-5A6A45B52FA6}"
EndProject
Project("{778DAE3C-4631-46EA-AA77-85C1314464D9}") = "SendVb", "Send\SendVb\SendVb.vbproj", "{D7F2C2A0-B85C-4AE7-8BB8-1BFF0DAE90A4}"
EndProject
Project("{2150E333-8FDC-42A3-9474-1A3956D46DE8}") = "SMTP Connect", "SMTP Connect", "{A953080A-CE07-48E2-BF46-D5B67BE7A58E}"
EndProject
Project("{9A19103F-16F7-4668-BE54-9A1E7A4F7556}") = "SMTPConnectCs", "SMTP Connect\SMTPConnectCs\SMTPConnectCs.csproj", "{C24E0483-E242-4E81-B2F7-BBB4E3A59FCF}"
EndProject
Project("{778DAE3C-4631-46EA-AA77-85C1314464D9}") = "SMTPConnectVb", "SMTP Connect\SMTPConnectVb\SMTPConnectVb.vbproj", "{5DB76976-FB78-47F9-8C37-77E5C4927FE8}"
EndProject
Project("{2150E333-8FDC-42A3-9474-1A3956D46DE8}") = "SMTP SSL Certificate Validation", "SMTP SSL Certificate Validation", "{A4763CD2-C265-4450-B001-ABC200A6E66E}"
EndProject
Project("{9A19103F-16F7-4668-BE54-9A1E7A4F7556}") = "SMTPSSLCertificateValidationCs", "SMTP SSL Certificate Validation\SMTPSSLCertificateValidationCs\SMTPSSLCertificateValidationCs.csproj", "{E0B44CF3-997D-4F9E-994A-F78382663B8B}"
EndProject
Project("{778DAE3C-4631-46EA-AA77-85C1314464D9}") = "SMTPSSLCertificateValidationVb", "SMTP SSL Certificate Validation\SMTPSSLCertificateValidationVb\SMTPSSLCertificateValidationVb.vbproj", "{5BF5ED46-7990-4DF6-A43A-B1BF95178AE4}"
EndProject
Project("{2150E333-8FDC-42A3-9474-1A3956D46DE8}") = "SMTP Mass Messages", "SMTP Mass Messages", "{7549D90F-FC1C-4C17-802B-1FF57FED9258}"
EndProject
Project("{9A19103F-16F7-4668-BE54-9A1E7A4F7556}") = "SMTPMassMessagesCs", "SMTP Mass Messages\SMTPMassMessagesCs\SMTPMassMessagesCs.csproj", "{D7300C36-D94F-483D-B774-37A82437342C}"
EndProject
Project("{778DAE3C-4631-46EA-AA77-85C1314464D9}") = "SMTPMassMessagesVb", "SMTP Mass Messages\SMTPMassMessagesVb\SMTPMassMessagesVb.vbproj", "{4D066FF8-C5A1-4A94-B2D3-5A6AB74D1868}"
EndProject
Global
	GlobalSection(SolutionConfigurationPlatforms) = preSolution
		Debug|Any CPU = Debug|Any CPU
		Release|Any CPU = Release|Any CPU
	EndGlobalSection
	GlobalSection(ProjectConfigurationPlatforms) = postSolution
		{D64BEAEF-6D16-45DB-9E4B-CFFA99B4EBD8}.Debug|Any CPU.ActiveCfg = Debug|Any CPU
		{D64BEAEF-6D16-45DB-9E4B-CFFA99B4EBD8}.Debug|Any CPU.Build.0 = Debug|Any CPU
		{D64BEAEF-6D16-45DB-9E4B-CFFA99B4EBD8}.Release|Any CPU.ActiveCfg = Release|Any CPU
		{D64BEAEF-6D16-45DB-9E4B-CFFA99B4EBD8}.Release|Any CPU.Build.0 = Release|Any CPU
		{A345C83F-CC9A-4CB7-B5F1-4ACAD1573DE8}.Debug|Any CPU.ActiveCfg = Debug|Any CPU
		{A345C83F-CC9A-4CB7-B5F1-4ACAD1573DE8}.Debug|Any CPU.Build.0 = Debug|Any CPU
		{A345C83F-CC9A-4CB7-B5F1-4ACAD1573DE8}.Release|Any CPU.ActiveCfg = Release|Any CPU
		{A345C83F-CC9A-4CB7-B5F1-4ACAD1573DE8}.Release|Any CPU.Build.0 = Release|Any CPU
		{168DA469-4B76-4DA5-8869-14807251CBEB}.Debug|Any CPU.ActiveCfg = Debug|Any CPU
		{168DA469-4B76-4DA5-8869-14807251CBEB}.Debug|Any CPU.Build.0 = Debug|Any CPU
		{168DA469-4B76-4DA5-8869-14807251CBEB}.Release|Any CPU.ActiveCfg = Release|Any CPU
		{168DA469-4B76-4DA5-8869-14807251CBEB}.Release|Any CPU.Build.0 = Release|Any CPU
		{059C04A8-72D4-4400-9ECE-73A6B7A18600}.Debug|Any CPU.ActiveCfg = Debug|Any CPU
		{059C04A8-72D4-4400-9ECE-73A6B7A18600}.Debug|Any CPU.Build.0 = Debug|Any CPU
		{059C04A8-72D4-4400-9ECE-73A6B7A18600}.Release|Any CPU.ActiveCfg = Release|Any CPU
		{059C04A8-72D4-4400-9ECE-73A6B7A18600}.Release|Any CPU.Build.0 = Release|Any CPU
		{0046CE4F-1348-4DFA-9ED9-DA40632DE088}.Debug|Any CPU.ActiveCfg = Debug|Any CPU
		{0046CE4F-1348-4DFA-9ED9-DA40632DE088}.Debug|Any CPU.Build.0 = Debug|Any CPU
		{0046CE4F-1348-4DFA-9ED9-DA40632DE088}.Release|Any CPU.ActiveCfg = Release|Any CPU
		{0046CE4F-1348-4DFA-9ED9-DA40632DE088}.Release|Any CPU.Build.0 = Release|Any CPU
		{FF464888-AB63-4501-9027-8B390A5D71E3}.Debug|Any CPU.ActiveCfg = Debug|Any CPU
		{FF464888-AB63-4501-9027-8B390A5D71E3}.Debug|Any CPU.Build.0 = Debug|Any CPU
		{FF464888-AB63-4501-9027-8B390A5D71E3}.Release|Any CPU.ActiveCfg = Release|Any CPU
		{FF464888-AB63-4501-9027-8B390A5D71E3}.Release|Any CPU.Build.0 = Release|Any CPU
		{9DCDC20C-3A53-4ED5-A6FB-C43BD917F61C}.Debug|Any CPU.ActiveCfg = Debug|Any CPU
		{9DCDC20C-3A53-4ED5-A6FB-C43BD917F61C}.Debug|Any CPU.Build.0 = Debug|Any CPU
		{9DCDC20C-3A53-4ED5-A6FB-C43BD917F61C}.Release|Any CPU.ActiveCfg = Release|Any CPU
		{9DCDC20C-3A53-4ED5-A6FB-C43BD917F61C}.Release|Any CPU.Build.0 = Release|Any CPU
		{21894E67-69A8-4694-9101-97A70895D6C2}.Debug|Any CPU.ActiveCfg = Debug|Any CPU
		{21894E67-69A8-4694-9101-97A70895D6C2}.Debug|Any CPU.Build.0 = Debug|Any CPU
		{21894E67-69A8-4694-9101-97A70895D6C2}.Release|Any CPU.ActiveCfg = Release|Any CPU
		{21894E67-69A8-4694-9101-97A70895D6C2}.Release|Any CPU.Build.0 = Release|Any CPU
		{C41A8C18-4832-4C86-BE84-562384878ADA}.Debug|Any CPU.ActiveCfg = Debug|Any CPU
		{C41A8C18-4832-4C86-BE84-562384878ADA}.Debug|Any CPU.Build.0 = Debug|Any CPU
		{C41A8C18-4832-4C86-BE84-562384878ADA}.Release|Any CPU.ActiveCfg = Release|Any CPU
		{C41A8C18-4832-4C86-BE84-562384878ADA}.Release|Any CPU.Build.0 = Release|Any CPU
		{A04E723C-865B-4E0E-9101-C3B8EAC184F2}.Debug|Any CPU.ActiveCfg = Debug|Any CPU
		{A04E723C-865B-4E0E-9101-C3B8EAC184F2}.Debug|Any CPU.Build.0 = Debug|Any CPU
		{A04E723C-865B-4E0E-9101-C3B8EAC184F2}.Release|Any CPU.ActiveCfg = Release|Any CPU
		{A04E723C-865B-4E0E-9101-C3B8EAC184F2}.Release|Any CPU.Build.0 = Release|Any CPU
		{A39CE432-AEE0-40C7-9439-5C0B7412DD6C}.Debug|Any CPU.ActiveCfg = Debug|Any CPU
		{A39CE432-AEE0-40C7-9439-5C0B7412DD6C}.Debug|Any CPU.Build.0 = Debug|Any CPU
		{A39CE432-AEE0-40C7-9439-5C0B7412DD6C}.Release|Any CPU.ActiveCfg = Release|Any CPU
		{A39CE432-AEE0-40C7-9439-5C0B7412DD6C}.Release|Any CPU.Build.0 = Release|Any CPU
		{42CCDEC4-9085-4E30-93DF-E3674AA885C8}.Debug|Any CPU.ActiveCfg = Debug|Any CPU
		{42CCDEC4-9085-4E30-93DF-E3674AA885C8}.Debug|Any CPU.Build.0 = Debug|Any CPU
		{42CCDEC4-9085-4E30-93DF-E3674AA885C8}.Release|Any CPU.ActiveCfg = Release|Any CPU
		{42CCDEC4-9085-4E30-93DF-E3674AA885C8}.Release|Any CPU.Build.0 = Release|Any CPU
		{607BE071-31E4-4C8E-9973-E45B9CDB16ED}.Debug|Any CPU.ActiveCfg = Debug|Any CPU
		{607BE071-31E4-4C8E-9973-E45B9CDB16ED}.Debug|Any CPU.Build.0 = Debug|Any CPU
		{607BE071-31E4-4C8E-9973-E45B9CDB16ED}.Release|Any CPU.ActiveCfg = Release|Any CPU
		{607BE071-31E4-4C8E-9973-E45B9CDB16ED}.Release|Any CPU.Build.0 = Release|Any CPU
		{EFC2CD6B-84FC-4F4F-813E-7C15C67BCF3D}.Debug|Any CPU.ActiveCfg = Debug|Any CPU
		{EFC2CD6B-84FC-4F4F-813E-7C15C67BCF3D}.Debug|Any CPU.Build.0 = Debug|Any CPU
		{EFC2CD6B-84FC-4F4F-813E-7C15C67BCF3D}.Release|Any CPU.ActiveCfg = Release|Any CPU
		{EFC2CD6B-84FC-4F4F-813E-7C15C67BCF3D}.Release|Any CPU.Build.0 = Release|Any CPU
		{C2996D23-9420-45DA-A0B3-50F3400DC1F2}.Debug|Any CPU.ActiveCfg = Debug|Any CPU
		{C2996D23-9420-45DA-A0B3-50F3400DC1F2}.Debug|Any CPU.Build.0 = Debug|Any CPU
		{C2996D23-9420-45DA-A0B3-50F3400DC1F2}.Release|Any CPU.ActiveCfg = Release|Any CPU
		{C2996D23-9420-45DA-A0B3-50F3400DC1F2}.Release|Any CPU.Build.0 = Release|Any CPU
		{76872AD8-EDC6-411A-9A61-3A2384574000}.Debug|Any CPU.ActiveCfg = Debug|Any CPU
		{76872AD8-EDC6-411A-9A61-3A2384574000}.Debug|Any CPU.Build.0 = Debug|Any CPU
		{76872AD8-EDC6-411A-9A61-3A2384574000}.Release|Any CPU.ActiveCfg = Release|Any CPU
		{76872AD8-EDC6-411A-9A61-3A2384574000}.Release|Any CPU.Build.0 = Release|Any CPU
		{86949200-923B-402C-9FC2-6C1E770C3E80}.Debug|Any CPU.ActiveCfg = Debug|Any CPU
		{86949200-923B-402C-9FC2-6C1E770C3E80}.Debug|Any CPU.Build.0 = Debug|Any CPU
		{86949200-923B-402C-9FC2-6C1E770C3E80}.Release|Any CPU.ActiveCfg = Release|Any CPU
		{86949200-923B-402C-9FC2-6C1E770C3E80}.Release|Any CPU.Build.0 = Release|Any CPU
		{6877B7F5-77CA-4D90-8E89-66324B33DF7D}.Debug|Any CPU.ActiveCfg = Debug|Any CPU
		{6877B7F5-77CA-4D90-8E89-66324B33DF7D}.Debug|Any CPU.Build.0 = Debug|Any CPU
		{6877B7F5-77CA-4D90-8E89-66324B33DF7D}.Release|Any CPU.ActiveCfg = Release|Any CPU
		{6877B7F5-77CA-4D90-8E89-66324B33DF7D}.Release|Any CPU.Build.0 = Release|Any CPU
		{338227DD-1048-4CD1-91E3-3AB9CDEF365D}.Debug|Any CPU.ActiveCfg = Debug|Any CPU
		{338227DD-1048-4CD1-91E3-3AB9CDEF365D}.Debug|Any CPU.Build.0 = Debug|Any CPU
		{338227DD-1048-4CD1-91E3-3AB9CDEF365D}.Release|Any CPU.ActiveCfg = Release|Any CPU
		{338227DD-1048-4CD1-91E3-3AB9CDEF365D}.Release|Any CPU.Build.0 = Release|Any CPU
		{9F8BF348-64F9-4FA3-B20D-E4B029FE4519}.Debug|Any CPU.ActiveCfg = Debug|Any CPU
		{9F8BF348-64F9-4FA3-B20D-E4B029FE4519}.Debug|Any CPU.Build.0 = Debug|Any CPU
		{9F8BF348-64F9-4FA3-B20D-E4B029FE4519}.Release|Any CPU.ActiveCfg = Release|Any CPU
		{9F8BF348-64F9-4FA3-B20D-E4B029FE4519}.Release|Any CPU.Build.0 = Release|Any CPU
		{54CB5FF9-7960-415B-AD1B-C0E5E7928E91}.Debug|Any CPU.ActiveCfg = Debug|Any CPU
		{54CB5FF9-7960-415B-AD1B-C0E5E7928E91}.Debug|Any CPU.Build.0 = Debug|Any CPU
		{54CB5FF9-7960-415B-AD1B-C0E5E7928E91}.Release|Any CPU.ActiveCfg = Release|Any CPU
		{54CB5FF9-7960-415B-AD1B-C0E5E7928E91}.Release|Any CPU.Build.0 = Release|Any CPU
		{E6CC1978-14BA-463E-A1C2-E6BB0DE72388}.Debug|Any CPU.ActiveCfg = Debug|Any CPU
		{E6CC1978-14BA-463E-A1C2-E6BB0DE72388}.Debug|Any CPU.Build.0 = Debug|Any CPU
		{E6CC1978-14BA-463E-A1C2-E6BB0DE72388}.Release|Any CPU.ActiveCfg = Release|Any CPU
		{E6CC1978-14BA-463E-A1C2-E6BB0DE72388}.Release|Any CPU.Build.0 = Release|Any CPU
		{1FDF9B29-B211-401F-9B05-97DB1AE453D4}.Debug|Any CPU.ActiveCfg = Debug|Any CPU
		{1FDF9B29-B211-401F-9B05-97DB1AE453D4}.Debug|Any CPU.Build.0 = Debug|Any CPU
		{1FDF9B29-B211-401F-9B05-97DB1AE453D4}.Release|Any CPU.ActiveCfg = Release|Any CPU
		{1FDF9B29-B211-401F-9B05-97DB1AE453D4}.Release|Any CPU.Build.0 = Release|Any CPU
		{B0F6181A-6E42-4F56-A5FE-F311989F39AD}.Debug|Any CPU.ActiveCfg = Debug|Any CPU
		{B0F6181A-6E42-4F56-A5FE-F311989F39AD}.Debug|Any CPU.Build.0 = Debug|Any CPU
		{B0F6181A-6E42-4F56-A5FE-F311989F39AD}.Release|Any CPU.ActiveCfg = Release|Any CPU
		{B0F6181A-6E42-4F56-A5FE-F311989F39AD}.Release|Any CPU.Build.0 = Release|Any CPU
		{C8F6AD4F-745D-418D-BA92-C01EDE4BA545}.Debug|Any CPU.ActiveCfg = Debug|Any CPU
		{C8F6AD4F-745D-418D-BA92-C01EDE4BA545}.Debug|Any CPU.Build.0 = Debug|Any CPU
		{C8F6AD4F-745D-418D-BA92-C01EDE4BA545}.Release|Any CPU.ActiveCfg = Release|Any CPU
		{C8F6AD4F-745D-418D-BA92-C01EDE4BA545}.Release|Any CPU.Build.0 = Release|Any CPU
		{3F45DF26-60EB-4E1A-9874-05D7F3718D64}.Debug|Any CPU.ActiveCfg = Debug|Any CPU
		{3F45DF26-60EB-4E1A-9874-05D7F3718D64}.Debug|Any CPU.Build.0 = Debug|Any CPU
		{3F45DF26-60EB-4E1A-9874-05D7F3718D64}.Release|Any CPU.ActiveCfg = Release|Any CPU
		{3F45DF26-60EB-4E1A-9874-05D7F3718D64}.Release|Any CPU.Build.0 = Release|Any CPU
		{BEDC67A9-7F0E-4459-8500-614903620096}.Debug|Any CPU.ActiveCfg = Debug|Any CPU
		{BEDC67A9-7F0E-4459-8500-614903620096}.Debug|Any CPU.Build.0 = Debug|Any CPU
		{BEDC67A9-7F0E-4459-8500-614903620096}.Release|Any CPU.ActiveCfg = Release|Any CPU
		{BEDC67A9-7F0E-4459-8500-614903620096}.Release|Any CPU.Build.0 = Release|Any CPU
		{E759C6F0-979D-49E0-9F52-14DA1E2B4ACC}.Debug|Any CPU.ActiveCfg = Debug|Any CPU
		{E759C6F0-979D-49E0-9F52-14DA1E2B4ACC}.Debug|Any CPU.Build.0 = Debug|Any CPU
		{E759C6F0-979D-49E0-9F52-14DA1E2B4ACC}.Release|Any CPU.ActiveCfg = Release|Any CPU
		{E759C6F0-979D-49E0-9F52-14DA1E2B4ACC}.Release|Any CPU.Build.0 = Release|Any CPU
		{488B4BD1-83BC-49FD-95EA-07FB3B5F0201}.Debug|Any CPU.ActiveCfg = Debug|Any CPU
		{488B4BD1-83BC-49FD-95EA-07FB3B5F0201}.Debug|Any CPU.Build.0 = Debug|Any CPU
		{488B4BD1-83BC-49FD-95EA-07FB3B5F0201}.Release|Any CPU.ActiveCfg = Release|Any CPU
		{488B4BD1-83BC-49FD-95EA-07FB3B5F0201}.Release|Any CPU.Build.0 = Release|Any CPU
		{1B5E353C-9A23-41E6-8A30-91DA964F649A}.Debug|Any CPU.ActiveCfg = Debug|Any CPU
		{1B5E353C-9A23-41E6-8A30-91DA964F649A}.Debug|Any CPU.Build.0 = Debug|Any CPU
		{1B5E353C-9A23-41E6-8A30-91DA964F649A}.Release|Any CPU.ActiveCfg = Release|Any CPU
		{1B5E353C-9A23-41E6-8A30-91DA964F649A}.Release|Any CPU.Build.0 = Release|Any CPU
		{422EC596-A57A-4613-9975-F9E7C2B8EBF4}.Debug|Any CPU.ActiveCfg = Debug|Any CPU
		{422EC596-A57A-4613-9975-F9E7C2B8EBF4}.Debug|Any CPU.Build.0 = Debug|Any CPU
		{422EC596-A57A-4613-9975-F9E7C2B8EBF4}.Release|Any CPU.ActiveCfg = Release|Any CPU
		{422EC596-A57A-4613-9975-F9E7C2B8EBF4}.Release|Any CPU.Build.0 = Release|Any CPU
		{DE8368E8-6EA9-4398-AF42-0710D8B7E4DC}.Debug|Any CPU.ActiveCfg = Debug|Any CPU
		{DE8368E8-6EA9-4398-AF42-0710D8B7E4DC}.Debug|Any CPU.Build.0 = Debug|Any CPU
		{DE8368E8-6EA9-4398-AF42-0710D8B7E4DC}.Release|Any CPU.ActiveCfg = Release|Any CPU
		{DE8368E8-6EA9-4398-AF42-0710D8B7E4DC}.Release|Any CPU.Build.0 = Release|Any CPU
		{31562A86-2DA0-4298-AF70-4B38B7FF8920}.Debug|Any CPU.ActiveCfg = Debug|Any CPU
		{31562A86-2DA0-4298-AF70-4B38B7FF8920}.Debug|Any CPU.Build.0 = Debug|Any CPU
		{31562A86-2DA0-4298-AF70-4B38B7FF8920}.Release|Any CPU.ActiveCfg = Release|Any CPU
		{31562A86-2DA0-4298-AF70-4B38B7FF8920}.Release|Any CPU.Build.0 = Release|Any CPU
		{DFED06A8-4601-42C8-945B-EC19C3864325}.Debug|Any CPU.ActiveCfg = Debug|Any CPU
		{DFED06A8-4601-42C8-945B-EC19C3864325}.Debug|Any CPU.Build.0 = Debug|Any CPU
		{DFED06A8-4601-42C8-945B-EC19C3864325}.Release|Any CPU.ActiveCfg = Release|Any CPU
		{DFED06A8-4601-42C8-945B-EC19C3864325}.Release|Any CPU.Build.0 = Release|Any CPU
		{8ED01A1F-727A-4B71-AC62-0DB693300F22}.Debug|Any CPU.ActiveCfg = Debug|Any CPU
		{8ED01A1F-727A-4B71-AC62-0DB693300F22}.Debug|Any CPU.Build.0 = Debug|Any CPU
		{8ED01A1F-727A-4B71-AC62-0DB693300F22}.Release|Any CPU.ActiveCfg = Release|Any CPU
		{8ED01A1F-727A-4B71-AC62-0DB693300F22}.Release|Any CPU.Build.0 = Release|Any CPU
		{6B91463A-773E-405B-A5B4-7EC587A01880}.Debug|Any CPU.ActiveCfg = Debug|Any CPU
		{6B91463A-773E-405B-A5B4-7EC587A01880}.Debug|Any CPU.Build.0 = Debug|Any CPU
		{6B91463A-773E-405B-A5B4-7EC587A01880}.Release|Any CPU.ActiveCfg = Release|Any CPU
		{6B91463A-773E-405B-A5B4-7EC587A01880}.Release|Any CPU.Build.0 = Release|Any CPU
		{CA3F6052-1D04-4C96-870F-FC402E52DF0F}.Debug|Any CPU.ActiveCfg = Debug|Any CPU
		{CA3F6052-1D04-4C96-870F-FC402E52DF0F}.Debug|Any CPU.Build.0 = Debug|Any CPU
		{CA3F6052-1D04-4C96-870F-FC402E52DF0F}.Release|Any CPU.ActiveCfg = Release|Any CPU
		{CA3F6052-1D04-4C96-870F-FC402E52DF0F}.Release|Any CPU.Build.0 = Release|Any CPU
		{E7F7EB6D-D792-4238-9127-1C59C8048E1F}.Debug|Any CPU.ActiveCfg = Debug|Any CPU
		{E7F7EB6D-D792-4238-9127-1C59C8048E1F}.Debug|Any CPU.Build.0 = Debug|Any CPU
		{E7F7EB6D-D792-4238-9127-1C59C8048E1F}.Release|Any CPU.ActiveCfg = Release|Any CPU
		{E7F7EB6D-D792-4238-9127-1C59C8048E1F}.Release|Any CPU.Build.0 = Release|Any CPU
		{D0F3C316-95D1-42C0-94F6-117AF0EDC6CF}.Debug|Any CPU.ActiveCfg = Debug|Any CPU
		{D0F3C316-95D1-42C0-94F6-117AF0EDC6CF}.Debug|Any CPU.Build.0 = Debug|Any CPU
		{D0F3C316-95D1-42C0-94F6-117AF0EDC6CF}.Release|Any CPU.ActiveCfg = Release|Any CPU
		{D0F3C316-95D1-42C0-94F6-117AF0EDC6CF}.Release|Any CPU.Build.0 = Release|Any CPU
		{3A5B90C0-EAA8-47EC-B43F-66F19DCDE3DE}.Debug|Any CPU.ActiveCfg = Debug|Any CPU
		{3A5B90C0-EAA8-47EC-B43F-66F19DCDE3DE}.Debug|Any CPU.Build.0 = Debug|Any CPU
		{3A5B90C0-EAA8-47EC-B43F-66F19DCDE3DE}.Release|Any CPU.ActiveCfg = Release|Any CPU
		{3A5B90C0-EAA8-47EC-B43F-66F19DCDE3DE}.Release|Any CPU.Build.0 = Release|Any CPU
		{396F214B-0DD1-42F6-81F1-C75234226ECF}.Debug|Any CPU.ActiveCfg = Debug|Any CPU
		{396F214B-0DD1-42F6-81F1-C75234226ECF}.Debug|Any CPU.Build.0 = Debug|Any CPU
		{396F214B-0DD1-42F6-81F1-C75234226ECF}.Release|Any CPU.ActiveCfg = Release|Any CPU
		{396F214B-0DD1-42F6-81F1-C75234226ECF}.Release|Any CPU.Build.0 = Release|Any CPU
		{0D70E8EF-97DB-437F-A74A-BDA2AE531006}.Debug|Any CPU.ActiveCfg = Debug|Any CPU
		{0D70E8EF-97DB-437F-A74A-BDA2AE531006}.Debug|Any CPU.Build.0 = Debug|Any CPU
		{0D70E8EF-97DB-437F-A74A-BDA2AE531006}.Release|Any CPU.ActiveCfg = Release|Any CPU
		{0D70E8EF-97DB-437F-A74A-BDA2AE531006}.Release|Any CPU.Build.0 = Release|Any CPU
		{F17B00DB-48DD-4627-B5E9-1AC7375C79CB}.Debug|Any CPU.ActiveCfg = Debug|Any CPU
		{F17B00DB-48DD-4627-B5E9-1AC7375C79CB}.Debug|Any CPU.Build.0 = Debug|Any CPU
		{F17B00DB-48DD-4627-B5E9-1AC7375C79CB}.Release|Any CPU.ActiveCfg = Release|Any CPU
		{F17B00DB-48DD-4627-B5E9-1AC7375C79CB}.Release|Any CPU.Build.0 = Release|Any CPU
		{2BBA9B19-D1A6-4CA7-852A-677ECEC5ACF1}.Debug|Any CPU.ActiveCfg = Debug|Any CPU
		{2BBA9B19-D1A6-4CA7-852A-677ECEC5ACF1}.Debug|Any CPU.Build.0 = Debug|Any CPU
		{2BBA9B19-D1A6-4CA7-852A-677ECEC5ACF1}.Release|Any CPU.ActiveCfg = Release|Any CPU
		{2BBA9B19-D1A6-4CA7-852A-677ECEC5ACF1}.Release|Any CPU.Build.0 = Release|Any CPU
		{5988D14B-30F5-4D7E-8179-2905AF375420}.Debug|Any CPU.ActiveCfg = Debug|Any CPU
		{5988D14B-30F5-4D7E-8179-2905AF375420}.Debug|Any CPU.Build.0 = Debug|Any CPU
		{5988D14B-30F5-4D7E-8179-2905AF375420}.Release|Any CPU.ActiveCfg = Release|Any CPU
		{5988D14B-30F5-4D7E-8179-2905AF375420}.Release|Any CPU.Build.0 = Release|Any CPU
		{B1219FB1-6623-4B05-9779-1157A55DA90B}.Debug|Any CPU.ActiveCfg = Debug|Any CPU
		{B1219FB1-6623-4B05-9779-1157A55DA90B}.Debug|Any CPU.Build.0 = Debug|Any CPU
		{B1219FB1-6623-4B05-9779-1157A55DA90B}.Release|Any CPU.ActiveCfg = Release|Any CPU
		{B1219FB1-6623-4B05-9779-1157A55DA90B}.Release|Any CPU.Build.0 = Release|Any CPU
		{9B823CA0-EFDA-4A72-83E7-7AF848860227}.Debug|Any CPU.ActiveCfg = Debug|Any CPU
		{9B823CA0-EFDA-4A72-83E7-7AF848860227}.Debug|Any CPU.Build.0 = Debug|Any CPU
		{9B823CA0-EFDA-4A72-83E7-7AF848860227}.Release|Any CPU.ActiveCfg = Release|Any CPU
		{9B823CA0-EFDA-4A72-83E7-7AF848860227}.Release|Any CPU.Build.0 = Release|Any CPU
		{AD380486-D1C0-4066-BC24-00DB11D90650}.Debug|Any CPU.ActiveCfg = Debug|Any CPU
		{AD380486-D1C0-4066-BC24-00DB11D90650}.Debug|Any CPU.Build.0 = Debug|Any CPU
		{AD380486-D1C0-4066-BC24-00DB11D90650}.Release|Any CPU.ActiveCfg = Release|Any CPU
		{AD380486-D1C0-4066-BC24-00DB11D90650}.Release|Any CPU.Build.0 = Release|Any CPU
		{4B5E5465-9326-463A-8243-D93C018DF70D}.Debug|Any CPU.ActiveCfg = Debug|Any CPU
		{4B5E5465-9326-463A-8243-D93C018DF70D}.Debug|Any CPU.Build.0 = Debug|Any CPU
		{4B5E5465-9326-463A-8243-D93C018DF70D}.Release|Any CPU.ActiveCfg = Release|Any CPU
		{4B5E5465-9326-463A-8243-D93C018DF70D}.Release|Any CPU.Build.0 = Release|Any CPU
		{F24E2A06-20CB-4ACE-91F9-93A23D6A10B1}.Debug|Any CPU.ActiveCfg = Debug|Any CPU
		{F24E2A06-20CB-4ACE-91F9-93A23D6A10B1}.Debug|Any CPU.Build.0 = Debug|Any CPU
		{F24E2A06-20CB-4ACE-91F9-93A23D6A10B1}.Release|Any CPU.ActiveCfg = Release|Any CPU
		{F24E2A06-20CB-4ACE-91F9-93A23D6A10B1}.Release|Any CPU.Build.0 = Release|Any CPU
		{44AB0CFB-31FA-48CD-8131-44C0121342C9}.Debug|Any CPU.ActiveCfg = Debug|Any CPU
		{44AB0CFB-31FA-48CD-8131-44C0121342C9}.Debug|Any CPU.Build.0 = Debug|Any CPU
		{44AB0CFB-31FA-48CD-8131-44C0121342C9}.Release|Any CPU.ActiveCfg = Release|Any CPU
		{44AB0CFB-31FA-48CD-8131-44C0121342C9}.Release|Any CPU.Build.0 = Release|Any CPU
		{FACB482C-D935-417D-9189-4839328A9E2E}.Debug|Any CPU.ActiveCfg = Debug|Any CPU
		{FACB482C-D935-417D-9189-4839328A9E2E}.Debug|Any CPU.Build.0 = Debug|Any CPU
		{FACB482C-D935-417D-9189-4839328A9E2E}.Release|Any CPU.ActiveCfg = Release|Any CPU
		{FACB482C-D935-417D-9189-4839328A9E2E}.Release|Any CPU.Build.0 = Release|Any CPU
		{5411A17E-E260-49BF-B116-7E07753B67F5}.Debug|Any CPU.ActiveCfg = Debug|Any CPU
		{5411A17E-E260-49BF-B116-7E07753B67F5}.Debug|Any CPU.Build.0 = Debug|Any CPU
		{5411A17E-E260-49BF-B116-7E07753B67F5}.Release|Any CPU.ActiveCfg = Release|Any CPU
		{5411A17E-E260-49BF-B116-7E07753B67F5}.Release|Any CPU.Build.0 = Release|Any CPU
		{1147DDD6-0816-4AE1-84C4-52C599FD8838}.Debug|Any CPU.ActiveCfg = Debug|Any CPU
		{1147DDD6-0816-4AE1-84C4-52C599FD8838}.Debug|Any CPU.Build.0 = Debug|Any CPU
		{1147DDD6-0816-4AE1-84C4-52C599FD8838}.Release|Any CPU.ActiveCfg = Release|Any CPU
		{1147DDD6-0816-4AE1-84C4-52C599FD8838}.Release|Any CPU.Build.0 = Release|Any CPU
		{27342A1F-D118-4403-A820-A8F840BCD1DB}.Debug|Any CPU.ActiveCfg = Debug|Any CPU
		{27342A1F-D118-4403-A820-A8F840BCD1DB}.Debug|Any CPU.Build.0 = Debug|Any CPU
		{27342A1F-D118-4403-A820-A8F840BCD1DB}.Release|Any CPU.ActiveCfg = Release|Any CPU
		{27342A1F-D118-4403-A820-A8F840BCD1DB}.Release|Any CPU.Build.0 = Release|Any CPU
		{2182D4C9-57D4-435E-A979-7AEF858C227D}.Debug|Any CPU.ActiveCfg = Debug|Any CPU
		{2182D4C9-57D4-435E-A979-7AEF858C227D}.Debug|Any CPU.Build.0 = Debug|Any CPU
		{2182D4C9-57D4-435E-A979-7AEF858C227D}.Release|Any CPU.ActiveCfg = Release|Any CPU
		{2182D4C9-57D4-435E-A979-7AEF858C227D}.Release|Any CPU.Build.0 = Release|Any CPU
		{D659FBDF-F1E1-4906-A258-FE2B2CF9B601}.Debug|Any CPU.ActiveCfg = Debug|Any CPU
		{D659FBDF-F1E1-4906-A258-FE2B2CF9B601}.Debug|Any CPU.Build.0 = Debug|Any CPU
		{D659FBDF-F1E1-4906-A258-FE2B2CF9B601}.Release|Any CPU.ActiveCfg = Release|Any CPU
		{D659FBDF-F1E1-4906-A258-FE2B2CF9B601}.Release|Any CPU.Build.0 = Release|Any CPU
		{6BC96DFD-7BBA-401E-ADB9-5AE02CC34C68}.Debug|Any CPU.ActiveCfg = Debug|Any CPU
		{6BC96DFD-7BBA-401E-ADB9-5AE02CC34C68}.Debug|Any CPU.Build.0 = Debug|Any CPU
		{6BC96DFD-7BBA-401E-ADB9-5AE02CC34C68}.Release|Any CPU.ActiveCfg = Release|Any CPU
		{6BC96DFD-7BBA-401E-ADB9-5AE02CC34C68}.Release|Any CPU.Build.0 = Release|Any CPU
		{E4FBE6D0-8250-4A06-B50C-10419112266B}.Debug|Any CPU.ActiveCfg = Debug|Any CPU
		{E4FBE6D0-8250-4A06-B50C-10419112266B}.Debug|Any CPU.Build.0 = Debug|Any CPU
		{E4FBE6D0-8250-4A06-B50C-10419112266B}.Release|Any CPU.ActiveCfg = Release|Any CPU
		{E4FBE6D0-8250-4A06-B50C-10419112266B}.Release|Any CPU.Build.0 = Release|Any CPU
		{C01BAD5D-ED96-4D19-8BD1-5A6A45B52FA6}.Debug|Any CPU.ActiveCfg = Debug|Any CPU
		{C01BAD5D-ED96-4D19-8BD1-5A6A45B52FA6}.Debug|Any CPU.Build.0 = Debug|Any CPU
		{C01BAD5D-ED96-4D19-8BD1-5A6A45B52FA6}.Release|Any CPU.ActiveCfg = Release|Any CPU
		{C01BAD5D-ED96-4D19-8BD1-5A6A45B52FA6}.Release|Any CPU.Build.0 = Release|Any CPU
		{D7F2C2A0-B85C-4AE7-8BB8-1BFF0DAE90A4}.Debug|Any CPU.ActiveCfg = Debug|Any CPU
		{D7F2C2A0-B85C-4AE7-8BB8-1BFF0DAE90A4}.Debug|Any CPU.Build.0 = Debug|Any CPU
		{D7F2C2A0-B85C-4AE7-8BB8-1BFF0DAE90A4}.Release|Any CPU.ActiveCfg = Release|Any CPU
		{D7F2C2A0-B85C-4AE7-8BB8-1BFF0DAE90A4}.Release|Any CPU.Build.0 = Release|Any CPU
		{C24E0483-E242-4E81-B2F7-BBB4E3A59FCF}.Debug|Any CPU.ActiveCfg = Debug|Any CPU
		{C24E0483-E242-4E81-B2F7-BBB4E3A59FCF}.Debug|Any CPU.Build.0 = Debug|Any CPU
		{C24E0483-E242-4E81-B2F7-BBB4E3A59FCF}.Release|Any CPU.ActiveCfg = Release|Any CPU
		{C24E0483-E242-4E81-B2F7-BBB4E3A59FCF}.Release|Any CPU.Build.0 = Release|Any CPU
		{5DB76976-FB78-47F9-8C37-77E5C4927FE8}.Debug|Any CPU.ActiveCfg = Debug|Any CPU
		{5DB76976-FB78-47F9-8C37-77E5C4927FE8}.Debug|Any CPU.Build.0 = Debug|Any CPU
		{5DB76976-FB78-47F9-8C37-77E5C4927FE8}.Release|Any CPU.ActiveCfg = Release|Any CPU
		{5DB76976-FB78-47F9-8C37-77E5C4927FE8}.Release|Any CPU.Build.0 = Release|Any CPU
		{E0B44CF3-997D-4F9E-994A-F78382663B8B}.Debug|Any CPU.ActiveCfg = Debug|Any CPU
		{E0B44CF3-997D-4F9E-994A-F78382663B8B}.Debug|Any CPU.Build.0 = Debug|Any CPU
		{E0B44CF3-997D-4F9E-994A-F78382663B8B}.Release|Any CPU.ActiveCfg = Release|Any CPU
		{E0B44CF3-997D-4F9E-994A-F78382663B8B}.Release|Any CPU.Build.0 = Release|Any CPU
		{5BF5ED46-7990-4DF6-A43A-B1BF95178AE4}.Debug|Any CPU.ActiveCfg = Debug|Any CPU
		{5BF5ED46-7990-4DF6-A43A-B1BF95178AE4}.Debug|Any CPU.Build.0 = Debug|Any CPU
		{5BF5ED46-7990-4DF6-A43A-B1BF95178AE4}.Release|Any CPU.ActiveCfg = Release|Any CPU
		{5BF5ED46-7990-4DF6-A43A-B1BF95178AE4}.Release|Any CPU.Build.0 = Release|Any CPU
		{D7300C36-D94F-483D-B774-37A82437342C}.Debug|Any CPU.ActiveCfg = Debug|Any CPU
		{D7300C36-D94F-483D-B774-37A82437342C}.Debug|Any CPU.Build.0 = Debug|Any CPU
		{D7300C36-D94F-483D-B774-37A82437342C}.Release|Any CPU.ActiveCfg = Release|Any CPU
		{D7300C36-D94F-483D-B774-37A82437342C}.Release|Any CPU.Build.0 = Release|Any CPU
		{4D066FF8-C5A1-4A94-B2D3-5A6AB74D1868}.Debug|Any CPU.ActiveCfg = Debug|Any CPU
		{4D066FF8-C5A1-4A94-B2D3-5A6AB74D1868}.Debug|Any CPU.Build.0 = Debug|Any CPU
		{4D066FF8-C5A1-4A94-B2D3-5A6AB74D1868}.Release|Any CPU.ActiveCfg = Release|Any CPU
		{4D066FF8-C5A1-4A94-B2D3-5A6AB74D1868}.Release|Any CPU.Build.0 = Release|Any CPU
	EndGlobalSection
	GlobalSection(SolutionProperties) = preSolution
		HideSolutionNode = FALSE
	EndGlobalSection
	GlobalSection(NestedProjects) = preSolution
		{D64BEAEF-6D16-45DB-9E4B-CFFA99B4EBD8} = {36ADB279-082D-49E5-A3D9-5E5F2AB06CFD}
		{A345C83F-CC9A-4CB7-B5F1-4ACAD1573DE8} = {FA64CC00-04C5-40C8-A5D3-71680151DCAA}
		{168DA469-4B76-4DA5-8869-14807251CBEB} = {FA64CC00-04C5-40C8-A5D3-71680151DCAA}
		{059C04A8-72D4-4400-9ECE-73A6B7A18600} = {79F1014F-1845-488E-B814-AFBFB684DCB7}
		{0046CE4F-1348-4DFA-9ED9-DA40632DE088} = {79F1014F-1845-488E-B814-AFBFB684DCB7}
		{FF464888-AB63-4501-9027-8B390A5D71E3} = {D014D994-18E3-4C46-8651-54F44A8A4D66}
		{9DCDC20C-3A53-4ED5-A6FB-C43BD917F61C} = {D014D994-18E3-4C46-8651-54F44A8A4D66}
		{21894E67-69A8-4694-9101-97A70895D6C2} = {86F9DDF4-C03E-4783-BC58-8CFCDA33CD7C}
		{C41A8C18-4832-4C86-BE84-562384878ADA} = {86F9DDF4-C03E-4783-BC58-8CFCDA33CD7C}
		{A04E723C-865B-4E0E-9101-C3B8EAC184F2} = {1AD58431-022A-44F4-AD70-70BB9483AFA0}
		{A39CE432-AEE0-40C7-9439-5C0B7412DD6C} = {1AD58431-022A-44F4-AD70-70BB9483AFA0}
		{42CCDEC4-9085-4E30-93DF-E3674AA885C8} = {F9B4F587-D602-496B-938A-32FB75FF2C16}
		{607BE071-31E4-4C8E-9973-E45B9CDB16ED} = {F9B4F587-D602-496B-938A-32FB75FF2C16}
		{EFC2CD6B-84FC-4F4F-813E-7C15C67BCF3D} = {CEDF8D0B-B321-4430-94A2-0019555334E6}
		{C2996D23-9420-45DA-A0B3-50F3400DC1F2} = {CEDF8D0B-B321-4430-94A2-0019555334E6}
		{76872AD8-EDC6-411A-9A61-3A2384574000} = {D657D236-51D8-4E36-860F-C4A535820F19}
		{86949200-923B-402C-9FC2-6C1E770C3E80} = {D657D236-51D8-4E36-860F-C4A535820F19}
		{6877B7F5-77CA-4D90-8E89-66324B33DF7D} = {1025E5E4-92A1-4D51-935A-3BFED1B6D6D6}
		{338227DD-1048-4CD1-91E3-3AB9CDEF365D} = {1025E5E4-92A1-4D51-935A-3BFED1B6D6D6}
		{9F8BF348-64F9-4FA3-B20D-E4B029FE4519} = {0FB53035-FB80-4E09-86F5-A7FA3959267E}
		{54CB5FF9-7960-415B-AD1B-C0E5E7928E91} = {0FB53035-FB80-4E09-86F5-A7FA3959267E}
		{E6CC1978-14BA-463E-A1C2-E6BB0DE72388} = {0062FB68-D326-43CA-8B51-6159DE71C80D}
		{1FDF9B29-B211-401F-9B05-97DB1AE453D4} = {0062FB68-D326-43CA-8B51-6159DE71C80D}
		{B0F6181A-6E42-4F56-A5FE-F311989F39AD} = {A9CEE961-5133-4D1F-9A85-E654C63369B2}
		{C8F6AD4F-745D-418D-BA92-C01EDE4BA545} = {A9CEE961-5133-4D1F-9A85-E654C63369B2}
		{3F45DF26-60EB-4E1A-9874-05D7F3718D64} = {3D4D4F8F-EBA1-46F4-A875-7582825E6951}
		{BEDC67A9-7F0E-4459-8500-614903620096} = {3D4D4F8F-EBA1-46F4-A875-7582825E6951}
		{E759C6F0-979D-49E0-9F52-14DA1E2B4ACC} = {78FD0C22-987F-4B5D-BF3B-8BDE685BB8E6}
		{488B4BD1-83BC-49FD-95EA-07FB3B5F0201} = {78FD0C22-987F-4B5D-BF3B-8BDE685BB8E6}
		{1B5E353C-9A23-41E6-8A30-91DA964F649A} = {5B4E5F4A-5A74-419A-8F9B-6184B1F985D7}
		{422EC596-A57A-4613-9975-F9E7C2B8EBF4} = {5B4E5F4A-5A74-419A-8F9B-6184B1F985D7}
		{DE8368E8-6EA9-4398-AF42-0710D8B7E4DC} = {135D4F98-FD2F-4660-B5D8-90C729578EF9}
		{31562A86-2DA0-4298-AF70-4B38B7FF8920} = {135D4F98-FD2F-4660-B5D8-90C729578EF9}
		{DFED06A8-4601-42C8-945B-EC19C3864325} = {68814016-C537-40E7-8CD9-0ECC2C7B68A4}
		{8ED01A1F-727A-4B71-AC62-0DB693300F22} = {68814016-C537-40E7-8CD9-0ECC2C7B68A4}
		{6B91463A-773E-405B-A5B4-7EC587A01880} = {C5951DF4-7AAC-42A4-95C1-4D1424CBBB47}
		{CA3F6052-1D04-4C96-870F-FC402E52DF0F} = {C5951DF4-7AAC-42A4-95C1-4D1424CBBB47}
		{E7F7EB6D-D792-4238-9127-1C59C8048E1F} = {8007694A-F7A4-4A54-B4C7-A55EBAC91875}
		{D0F3C316-95D1-42C0-94F6-117AF0EDC6CF} = {8007694A-F7A4-4A54-B4C7-A55EBAC91875}
		{3A5B90C0-EAA8-47EC-B43F-66F19DCDE3DE} = {63AE538C-8ECA-4099-8624-55C78BEE9C42}
		{396F214B-0DD1-42F6-81F1-C75234226ECF} = {63AE538C-8ECA-4099-8624-55C78BEE9C42}
		{0D70E8EF-97DB-437F-A74A-BDA2AE531006} = {CFE699EA-3B9A-4425-B6A2-04EBE0890F43}
		{F17B00DB-48DD-4627-B5E9-1AC7375C79CB} = {CFE699EA-3B9A-4425-B6A2-04EBE0890F43}
		{2BBA9B19-D1A6-4CA7-852A-677ECEC5ACF1} = {B381A1A5-1EF3-42F6-9711-E810930738A3}
		{5988D14B-30F5-4D7E-8179-2905AF375420} = {B381A1A5-1EF3-42F6-9711-E810930738A3}
		{B1219FB1-6623-4B05-9779-1157A55DA90B} = {B13F1F35-C322-48FE-BEA6-4F3D6492118E}
		{9B823CA0-EFDA-4A72-83E7-7AF848860227} = {B13F1F35-C322-48FE-BEA6-4F3D6492118E}
		{AD380486-D1C0-4066-BC24-00DB11D90650} = {3EDE0FC4-3AE5-4F9C-983E-7671FB27FFE3}
		{4B5E5465-9326-463A-8243-D93C018DF70D} = {3EDE0FC4-3AE5-4F9C-983E-7671FB27FFE3}
		{F24E2A06-20CB-4ACE-91F9-93A23D6A10B1} = {23070723-2F06-4086-A1A6-B072E5364B00}
		{44AB0CFB-31FA-48CD-8131-44C0121342C9} = {23070723-2F06-4086-A1A6-B072E5364B00}
		{FACB482C-D935-417D-9189-4839328A9E2E} = {B4F6C2AE-7627-400A-B2A0-81FCFC960567}
		{5411A17E-E260-49BF-B116-7E07753B67F5} = {B4F6C2AE-7627-400A-B2A0-81FCFC960567}
		{1147DDD6-0816-4AE1-84C4-52C599FD8838} = {64FC585C-56BC-476E-B6D8-A822944B33BA}
		{27342A1F-D118-4403-A820-A8F840BCD1DB} = {64FC585C-56BC-476E-B6D8-A822944B33BA}
		{2182D4C9-57D4-435E-A979-7AEF858C227D} = {FF354F8D-F9A5-4508-B7FB-F2E4C2F0E967}
		{D659FBDF-F1E1-4906-A258-FE2B2CF9B601} = {FF354F8D-F9A5-4508-B7FB-F2E4C2F0E967}
		{6BC96DFD-7BBA-401E-ADB9-5AE02CC34C68} = {BDE0D3F9-21F1-4537-946E-1CBE3D59632D}
		{E4FBE6D0-8250-4A06-B50C-10419112266B} = {BDE0D3F9-21F1-4537-946E-1CBE3D59632D}
		{C01BAD5D-ED96-4D19-8BD1-5A6A45B52FA6} = {DBC84CB9-E230-45CC-B963-8BE73133340C}
		{D7F2C2A0-B85C-4AE7-8BB8-1BFF0DAE90A4} = {DBC84CB9-E230-45CC-B963-8BE73133340C}
		{C24E0483-E242-4E81-B2F7-BBB4E3A59FCF} = {A953080A-CE07-48E2-BF46-D5B67BE7A58E}
		{5DB76976-FB78-47F9-8C37-77E5C4927FE8} = {A953080A-CE07-48E2-BF46-D5B67BE7A58E}
		{E0B44CF3-997D-4F9E-994A-F78382663B8B} = {A4763CD2-C265-4450-B001-ABC200A6E66E}
		{5BF5ED46-7990-4DF6-A43A-B1BF95178AE4} = {A4763CD2-C265-4450-B001-ABC200A6E66E}
		{D7300C36-D94F-483D-B774-37A82437342C} = {7549D90F-FC1C-4C17-802B-1FF57FED9258}
		{4D066FF8-C5A1-4A94-B2D3-5A6AB74D1868} = {7549D90F-FC1C-4C17-802B-1FF57FED9258}
	EndGlobalSection
	GlobalSection(ExtensibilityGlobals) = postSolution
		SolutionGuid = {95E8F4B7-8CA3-463A-AE9F-30098F52C41D}
	EndGlobalSection
EndGlobal
