
Microsoft Visual Studio Solution File, Format Version 12.00
# Visual Studio Version 16
VisualStudioVersion = 16.0.29709.97
MinimumVisualStudioVersion = 10.0.40219.1
Project("{2150E333-8FDC-42A3-9474-1A3956D46DE8}") = "Hello World", "Hello World", "{F9D84BFA-B844-4B3A-B0CA-E5543CEE611A}"
EndProject
Project("{9A19103F-16F7-4668-BE54-9A1E7A4F7556}") = "HelloWorld", "Hello World\HelloWorld.csproj", "{741E09FB-7B89-400E-BF1F-C348BFB661FB}"
EndProject
Project("{2150E333-8FDC-42A3-9474-1A3956D46DE8}") = "Common Uses", "Common Uses", "{69F3CBE3-9726-433C-92DC-584746A40893}"
EndProject
Project("{9A19103F-16F7-4668-BE54-9A1E7A4F7556}") = "Convert", "Common Uses\Convert\Convert.csproj", "{7A1F9806-79AC-4E48-BFCD-6273AD21A654}"
EndProject
Project("{9A19103F-16F7-4668-BE54-9A1E7A4F7556}") = "Load", "Common Uses\Load\Load.csproj", "{1C6B67C6-5045-40C0-9119-E696E7C1E36A}"
EndProject
Project("{9A19103F-16F7-4668-BE54-9A1E7A4F7556}") = "Receive", "Common Uses\Receive\Receive.csproj", "{5A4F95BA-FC9F-4C10-8B18-25FDA4298568}"
EndProject
Project("{9A19103F-16F7-4668-BE54-9A1E7A4F7556}") = "Reply", "Common Uses\Reply\Reply.csproj", "{770001C7-28B1-462E-9CAA-1CF68C74C264}"
EndProject
Project("{9A19103F-16F7-4668-BE54-9A1E7A4F7556}") = "Save", "Common Uses\Save\Save.csproj", "{6CA85833-881B-4686-9F36-71071CC734ED}"
EndProject
Project("{9A19103F-16F7-4668-BE54-9A1E7A4F7556}") = "Send", "Common Uses\Send\Send.csproj", "{2AF14504-3203-49FF-9DC6-5321EA36DF2B}"
EndProject
Project("{2150E333-8FDC-42A3-9474-1A3956D46DE8}") = "Mail Message", "Mail Message", "{8531B511-3A70-4445-AB98-13885546A050}"
EndProject
Project("{9A19103F-16F7-4668-BE54-9A1E7A4F7556}") = "CreateMessage", "Mail Message\Create Message\CreateMessage.csproj", "{BAF9A70A-EE63-4986-8D37-210769DFC6F9}"
EndProject
Project("{9A19103F-16F7-4668-BE54-9A1E7A4F7556}") = "Headers", "Mail Message\Headers\Headers.csproj", "{1F14A3C3-910B-4B80-A3EF-63EB42AB52CB}"
EndProject
Project("{9A19103F-16F7-4668-BE54-9A1E7A4F7556}") = "HtmlWithAttachment", "Mail Message\Html With Attachment\HtmlWithAttachment.csproj", "{5C283452-1BA1-4AE3-864F-227EA1EE505A}"
EndProject
Project("{9A19103F-16F7-4668-BE54-9A1E7A4F7556}") = "Mbox", "Mail Message\Mbox\Mbox.csproj", "{97E79AD6-129D-4D2C-B03F-FBBC7226A099}"
EndProject
Project("{2150E333-8FDC-42A3-9474-1A3956D46DE8}") = "POP", "POP", "{A50B8559-8AA8-4F6D-87CF-E80C901C4108}"
EndProject
Project("{9A19103F-16F7-4668-BE54-9A1E7A4F7556}") = "Connect", "POP\Connect\Connect.csproj", "{F6AD9FE0-2AFF-498A-83AD-C81C609623C4}"
EndProject
Project("{9A19103F-16F7-4668-BE54-9A1E7A4F7556}") = "ListMessages", "POP\List Messages\ListMessages.csproj", "{8BAAE48D-AA86-4624-9308-70E7FDF92FC9}"
EndProject
Project("{9A19103F-16F7-4668-BE54-9A1E7A4F7556}") = "MailboxInfo", "POP\Mailbox Info\MailboxInfo.csproj", "{717BC13A-DECB-4B72-930C-C8B322833D1F}"
EndProject
Project("{9A19103F-16F7-4668-BE54-9A1E7A4F7556}") = "MessageHeaders", "POP\Message Headers\MessageHeaders.csproj", "{2062EC0A-3BC2-4AEE-8D42-841F2CD0D781}"
EndProject
Project("{9A19103F-16F7-4668-BE54-9A1E7A4F7556}") = "SSLCertificateValidation", "POP\SSL Certificate Validation\SSLCertificateValidation.csproj", "{650A3E7B-E4DD-41DA-882D-D2689F2E630A}"
EndProject
Project("{2150E333-8FDC-42A3-9474-1A3956D46DE8}") = "IMAP", "IMAP", "{168BAD0F-EE78-41E9-A225-267FA8DC4E36}"
EndProject
Project("{9A19103F-16F7-4668-BE54-9A1E7A4F7556}") = "Connect", "IMAP\Connect\Connect.csproj", "{ECBDDEE6-EA87-47A8-95AE-081067FF2F64}"
EndProject
Project("{9A19103F-16F7-4668-BE54-9A1E7A4F7556}") = "FolderFlags", "IMAP\Folder Flags\FolderFlags.csproj", "{55F5EE22-C70C-479F-B788-2B3189E5BD42}"
EndProject
Project("{9A19103F-16F7-4668-BE54-9A1E7A4F7556}") = "Folders", "IMAP\Folders\Folders.csproj", "{7BB813AD-730B-4F3F-8AE5-4C1C8712664E}"
EndProject
Project("{9A19103F-16F7-4668-BE54-9A1E7A4F7556}") = "ListMessages", "IMAP\List Messages\ListMessages.csproj", "{30EFF3D9-3557-42B7-9954-082B4B13A48D}"
EndProject
Project("{9A19103F-16F7-4668-BE54-9A1E7A4F7556}") = "MessageFlags", "IMAP\Message Flags\MessageFlags.csproj", "{226BD2EA-A414-45CF-A0D8-B257C2A2BFF0}"
EndProject
Project("{9A19103F-16F7-4668-BE54-9A1E7A4F7556}") = "MessageHeaders", "IMAP\Message Headers\MessageHeaders.csproj", "{C2428A6A-06D2-464E-8680-5F89EF11071F}"
EndProject
Project("{9A19103F-16F7-4668-BE54-9A1E7A4F7556}") = "Search", "IMAP\Search\Search.csproj", "{9D74CAD7-9835-4DCE-999E-3033C08340D2}"
EndProject
Project("{9A19103F-16F7-4668-BE54-9A1E7A4F7556}") = "SSLCertificateValidation", "IMAP\SSL Certificate Validation\SSLCertificateValidation.csproj", "{738D3DF0-D198-4423-8141-8120AB30CAD7}"
EndProject
Project("{2150E333-8FDC-42A3-9474-1A3956D46DE8}") = "SMTP", "SMTP", "{5EC5FD82-3735-4829-AB59-E405CB33EE4C}"
EndProject
Project("{9A19103F-16F7-4668-BE54-9A1E7A4F7556}") = "Connect", "SMTP\Connect\Connect.csproj", "{1095053A-0BB5-4EC2-B204-E6E1417B42E8}"
EndProject
Project("{9A19103F-16F7-4668-BE54-9A1E7A4F7556}") = "MassMessages", "SMTP\Mass Messages\MassMessages.csproj", "{98E6C300-CB7B-46D7-8D33-B12F38BBD1C3}"
EndProject
Project("{9A19103F-16F7-4668-BE54-9A1E7A4F7556}") = "SSLCertificateValidation", "SMTP\SSL Certificate Validation\SSLCertificateValidation.csproj", "{43D8D9F9-0FC8-499A-AEEA-577AA5373198}"
EndProject
Project("{2150E333-8FDC-42A3-9474-1A3956D46DE8}") = "Exchange", "Exchange", "{8AD8720D-EDFF-495B-9F02-01B9BB1DFB50}"
EndProject
Project("{9A19103F-16F7-4668-BE54-9A1E7A4F7556}") = "Folders", "Exchange\Folders\Folders.csproj", "{424AE8B5-27D2-4C78-A164-48AB36FBD8EF}"
EndProject
Project("{9A19103F-16F7-4668-BE54-9A1E7A4F7556}") = "Messages", "Exchange\Messages\Messages.csproj", "{B657601F-B020-4926-B0BB-0AF8D5D2C714}"
EndProject
Project("{9A19103F-16F7-4668-BE54-9A1E7A4F7556}") = "SendMessage", "Exchange\Send Message\SendMessage.csproj", "{CFD8014F-F554-4DA7-8B74-9D9AC40B1935}"
EndProject
Project("{2150E333-8FDC-42A3-9474-1A3956D46DE8}") = "Mail Merge", "Mail Merge", "{765C4070-B856-454C-A80D-18CC95CEC969}"
EndProject
Project("{9A19103F-16F7-4668-BE54-9A1E7A4F7556}") = "DataTableSource", "Mail Merge\Data Table Source\DataTableSource.csproj", "{31C4A8F0-E969-4A56-AC28-955AD31C0069}"
EndProject
Project("{9A19103F-16F7-4668-BE54-9A1E7A4F7556}") = "ObjectSource", "Mail Merge\Object Source\ObjectSource.csproj", "{56B03AC9-733B-47EC-A532-E0C311F7D0C5}"
EndProject
Project("{2150E333-8FDC-42A3-9474-1A3956D46DE8}") = "Calendar", "Calendar", "{6190A07A-B4F6-49E7-91F8-034ED50129FE}"
EndProject
Project("{9A19103F-16F7-4668-BE54-9A1E7A4F7556}") = "AddToMessage", "Calendar\Add To Message\AddToMessage.csproj", "{2A6292FD-A7A1-4441-9671-74696FC28030}"
EndProject
Project("{9A19103F-16F7-4668-BE54-9A1E7A4F7556}") = "CreateAndSave", "Calendar\Create And Save\CreateAndSave.csproj", "{B26F55DB-8AC0-43A6-87C2-8769A10284D5}"
EndProject
Project("{9A19103F-16F7-4668-BE54-9A1E7A4F7556}") = "Load", "Calendar\Load\Load.csproj", "{A4952008-927D-4D4D-9797-FAEC276F0D1B}"
EndProject
Project("{2150E333-8FDC-42A3-9474-1A3956D46DE8}") = "Mail Address Validation", "Mail Address Validation", "{F581C004-ABE6-4393-853F-CE3AA66929A7}"
EndProject
Project("{9A19103F-16F7-4668-BE54-9A1E7A4F7556}") = "MailAddressValidation", "Mail Address Validation\MailAddressValidation.csproj", "{BF263E37-0814-45C7-BFFB-F4FFD973AF45}"
EndProject
Project("{2150E333-8FDC-42A3-9474-1A3956D46DE8}") = "ASP.NET Core", "ASP.NET Core", "{3B20C1AD-705C-4AE9-85FC-2770D0459395}"
EndProject
Project("{9A19103F-16F7-4668-BE54-9A1E7A4F7556}") = "EmailCore", "ASP.NET Core\EmailCore.csproj", "{C4257D9B-C8C1-4526-A259-EDFAF084FBBE}"
EndProject
Project("{9A19103F-16F7-4668-BE54-9A1E7A4F7556}") = "PDFExport", "Common Uses\PDFExport\PDFExport.csproj", "{5DC69257-6F08-4A97-8D5A-95C69DBE267A}"
EndProject
Project("{9A19103F-16F7-4668-BE54-9A1E7A4F7556}") = "WordImport", "Common Uses\WordImport\WordImport.csproj", "{F403849F-A4A0-4E98-93BA-A60F646ADED2}"
EndProject
Project("{9A19103F-16F7-4668-BE54-9A1E7A4F7556}") = "OAuth", "Common Uses\OAuth\OAuth.csproj", "{F8D5CB61-9D3A-4966-A895-A09E9D2BB2F3}"
EndProject
Global
	GlobalSection(SolutionConfigurationPlatforms) = preSolution
		Debug|Any CPU = Debug|Any CPU
		Release|Any CPU = Release|Any CPU
	EndGlobalSection
	GlobalSection(ProjectConfigurationPlatforms) = postSolution
		{741E09FB-7B89-400E-BF1F-C348BFB661FB}.Debug|Any CPU.ActiveCfg = Debug|Any CPU
		{741E09FB-7B89-400E-BF1F-C348BFB661FB}.Debug|Any CPU.Build.0 = Debug|Any CPU
		{741E09FB-7B89-400E-BF1F-C348BFB661FB}.Release|Any CPU.ActiveCfg = Release|Any CPU
		{741E09FB-7B89-400E-BF1F-C348BFB661FB}.Release|Any CPU.Build.0 = Release|Any CPU
		{7A1F9806-79AC-4E48-BFCD-6273AD21A654}.Debug|Any CPU.ActiveCfg = Debug|Any CPU
		{7A1F9806-79AC-4E48-BFCD-6273AD21A654}.Debug|Any CPU.Build.0 = Debug|Any CPU
		{7A1F9806-79AC-4E48-BFCD-6273AD21A654}.Release|Any CPU.ActiveCfg = Release|Any CPU
		{7A1F9806-79AC-4E48-BFCD-6273AD21A654}.Release|Any CPU.Build.0 = Release|Any CPU
		{1C6B67C6-5045-40C0-9119-E696E7C1E36A}.Debug|Any CPU.ActiveCfg = Debug|Any CPU
		{1C6B67C6-5045-40C0-9119-E696E7C1E36A}.Debug|Any CPU.Build.0 = Debug|Any CPU
		{1C6B67C6-5045-40C0-9119-E696E7C1E36A}.Release|Any CPU.ActiveCfg = Release|Any CPU
		{1C6B67C6-5045-40C0-9119-E696E7C1E36A}.Release|Any CPU.Build.0 = Release|Any CPU
		{5A4F95BA-FC9F-4C10-8B18-25FDA4298568}.Debug|Any CPU.ActiveCfg = Debug|Any CPU
		{5A4F95BA-FC9F-4C10-8B18-25FDA4298568}.Debug|Any CPU.Build.0 = Debug|Any CPU
		{5A4F95BA-FC9F-4C10-8B18-25FDA4298568}.Release|Any CPU.ActiveCfg = Release|Any CPU
		{5A4F95BA-FC9F-4C10-8B18-25FDA4298568}.Release|Any CPU.Build.0 = Release|Any CPU
		{770001C7-28B1-462E-9CAA-1CF68C74C264}.Debug|Any CPU.ActiveCfg = Debug|Any CPU
		{770001C7-28B1-462E-9CAA-1CF68C74C264}.Debug|Any CPU.Build.0 = Debug|Any CPU
		{770001C7-28B1-462E-9CAA-1CF68C74C264}.Release|Any CPU.ActiveCfg = Release|Any CPU
		{770001C7-28B1-462E-9CAA-1CF68C74C264}.Release|Any CPU.Build.0 = Release|Any CPU
		{6CA85833-881B-4686-9F36-71071CC734ED}.Debug|Any CPU.ActiveCfg = Debug|Any CPU
		{6CA85833-881B-4686-9F36-71071CC734ED}.Debug|Any CPU.Build.0 = Debug|Any CPU
		{6CA85833-881B-4686-9F36-71071CC734ED}.Release|Any CPU.ActiveCfg = Release|Any CPU
		{6CA85833-881B-4686-9F36-71071CC734ED}.Release|Any CPU.Build.0 = Release|Any CPU
		{2AF14504-3203-49FF-9DC6-5321EA36DF2B}.Debug|Any CPU.ActiveCfg = Debug|Any CPU
		{2AF14504-3203-49FF-9DC6-5321EA36DF2B}.Debug|Any CPU.Build.0 = Debug|Any CPU
		{2AF14504-3203-49FF-9DC6-5321EA36DF2B}.Release|Any CPU.ActiveCfg = Release|Any CPU
		{2AF14504-3203-49FF-9DC6-5321EA36DF2B}.Release|Any CPU.Build.0 = Release|Any CPU
		{BAF9A70A-EE63-4986-8D37-210769DFC6F9}.Debug|Any CPU.ActiveCfg = Debug|Any CPU
		{BAF9A70A-EE63-4986-8D37-210769DFC6F9}.Debug|Any CPU.Build.0 = Debug|Any CPU
		{BAF9A70A-EE63-4986-8D37-210769DFC6F9}.Release|Any CPU.ActiveCfg = Release|Any CPU
		{BAF9A70A-EE63-4986-8D37-210769DFC6F9}.Release|Any CPU.Build.0 = Release|Any CPU
		{1F14A3C3-910B-4B80-A3EF-63EB42AB52CB}.Debug|Any CPU.ActiveCfg = Debug|Any CPU
		{1F14A3C3-910B-4B80-A3EF-63EB42AB52CB}.Debug|Any CPU.Build.0 = Debug|Any CPU
		{1F14A3C3-910B-4B80-A3EF-63EB42AB52CB}.Release|Any CPU.ActiveCfg = Release|Any CPU
		{1F14A3C3-910B-4B80-A3EF-63EB42AB52CB}.Release|Any CPU.Build.0 = Release|Any CPU
		{5C283452-1BA1-4AE3-864F-227EA1EE505A}.Debug|Any CPU.ActiveCfg = Debug|Any CPU
		{5C283452-1BA1-4AE3-864F-227EA1EE505A}.Debug|Any CPU.Build.0 = Debug|Any CPU
		{5C283452-1BA1-4AE3-864F-227EA1EE505A}.Release|Any CPU.ActiveCfg = Release|Any CPU
		{5C283452-1BA1-4AE3-864F-227EA1EE505A}.Release|Any CPU.Build.0 = Release|Any CPU
		{97E79AD6-129D-4D2C-B03F-FBBC7226A099}.Debug|Any CPU.ActiveCfg = Debug|Any CPU
		{97E79AD6-129D-4D2C-B03F-FBBC7226A099}.Debug|Any CPU.Build.0 = Debug|Any CPU
		{97E79AD6-129D-4D2C-B03F-FBBC7226A099}.Release|Any CPU.ActiveCfg = Release|Any CPU
		{97E79AD6-129D-4D2C-B03F-FBBC7226A099}.Release|Any CPU.Build.0 = Release|Any CPU
		{F6AD9FE0-2AFF-498A-83AD-C81C609623C4}.Debug|Any CPU.ActiveCfg = Debug|Any CPU
		{F6AD9FE0-2AFF-498A-83AD-C81C609623C4}.Debug|Any CPU.Build.0 = Debug|Any CPU
		{F6AD9FE0-2AFF-498A-83AD-C81C609623C4}.Release|Any CPU.ActiveCfg = Release|Any CPU
		{F6AD9FE0-2AFF-498A-83AD-C81C609623C4}.Release|Any CPU.Build.0 = Release|Any CPU
		{8BAAE48D-AA86-4624-9308-70E7FDF92FC9}.Debug|Any CPU.ActiveCfg = Debug|Any CPU
		{8BAAE48D-AA86-4624-9308-70E7FDF92FC9}.Debug|Any CPU.Build.0 = Debug|Any CPU
		{8BAAE48D-AA86-4624-9308-70E7FDF92FC9}.Release|Any CPU.ActiveCfg = Release|Any CPU
		{8BAAE48D-AA86-4624-9308-70E7FDF92FC9}.Release|Any CPU.Build.0 = Release|Any CPU
		{717BC13A-DECB-4B72-930C-C8B322833D1F}.Debug|Any CPU.ActiveCfg = Debug|Any CPU
		{717BC13A-DECB-4B72-930C-C8B322833D1F}.Debug|Any CPU.Build.0 = Debug|Any CPU
		{717BC13A-DECB-4B72-930C-C8B322833D1F}.Release|Any CPU.ActiveCfg = Release|Any CPU
		{717BC13A-DECB-4B72-930C-C8B322833D1F}.Release|Any CPU.Build.0 = Release|Any CPU
		{2062EC0A-3BC2-4AEE-8D42-841F2CD0D781}.Debug|Any CPU.ActiveCfg = Debug|Any CPU
		{2062EC0A-3BC2-4AEE-8D42-841F2CD0D781}.Debug|Any CPU.Build.0 = Debug|Any CPU
		{2062EC0A-3BC2-4AEE-8D42-841F2CD0D781}.Release|Any CPU.ActiveCfg = Release|Any CPU
		{2062EC0A-3BC2-4AEE-8D42-841F2CD0D781}.Release|Any CPU.Build.0 = Release|Any CPU
		{650A3E7B-E4DD-41DA-882D-D2689F2E630A}.Debug|Any CPU.ActiveCfg = Debug|Any CPU
		{650A3E7B-E4DD-41DA-882D-D2689F2E630A}.Debug|Any CPU.Build.0 = Debug|Any CPU
		{650A3E7B-E4DD-41DA-882D-D2689F2E630A}.Release|Any CPU.ActiveCfg = Release|Any CPU
		{650A3E7B-E4DD-41DA-882D-D2689F2E630A}.Release|Any CPU.Build.0 = Release|Any CPU
		{ECBDDEE6-EA87-47A8-95AE-081067FF2F64}.Debug|Any CPU.ActiveCfg = Debug|Any CPU
		{ECBDDEE6-EA87-47A8-95AE-081067FF2F64}.Debug|Any CPU.Build.0 = Debug|Any CPU
		{ECBDDEE6-EA87-47A8-95AE-081067FF2F64}.Release|Any CPU.ActiveCfg = Release|Any CPU
		{ECBDDEE6-EA87-47A8-95AE-081067FF2F64}.Release|Any CPU.Build.0 = Release|Any CPU
		{55F5EE22-C70C-479F-B788-2B3189E5BD42}.Debug|Any CPU.ActiveCfg = Debug|Any CPU
		{55F5EE22-C70C-479F-B788-2B3189E5BD42}.Debug|Any CPU.Build.0 = Debug|Any CPU
		{55F5EE22-C70C-479F-B788-2B3189E5BD42}.Release|Any CPU.ActiveCfg = Release|Any CPU
		{55F5EE22-C70C-479F-B788-2B3189E5BD42}.Release|Any CPU.Build.0 = Release|Any CPU
		{7BB813AD-730B-4F3F-8AE5-4C1C8712664E}.Debug|Any CPU.ActiveCfg = Debug|Any CPU
		{7BB813AD-730B-4F3F-8AE5-4C1C8712664E}.Debug|Any CPU.Build.0 = Debug|Any CPU
		{7BB813AD-730B-4F3F-8AE5-4C1C8712664E}.Release|Any CPU.ActiveCfg = Release|Any CPU
		{7BB813AD-730B-4F3F-8AE5-4C1C8712664E}.Release|Any CPU.Build.0 = Release|Any CPU
		{30EFF3D9-3557-42B7-9954-082B4B13A48D}.Debug|Any CPU.ActiveCfg = Debug|Any CPU
		{30EFF3D9-3557-42B7-9954-082B4B13A48D}.Debug|Any CPU.Build.0 = Debug|Any CPU
		{30EFF3D9-3557-42B7-9954-082B4B13A48D}.Release|Any CPU.ActiveCfg = Release|Any CPU
		{30EFF3D9-3557-42B7-9954-082B4B13A48D}.Release|Any CPU.Build.0 = Release|Any CPU
		{226BD2EA-A414-45CF-A0D8-B257C2A2BFF0}.Debug|Any CPU.ActiveCfg = Debug|Any CPU
		{226BD2EA-A414-45CF-A0D8-B257C2A2BFF0}.Debug|Any CPU.Build.0 = Debug|Any CPU
		{226BD2EA-A414-45CF-A0D8-B257C2A2BFF0}.Release|Any CPU.ActiveCfg = Release|Any CPU
		{226BD2EA-A414-45CF-A0D8-B257C2A2BFF0}.Release|Any CPU.Build.0 = Release|Any CPU
		{C2428A6A-06D2-464E-8680-5F89EF11071F}.Debug|Any CPU.ActiveCfg = Debug|Any CPU
		{C2428A6A-06D2-464E-8680-5F89EF11071F}.Debug|Any CPU.Build.0 = Debug|Any CPU
		{C2428A6A-06D2-464E-8680-5F89EF11071F}.Release|Any CPU.ActiveCfg = Release|Any CPU
		{C2428A6A-06D2-464E-8680-5F89EF11071F}.Release|Any CPU.Build.0 = Release|Any CPU
		{9D74CAD7-9835-4DCE-999E-3033C08340D2}.Debug|Any CPU.ActiveCfg = Debug|Any CPU
		{9D74CAD7-9835-4DCE-999E-3033C08340D2}.Debug|Any CPU.Build.0 = Debug|Any CPU
		{9D74CAD7-9835-4DCE-999E-3033C08340D2}.Release|Any CPU.ActiveCfg = Release|Any CPU
		{9D74CAD7-9835-4DCE-999E-3033C08340D2}.Release|Any CPU.Build.0 = Release|Any CPU
		{738D3DF0-D198-4423-8141-8120AB30CAD7}.Debug|Any CPU.ActiveCfg = Debug|Any CPU
		{738D3DF0-D198-4423-8141-8120AB30CAD7}.Debug|Any CPU.Build.0 = Debug|Any CPU
		{738D3DF0-D198-4423-8141-8120AB30CAD7}.Release|Any CPU.ActiveCfg = Release|Any CPU
		{738D3DF0-D198-4423-8141-8120AB30CAD7}.Release|Any CPU.Build.0 = Release|Any CPU
		{1095053A-0BB5-4EC2-B204-E6E1417B42E8}.Debug|Any CPU.ActiveCfg = Debug|Any CPU
		{1095053A-0BB5-4EC2-B204-E6E1417B42E8}.Debug|Any CPU.Build.0 = Debug|Any CPU
		{1095053A-0BB5-4EC2-B204-E6E1417B42E8}.Release|Any CPU.ActiveCfg = Release|Any CPU
		{1095053A-0BB5-4EC2-B204-E6E1417B42E8}.Release|Any CPU.Build.0 = Release|Any CPU
		{98E6C300-CB7B-46D7-8D33-B12F38BBD1C3}.Debug|Any CPU.ActiveCfg = Debug|Any CPU
		{98E6C300-CB7B-46D7-8D33-B12F38BBD1C3}.Debug|Any CPU.Build.0 = Debug|Any CPU
		{98E6C300-CB7B-46D7-8D33-B12F38BBD1C3}.Release|Any CPU.ActiveCfg = Release|Any CPU
		{98E6C300-CB7B-46D7-8D33-B12F38BBD1C3}.Release|Any CPU.Build.0 = Release|Any CPU
		{43D8D9F9-0FC8-499A-AEEA-577AA5373198}.Debug|Any CPU.ActiveCfg = Debug|Any CPU
		{43D8D9F9-0FC8-499A-AEEA-577AA5373198}.Debug|Any CPU.Build.0 = Debug|Any CPU
		{43D8D9F9-0FC8-499A-AEEA-577AA5373198}.Release|Any CPU.ActiveCfg = Release|Any CPU
		{43D8D9F9-0FC8-499A-AEEA-577AA5373198}.Release|Any CPU.Build.0 = Release|Any CPU
		{424AE8B5-27D2-4C78-A164-48AB36FBD8EF}.Debug|Any CPU.ActiveCfg = Debug|Any CPU
		{424AE8B5-27D2-4C78-A164-48AB36FBD8EF}.Debug|Any CPU.Build.0 = Debug|Any CPU
		{424AE8B5-27D2-4C78-A164-48AB36FBD8EF}.Release|Any CPU.ActiveCfg = Release|Any CPU
		{424AE8B5-27D2-4C78-A164-48AB36FBD8EF}.Release|Any CPU.Build.0 = Release|Any CPU
		{B657601F-B020-4926-B0BB-0AF8D5D2C714}.Debug|Any CPU.ActiveCfg = Debug|Any CPU
		{B657601F-B020-4926-B0BB-0AF8D5D2C714}.Debug|Any CPU.Build.0 = Debug|Any CPU
		{B657601F-B020-4926-B0BB-0AF8D5D2C714}.Release|Any CPU.ActiveCfg = Release|Any CPU
		{B657601F-B020-4926-B0BB-0AF8D5D2C714}.Release|Any CPU.Build.0 = Release|Any CPU
		{CFD8014F-F554-4DA7-8B74-9D9AC40B1935}.Debug|Any CPU.ActiveCfg = Debug|Any CPU
		{CFD8014F-F554-4DA7-8B74-9D9AC40B1935}.Debug|Any CPU.Build.0 = Debug|Any CPU
		{CFD8014F-F554-4DA7-8B74-9D9AC40B1935}.Release|Any CPU.ActiveCfg = Release|Any CPU
		{CFD8014F-F554-4DA7-8B74-9D9AC40B1935}.Release|Any CPU.Build.0 = Release|Any CPU
		{31C4A8F0-E969-4A56-AC28-955AD31C0069}.Debug|Any CPU.ActiveCfg = Debug|Any CPU
		{31C4A8F0-E969-4A56-AC28-955AD31C0069}.Debug|Any CPU.Build.0 = Debug|Any CPU
		{31C4A8F0-E969-4A56-AC28-955AD31C0069}.Release|Any CPU.ActiveCfg = Release|Any CPU
		{31C4A8F0-E969-4A56-AC28-955AD31C0069}.Release|Any CPU.Build.0 = Release|Any CPU
		{56B03AC9-733B-47EC-A532-E0C311F7D0C5}.Debug|Any CPU.ActiveCfg = Debug|Any CPU
		{56B03AC9-733B-47EC-A532-E0C311F7D0C5}.Debug|Any CPU.Build.0 = Debug|Any CPU
		{56B03AC9-733B-47EC-A532-E0C311F7D0C5}.Release|Any CPU.ActiveCfg = Release|Any CPU
		{56B03AC9-733B-47EC-A532-E0C311F7D0C5}.Release|Any CPU.Build.0 = Release|Any CPU
		{2A6292FD-A7A1-4441-9671-74696FC28030}.Debug|Any CPU.ActiveCfg = Debug|Any CPU
		{2A6292FD-A7A1-4441-9671-74696FC28030}.Debug|Any CPU.Build.0 = Debug|Any CPU
		{2A6292FD-A7A1-4441-9671-74696FC28030}.Release|Any CPU.ActiveCfg = Release|Any CPU
		{2A6292FD-A7A1-4441-9671-74696FC28030}.Release|Any CPU.Build.0 = Release|Any CPU
		{B26F55DB-8AC0-43A6-87C2-8769A10284D5}.Debug|Any CPU.ActiveCfg = Debug|Any CPU
		{B26F55DB-8AC0-43A6-87C2-8769A10284D5}.Debug|Any CPU.Build.0 = Debug|Any CPU
		{B26F55DB-8AC0-43A6-87C2-8769A10284D5}.Release|Any CPU.ActiveCfg = Release|Any CPU
		{B26F55DB-8AC0-43A6-87C2-8769A10284D5}.Release|Any CPU.Build.0 = Release|Any CPU
		{A4952008-927D-4D4D-9797-FAEC276F0D1B}.Debug|Any CPU.ActiveCfg = Debug|Any CPU
		{A4952008-927D-4D4D-9797-FAEC276F0D1B}.Debug|Any CPU.Build.0 = Debug|Any CPU
		{A4952008-927D-4D4D-9797-FAEC276F0D1B}.Release|Any CPU.ActiveCfg = Release|Any CPU
		{A4952008-927D-4D4D-9797-FAEC276F0D1B}.Release|Any CPU.Build.0 = Release|Any CPU
		{BF263E37-0814-45C7-BFFB-F4FFD973AF45}.Debug|Any CPU.ActiveCfg = Debug|Any CPU
		{BF263E37-0814-45C7-BFFB-F4FFD973AF45}.Debug|Any CPU.Build.0 = Debug|Any CPU
		{BF263E37-0814-45C7-BFFB-F4FFD973AF45}.Release|Any CPU.ActiveCfg = Release|Any CPU
		{BF263E37-0814-45C7-BFFB-F4FFD973AF45}.Release|Any CPU.Build.0 = Release|Any CPU
		{C4257D9B-C8C1-4526-A259-EDFAF084FBBE}.Debug|Any CPU.ActiveCfg = Debug|Any CPU
		{C4257D9B-C8C1-4526-A259-EDFAF084FBBE}.Debug|Any CPU.Build.0 = Debug|Any CPU
		{C4257D9B-C8C1-4526-A259-EDFAF084FBBE}.Release|Any CPU.ActiveCfg = Release|Any CPU
		{C4257D9B-C8C1-4526-A259-EDFAF084FBBE}.Release|Any CPU.Build.0 = Release|Any CPU
		{5DC69257-6F08-4A97-8D5A-95C69DBE267A}.Debug|Any CPU.ActiveCfg = Debug|Any CPU
		{5DC69257-6F08-4A97-8D5A-95C69DBE267A}.Debug|Any CPU.Build.0 = Debug|Any CPU
		{5DC69257-6F08-4A97-8D5A-95C69DBE267A}.Release|Any CPU.ActiveCfg = Release|Any CPU
		{5DC69257-6F08-4A97-8D5A-95C69DBE267A}.Release|Any CPU.Build.0 = Release|Any CPU
		{F403849F-A4A0-4E98-93BA-A60F646ADED2}.Debug|Any CPU.ActiveCfg = Debug|Any CPU
		{F403849F-A4A0-4E98-93BA-A60F646ADED2}.Debug|Any CPU.Build.0 = Debug|Any CPU
		{F403849F-A4A0-4E98-93BA-A60F646ADED2}.Release|Any CPU.ActiveCfg = Release|Any CPU
		{F403849F-A4A0-4E98-93BA-A60F646ADED2}.Release|Any CPU.Build.0 = Release|Any CPU
		{F8D5CB61-9D3A-4966-A895-A09E9D2BB2F3}.Debug|Any CPU.ActiveCfg = Debug|Any CPU
		{F8D5CB61-9D3A-4966-A895-A09E9D2BB2F3}.Debug|Any CPU.Build.0 = Debug|Any CPU
		{F8D5CB61-9D3A-4966-A895-A09E9D2BB2F3}.Release|Any CPU.ActiveCfg = Release|Any CPU
		{F8D5CB61-9D3A-4966-A895-A09E9D2BB2F3}.Release|Any CPU.Build.0 = Release|Any CPU
	EndGlobalSection
	GlobalSection(SolutionProperties) = preSolution
		HideSolutionNode = FALSE
	EndGlobalSection
	GlobalSection(NestedProjects) = preSolution
		{741E09FB-7B89-400E-BF1F-C348BFB661FB} = {F9D84BFA-B844-4B3A-B0CA-E5543CEE611A}
		{7A1F9806-79AC-4E48-BFCD-6273AD21A654} = {69F3CBE3-9726-433C-92DC-584746A40893}
		{1C6B67C6-5045-40C0-9119-E696E7C1E36A} = {69F3CBE3-9726-433C-92DC-584746A40893}
		{5A4F95BA-FC9F-4C10-8B18-25FDA4298568} = {69F3CBE3-9726-433C-92DC-584746A40893}
		{770001C7-28B1-462E-9CAA-1CF68C74C264} = {69F3CBE3-9726-433C-92DC-584746A40893}
		{6CA85833-881B-4686-9F36-71071CC734ED} = {69F3CBE3-9726-433C-92DC-584746A40893}
		{2AF14504-3203-49FF-9DC6-5321EA36DF2B} = {69F3CBE3-9726-433C-92DC-584746A40893}
		{BAF9A70A-EE63-4986-8D37-210769DFC6F9} = {8531B511-3A70-4445-AB98-13885546A050}
		{1F14A3C3-910B-4B80-A3EF-63EB42AB52CB} = {8531B511-3A70-4445-AB98-13885546A050}
		{5C283452-1BA1-4AE3-864F-227EA1EE505A} = {8531B511-3A70-4445-AB98-13885546A050}
		{97E79AD6-129D-4D2C-B03F-FBBC7226A099} = {8531B511-3A70-4445-AB98-13885546A050}
		{F6AD9FE0-2AFF-498A-83AD-C81C609623C4} = {A50B8559-8AA8-4F6D-87CF-E80C901C4108}
		{8BAAE48D-AA86-4624-9308-70E7FDF92FC9} = {A50B8559-8AA8-4F6D-87CF-E80C901C4108}
		{717BC13A-DECB-4B72-930C-C8B322833D1F} = {A50B8559-8AA8-4F6D-87CF-E80C901C4108}
		{2062EC0A-3BC2-4AEE-8D42-841F2CD0D781} = {A50B8559-8AA8-4F6D-87CF-E80C901C4108}
		{650A3E7B-E4DD-41DA-882D-D2689F2E630A} = {A50B8559-8AA8-4F6D-87CF-E80C901C4108}
		{ECBDDEE6-EA87-47A8-95AE-081067FF2F64} = {168BAD0F-EE78-41E9-A225-267FA8DC4E36}
		{55F5EE22-C70C-479F-B788-2B3189E5BD42} = {168BAD0F-EE78-41E9-A225-267FA8DC4E36}
		{7BB813AD-730B-4F3F-8AE5-4C1C8712664E} = {168BAD0F-EE78-41E9-A225-267FA8DC4E36}
		{30EFF3D9-3557-42B7-9954-082B4B13A48D} = {168BAD0F-EE78-41E9-A225-267FA8DC4E36}
		{226BD2EA-A414-45CF-A0D8-B257C2A2BFF0} = {168BAD0F-EE78-41E9-A225-267FA8DC4E36}
		{C2428A6A-06D2-464E-8680-5F89EF11071F} = {168BAD0F-EE78-41E9-A225-267FA8DC4E36}
		{9D74CAD7-9835-4DCE-999E-3033C08340D2} = {168BAD0F-EE78-41E9-A225-267FA8DC4E36}
		{738D3DF0-D198-4423-8141-8120AB30CAD7} = {168BAD0F-EE78-41E9-A225-267FA8DC4E36}
		{1095053A-0BB5-4EC2-B204-E6E1417B42E8} = {5EC5FD82-3735-4829-AB59-E405CB33EE4C}
		{98E6C300-CB7B-46D7-8D33-B12F38BBD1C3} = {5EC5FD82-3735-4829-AB59-E405CB33EE4C}
		{43D8D9F9-0FC8-499A-AEEA-577AA5373198} = {5EC5FD82-3735-4829-AB59-E405CB33EE4C}
		{424AE8B5-27D2-4C78-A164-48AB36FBD8EF} = {8AD8720D-EDFF-495B-9F02-01B9BB1DFB50}
		{B657601F-B020-4926-B0BB-0AF8D5D2C714} = {8AD8720D-EDFF-495B-9F02-01B9BB1DFB50}
		{CFD8014F-F554-4DA7-8B74-9D9AC40B1935} = {8AD8720D-EDFF-495B-9F02-01B9BB1DFB50}
		{31C4A8F0-E969-4A56-AC28-955AD31C0069} = {765C4070-B856-454C-A80D-18CC95CEC969}
		{56B03AC9-733B-47EC-A532-E0C311F7D0C5} = {765C4070-B856-454C-A80D-18CC95CEC969}
		{2A6292FD-A7A1-4441-9671-74696FC28030} = {6190A07A-B4F6-49E7-91F8-034ED50129FE}
		{B26F55DB-8AC0-43A6-87C2-8769A10284D5} = {6190A07A-B4F6-49E7-91F8-034ED50129FE}
		{A4952008-927D-4D4D-9797-FAEC276F0D1B} = {6190A07A-B4F6-49E7-91F8-034ED50129FE}
		{BF263E37-0814-45C7-BFFB-F4FFD973AF45} = {F581C004-ABE6-4393-853F-CE3AA66929A7}
		{C4257D9B-C8C1-4526-A259-EDFAF084FBBE} = {3B20C1AD-705C-4AE9-85FC-2770D0459395}
		{5DC69257-6F08-4A97-8D5A-95C69DBE267A} = {69F3CBE3-9726-433C-92DC-584746A40893}
		{F403849F-A4A0-4E98-93BA-A60F646ADED2} = {69F3CBE3-9726-433C-92DC-584746A40893}
		{F8D5CB61-9D3A-4966-A895-A09E9D2BB2F3} = {69F3CBE3-9726-433C-92DC-584746A40893}
	EndGlobalSection
	GlobalSection(ExtensibilityGlobals) = postSolution
		SolutionGuid = {43489891-3B2E-4982-9C00-2EEFB438F5A7}
	EndGlobalSection
EndGlobal
