
Microsoft Visual Studio Solution File, Format Version 12.00
# Visual Studio Version 17
VisualStudioVersion = 17.3.32804.467
MinimumVisualStudioVersion = 10.0.40219.1
Project("{2150E333-8FDC-42A3-9474-1A3956D46DE8}") = "Calendar", "Calendar", "{BDAC5287-B654-453D-A052-930228FA2A8D}"
EndProject
Project("{2150E333-8FDC-42A3-9474-1A3956D46DE8}") = "Exchange", "Exchange", "{3EE85BDF-A7D5-4989-A2F8-FECEFEFA7F85}"
EndProject
Project("{2150E333-8FDC-42A3-9474-1A3956D46DE8}") = "Features", "Features", "{E064FCE5-C21A-4CF9-9BF3-5103A940564E}"
EndProject
Project("{2150E333-8FDC-42A3-9474-1A3956D46DE8}") = "IMAP", "IMAP", "{61E303C4-D526-465E-BFD4-3B9858144BD9}"
EndProject
Project("{2150E333-8FDC-42A3-9474-1A3956D46DE8}") = "Introduction", "Introduction", "{2AFCAE27-8309-49F5-B320-8682344F933B}"
EndProject
Project("{2150E333-8FDC-42A3-9474-1A3956D46DE8}") = "Platforms", "Platforms", "{D78E3ABB-194B-4BB5-9E1E-108517EDB0DC}"
EndProject
Project("{2150E333-8FDC-42A3-9474-1A3956D46DE8}") = "POP", "POP", "{469A875A-FFFF-461A-AF2E-1EB101679A85}"
EndProject
Project("{2150E333-8FDC-42A3-9474-1A3956D46DE8}") = "SMTP", "SMTP", "{9B19881C-9E0C-499F-8802-110821BD59D5}"
EndProject
Project("{9A19103F-16F7-4668-BE54-9A1E7A4F7556}") = "GettingStarted", "Introduction\Getting Started\GettingStarted.csproj", "{B53DCA6A-DCCD-4A70-B7C0-8E0DD05CAB78}"
EndProject
Project("{9A19103F-16F7-4668-BE54-9A1E7A4F7556}") = "Converting", "Introduction\Converting\Converting.csproj", "{ACB5E3AC-2664-47B2-937E-2424A2EE9258}"
EndProject
Project("{9A19103F-16F7-4668-BE54-9A1E7A4F7556}") = "Loading", "Introduction\Loading\Loading.csproj", "{3168F5FF-175A-4948-AFDA-726ED8DE9A1C}"
EndProject
Project("{9A19103F-16F7-4668-BE54-9A1E7A4F7556}") = "OAuth2", "Introduction\OAuth 2\OAuth2.csproj", "{999DC45E-2941-4C6E-A20E-F6960906207F}"
EndProject
Project("{9A19103F-16F7-4668-BE54-9A1E7A4F7556}") = "Receiving", "Introduction\Receiving\Receiving.csproj", "{940227F0-A7DB-4FAA-9363-6DCD9228EE24}"
EndProject
Project("{9A19103F-16F7-4668-BE54-9A1E7A4F7556}") = "ReplyingAndForwarding", "Introduction\Replying and Forwarding\ReplyingAndForwarding.csproj", "{4F054C9E-FF90-48B7-BBA7-77BAC0BFCF65}"
EndProject
Project("{9A19103F-16F7-4668-BE54-9A1E7A4F7556}") = "Saving", "Introduction\Saving\Saving.csproj", "{F0DE0483-5AE4-446A-93E9-1509F08E8363}"
EndProject
Project("{9A19103F-16F7-4668-BE54-9A1E7A4F7556}") = "Sending", "Introduction\Sending\Sending.csproj", "{BC1E5E7A-BEE1-42A0-A6BD-A98DBB51CE21}"
EndProject
Project("{9A19103F-16F7-4668-BE54-9A1E7A4F7556}") = "AddingToMessage", "Calendar\Adding to Message\AddingToMessage.csproj", "{D5D019B7-3273-4408-B9F6-ED5DF3938E8C}"
EndProject
Project("{9A19103F-16F7-4668-BE54-9A1E7A4F7556}") = "Loading", "Calendar\Loading\Loading.csproj", "{162CEA78-FD43-491C-9B1B-F36845B9FAC5}"
EndProject
Project("{9A19103F-16F7-4668-BE54-9A1E7A4F7556}") = "Saving", "Calendar\Saving\Saving.csproj", "{6D274C1E-34DC-40AE-982D-2BC1D940943D}"
EndProject
Project("{9A19103F-16F7-4668-BE54-9A1E7A4F7556}") = "ListingFolders", "Exchange\Listing Folders\ListingFolders.csproj", "{BF1C39DC-6A00-4262-A3BA-D1D7B651CDD1}"
EndProject
Project("{9A19103F-16F7-4668-BE54-9A1E7A4F7556}") = "ListingMessages", "Exchange\Listing Messages\ListingMessages.csproj", "{F84C7DE1-C7D5-4BC6-8099-C0A0520DB76A}"
EndProject
Project("{9A19103F-16F7-4668-BE54-9A1E7A4F7556}") = "SearchingMessages", "Exchange\Searching Messages\SearchingMessages.csproj", "{29684D10-4772-4FD4-A2F4-1B3868807658}"
EndProject
Project("{9A19103F-16F7-4668-BE54-9A1E7A4F7556}") = "SendingMessages", "Exchange\Sending Messages\SendingMessages.csproj", "{E4D17654-C951-4280-987D-2C9FC51F2EF7}"
EndProject
Project("{9A19103F-16F7-4668-BE54-9A1E7A4F7556}") = "CreatingMessages", "Features\Creating Messages\CreatingMessages.csproj", "{1A8E6765-41B1-4318-8788-FF927AA8BF02}"
EndProject
Project("{9A19103F-16F7-4668-BE54-9A1E7A4F7556}") = "EmailAddressValidation", "Features\Email Address Validation\EmailAddressValidation.csproj", "{285ACDDD-9334-4B0D-B575-554E3942DFCE}"
EndProject
Project("{9A19103F-16F7-4668-BE54-9A1E7A4F7556}") = "ExportingToPdf", "Features\Exporting to PDF\ExportingToPdf.csproj", "{E67F61C1-1A0D-4C16-8730-7D81B56C48B1}"
EndProject
Project("{9A19103F-16F7-4668-BE54-9A1E7A4F7556}") = "Headers", "Features\Headers\Headers.csproj", "{0E1B3D72-F9F8-4B64-B7DB-ED711C12B105}"
EndProject
Project("{9A19103F-16F7-4668-BE54-9A1E7A4F7556}") = "HtmlWithAttachment", "Features\HTML with Attachment\HtmlWithAttachment.csproj", "{5DBB2179-B9E9-40F3-AC8A-19DD612E5393}"
EndProject
Project("{9A19103F-16F7-4668-BE54-9A1E7A4F7556}") = "ImportingWordFiles", "Features\Importing Word Files\ImportingWordFiles.csproj", "{29E939F7-4F7C-488B-B477-21328F0D44C0}"
EndProject
Project("{9A19103F-16F7-4668-BE54-9A1E7A4F7556}") = "MailMerge", "Features\Mail Merge\MailMerge.csproj", "{B7927D86-4BA9-46F9-A9B8-E8C51C3A0CF8}"
EndProject
Project("{9A19103F-16F7-4668-BE54-9A1E7A4F7556}") = "Mbox", "Features\Mbox\Mbox.csproj", "{49D49C0E-814C-4548-A63B-D23CEEC1EA0B}"
EndProject
Project("{9A19103F-16F7-4668-BE54-9A1E7A4F7556}") = "Smime", "Features\SMIME\Smime.csproj", "{9DB15B1A-B2A1-40F3-92A5-AE814A362886}"
EndProject
Project("{9A19103F-16F7-4668-BE54-9A1E7A4F7556}") = "Connecting", "IMAP\Connecting\Connecting.csproj", "{57BBB85A-A554-48A4-A653-B6E7B7088F06}"
EndProject
Project("{9A19103F-16F7-4668-BE54-9A1E7A4F7556}") = "ListingEmailFolders", "IMAP\Listing Email Folders\ListingEmailFolders.csproj", "{2D794DD9-8DC1-4A96-91B3-3B43600361EE}"
EndProject
Project("{9A19103F-16F7-4668-BE54-9A1E7A4F7556}") = "ListingFolderFlags", "IMAP\Listing Folder Flags\ListingFolderFlags.csproj", "{E52787D9-3615-41B2-8A6E-CAB51B339252}"
EndProject
Project("{9A19103F-16F7-4668-BE54-9A1E7A4F7556}") = "ListingMessages", "IMAP\Listing Messages\ListingMessages.csproj", "{00C18B3A-6E11-4E4A-8D45-49F387D556F8}"
EndProject
Project("{9A19103F-16F7-4668-BE54-9A1E7A4F7556}") = "MessageFlags", "IMAP\Message Flags\MessageFlags.csproj", "{FFB24043-9A95-4A16-965E-931D7145DC6C}"
EndProject
Project("{9A19103F-16F7-4668-BE54-9A1E7A4F7556}") = "MessageHeaders", "IMAP\Message Headers\MessageHeaders.csproj", "{C3AAD5D5-654A-4FFA-99AD-7CB283E75E41}"
EndProject
Project("{9A19103F-16F7-4668-BE54-9A1E7A4F7556}") = "SearchingMessages", "IMAP\Searching Messages\SearchingMessages.csproj", "{A05FDC89-5A74-49F7-9D0D-6627ED36C2D2}"
EndProject
Project("{9A19103F-16F7-4668-BE54-9A1E7A4F7556}") = "SslCertificateValidation", "IMAP\SSL Certificate Validation\SslCertificateValidation.csproj", "{5BA02C46-438E-4069-AF74-EA0B23EAC7D9}"
EndProject
Project("{9A19103F-16F7-4668-BE54-9A1E7A4F7556}") = "UsingIdleMode", "IMAP\Using Idle Mode\UsingIdleMode.csproj", "{874E7BA7-0F26-41AE-AB1B-78FECF9B431E}"
EndProject
Project("{9A19103F-16F7-4668-BE54-9A1E7A4F7556}") = "Connecting", "SMTP\Connecting\Connecting.csproj", "{4BC1FCFA-5B10-42EE-8A77-7F56AB3A19DD}"
EndProject
Project("{9A19103F-16F7-4668-BE54-9A1E7A4F7556}") = "SendingMassMessages", "SMTP\Sending Mass Messages\SendingMassMessages.csproj", "{9F0BBB60-D280-4D94-860C-6D2BA79F6901}"
EndProject
Project("{9A19103F-16F7-4668-BE54-9A1E7A4F7556}") = "SslCertificateValidation", "SMTP\SSL Certificate Validation\SslCertificateValidation.csproj", "{B19B2EDF-EE34-4858-921D-30F26CAFF22C}"
EndProject
Project("{9A19103F-16F7-4668-BE54-9A1E7A4F7556}") = "Connecting", "POP\Connecting\Connecting.csproj", "{5EC34270-C962-4965-BE1C-7C13972CC47E}"
EndProject
Project("{9A19103F-16F7-4668-BE54-9A1E7A4F7556}") = "GettingMailboxInfo", "POP\Getting Mailbox Info\GettingMailboxInfo.csproj", "{14FA35A1-799C-42BA-8859-0B7751D49255}"
EndProject
Project("{9A19103F-16F7-4668-BE54-9A1E7A4F7556}") = "ListingMessages", "POP\Listing Messages\ListingMessages.csproj", "{1AA25A52-07ED-44F4-B7F8-AAE5EFA8A0EB}"
EndProject
Project("{9A19103F-16F7-4668-BE54-9A1E7A4F7556}") = "MessageHeaders", "POP\Message Headers\MessageHeaders.csproj", "{F9DFEF70-214C-4DEA-B8E6-5C0A65F32994}"
EndProject
Project("{9A19103F-16F7-4668-BE54-9A1E7A4F7556}") = "SslCertificateValidation", "POP\SSL Certificate Validation\SslCertificateValidation.csproj", "{699A20B5-E49C-431D-BF54-348BADBD677F}"
EndProject
Project("{9A19103F-16F7-4668-BE54-9A1E7A4F7556}") = "AspNetCoreMvc", "Platforms\ASP.NET Core\MVC\AspNetCoreMvc.csproj", "{E28391F1-078A-491D-BD63-B007C3FD8F5E}"
EndProject
Project("{9A19103F-16F7-4668-BE54-9A1E7A4F7556}") = "AspNetCoreRazorPages", "Platforms\ASP.NET Core\Razor Pages\AspNetCoreRazorPages.csproj", "{3FEBF72C-CA89-4788-B3D5-391901C4CDCF}"
EndProject
Project("{9A19103F-16F7-4668-BE54-9A1E7A4F7556}") = "BlazorServerApp", "Platforms\Blazor\Server App\BlazorServerApp.csproj", "{68C19AE1-F681-45A7-8748-C0D5CEAB6F68}"
EndProject
Project("{9A19103F-16F7-4668-BE54-9A1E7A4F7556}") = "BlazorWebAssemblyApp", "Platforms\Blazor\WebAssembly App\BlazorWebAssemblyApp.csproj", "{057E49A1-4DD8-4538-A91C-5412B3906616}"
EndProject
Project("{9A19103F-16F7-4668-BE54-9A1E7A4F7556}") = "EmailMaui", "Platforms\MAUI\EmailMaui.csproj", "{FBA713D3-B03A-4F69-946D-B9F2BDC95C07}"
EndProject
Project("{2150E333-8FDC-42A3-9474-1A3956D46DE8}") = "Microsoft Graph", "Microsoft Graph", "{985900B0-594B-4F58-A2B8-59A0CB99F8B8}"
EndProject
Project("{9A19103F-16F7-4668-BE54-9A1E7A4F7556}") = "SearchingMessages", "Microsoft Graph\Searching Messages\SearchingMessages.csproj", "{86848B37-65FE-41DD-8A08-B52C47676839}"
EndProject
Project("{9A19103F-16F7-4668-BE54-9A1E7A4F7556}") = "ListingMessages", "Microsoft Graph\Listing Messages\ListingMessages.csproj", "{AD498A54-5FED-4624-A412-0A2829FD2903}"
EndProject
Project("{9A19103F-16F7-4668-BE54-9A1E7A4F7556}") = "ListingFolders", "Microsoft Graph\Listing Folders\ListingFolders.csproj", "{CFF33BA9-352B-42A7-A515-115BF6B3835E}"
EndProject
Project("{9A19103F-16F7-4668-BE54-9A1E7A4F7556}") = "SendingMessages", "Microsoft Graph\Sending Messages\SendingMessages.csproj", "{6C35C0CA-6C3C-4D09-99AF-B936AABD7AF4}"
EndProject
Project("{FAE04EC0-301F-11D3-BF4B-00C04F79EFBC}") = "UploadingMessages", "IMAP\Uploading Messages\UploadingMessages.csproj", "{8278A317-00BC-9DC3-47BF-438B459BA395}"
EndProject
Project("{FAE04EC0-301F-11D3-BF4B-00C04F79EFBC}") = "UploadingMessages", "Exchange\Uploading Messages\UploadingMessages.csproj", "{64423CF6-4B3E-F5EE-EBC1-E0CE4FB8D655}"
EndProject
Project("{FAE04EC0-301F-11D3-BF4B-00C04F79EFBC}") = "UploadingMessages", "Microsoft Graph\Uploading Messages\UploadingMessages.csproj", "{A2C2E54F-441A-B56A-F618-F74F3A44A4CF}"
EndProject
Global
	GlobalSection(SolutionConfigurationPlatforms) = preSolution
		Debug|Any CPU = Debug|Any CPU
		Release|Any CPU = Release|Any CPU
	EndGlobalSection
	GlobalSection(ProjectConfigurationPlatforms) = postSolution
		{B53DCA6A-DCCD-4A70-B7C0-8E0DD05CAB78}.Debug|Any CPU.ActiveCfg = Debug|Any CPU
		{B53DCA6A-DCCD-4A70-B7C0-8E0DD05CAB78}.Debug|Any CPU.Build.0 = Debug|Any CPU
		{B53DCA6A-DCCD-4A70-B7C0-8E0DD05CAB78}.Release|Any CPU.ActiveCfg = Release|Any CPU
		{B53DCA6A-DCCD-4A70-B7C0-8E0DD05CAB78}.Release|Any CPU.Build.0 = Release|Any CPU
		{ACB5E3AC-2664-47B2-937E-2424A2EE9258}.Debug|Any CPU.ActiveCfg = Debug|Any CPU
		{ACB5E3AC-2664-47B2-937E-2424A2EE9258}.Debug|Any CPU.Build.0 = Debug|Any CPU
		{ACB5E3AC-2664-47B2-937E-2424A2EE9258}.Release|Any CPU.ActiveCfg = Release|Any CPU
		{ACB5E3AC-2664-47B2-937E-2424A2EE9258}.Release|Any CPU.Build.0 = Release|Any CPU
		{3168F5FF-175A-4948-AFDA-726ED8DE9A1C}.Debug|Any CPU.ActiveCfg = Debug|Any CPU
		{3168F5FF-175A-4948-AFDA-726ED8DE9A1C}.Debug|Any CPU.Build.0 = Debug|Any CPU
		{3168F5FF-175A-4948-AFDA-726ED8DE9A1C}.Release|Any CPU.ActiveCfg = Release|Any CPU
		{3168F5FF-175A-4948-AFDA-726ED8DE9A1C}.Release|Any CPU.Build.0 = Release|Any CPU
		{999DC45E-2941-4C6E-A20E-F6960906207F}.Debug|Any CPU.ActiveCfg = Debug|Any CPU
		{999DC45E-2941-4C6E-A20E-F6960906207F}.Debug|Any CPU.Build.0 = Debug|Any CPU
		{999DC45E-2941-4C6E-A20E-F6960906207F}.Release|Any CPU.ActiveCfg = Release|Any CPU
		{999DC45E-2941-4C6E-A20E-F6960906207F}.Release|Any CPU.Build.0 = Release|Any CPU
		{940227F0-A7DB-4FAA-9363-6DCD9228EE24}.Debug|Any CPU.ActiveCfg = Debug|Any CPU
		{940227F0-A7DB-4FAA-9363-6DCD9228EE24}.Debug|Any CPU.Build.0 = Debug|Any CPU
		{940227F0-A7DB-4FAA-9363-6DCD9228EE24}.Release|Any CPU.ActiveCfg = Release|Any CPU
		{940227F0-A7DB-4FAA-9363-6DCD9228EE24}.Release|Any CPU.Build.0 = Release|Any CPU
		{4F054C9E-FF90-48B7-BBA7-77BAC0BFCF65}.Debug|Any CPU.ActiveCfg = Debug|Any CPU
		{4F054C9E-FF90-48B7-BBA7-77BAC0BFCF65}.Debug|Any CPU.Build.0 = Debug|Any CPU
		{4F054C9E-FF90-48B7-BBA7-77BAC0BFCF65}.Release|Any CPU.ActiveCfg = Release|Any CPU
		{4F054C9E-FF90-48B7-BBA7-77BAC0BFCF65}.Release|Any CPU.Build.0 = Release|Any CPU
		{F0DE0483-5AE4-446A-93E9-1509F08E8363}.Debug|Any CPU.ActiveCfg = Debug|Any CPU
		{F0DE0483-5AE4-446A-93E9-1509F08E8363}.Debug|Any CPU.Build.0 = Debug|Any CPU
		{F0DE0483-5AE4-446A-93E9-1509F08E8363}.Release|Any CPU.ActiveCfg = Release|Any CPU
		{F0DE0483-5AE4-446A-93E9-1509F08E8363}.Release|Any CPU.Build.0 = Release|Any CPU
		{BC1E5E7A-BEE1-42A0-A6BD-A98DBB51CE21}.Debug|Any CPU.ActiveCfg = Debug|Any CPU
		{BC1E5E7A-BEE1-42A0-A6BD-A98DBB51CE21}.Debug|Any CPU.Build.0 = Debug|Any CPU
		{BC1E5E7A-BEE1-42A0-A6BD-A98DBB51CE21}.Release|Any CPU.ActiveCfg = Release|Any CPU
		{BC1E5E7A-BEE1-42A0-A6BD-A98DBB51CE21}.Release|Any CPU.Build.0 = Release|Any CPU
		{D5D019B7-3273-4408-B9F6-ED5DF3938E8C}.Debug|Any CPU.ActiveCfg = Debug|Any CPU
		{D5D019B7-3273-4408-B9F6-ED5DF3938E8C}.Debug|Any CPU.Build.0 = Debug|Any CPU
		{D5D019B7-3273-4408-B9F6-ED5DF3938E8C}.Release|Any CPU.ActiveCfg = Release|Any CPU
		{D5D019B7-3273-4408-B9F6-ED5DF3938E8C}.Release|Any CPU.Build.0 = Release|Any CPU
		{162CEA78-FD43-491C-9B1B-F36845B9FAC5}.Debug|Any CPU.ActiveCfg = Debug|Any CPU
		{162CEA78-FD43-491C-9B1B-F36845B9FAC5}.Debug|Any CPU.Build.0 = Debug|Any CPU
		{162CEA78-FD43-491C-9B1B-F36845B9FAC5}.Release|Any CPU.ActiveCfg = Release|Any CPU
		{162CEA78-FD43-491C-9B1B-F36845B9FAC5}.Release|Any CPU.Build.0 = Release|Any CPU
		{6D274C1E-34DC-40AE-982D-2BC1D940943D}.Debug|Any CPU.ActiveCfg = Debug|Any CPU
		{6D274C1E-34DC-40AE-982D-2BC1D940943D}.Debug|Any CPU.Build.0 = Debug|Any CPU
		{6D274C1E-34DC-40AE-982D-2BC1D940943D}.Release|Any CPU.ActiveCfg = Release|Any CPU
		{6D274C1E-34DC-40AE-982D-2BC1D940943D}.Release|Any CPU.Build.0 = Release|Any CPU
		{BF1C39DC-6A00-4262-A3BA-D1D7B651CDD1}.Debug|Any CPU.ActiveCfg = Debug|Any CPU
		{BF1C39DC-6A00-4262-A3BA-D1D7B651CDD1}.Debug|Any CPU.Build.0 = Debug|Any CPU
		{BF1C39DC-6A00-4262-A3BA-D1D7B651CDD1}.Release|Any CPU.ActiveCfg = Release|Any CPU
		{BF1C39DC-6A00-4262-A3BA-D1D7B651CDD1}.Release|Any CPU.Build.0 = Release|Any CPU
		{F84C7DE1-C7D5-4BC6-8099-C0A0520DB76A}.Debug|Any CPU.ActiveCfg = Debug|Any CPU
		{F84C7DE1-C7D5-4BC6-8099-C0A0520DB76A}.Debug|Any CPU.Build.0 = Debug|Any CPU
		{F84C7DE1-C7D5-4BC6-8099-C0A0520DB76A}.Release|Any CPU.ActiveCfg = Release|Any CPU
		{F84C7DE1-C7D5-4BC6-8099-C0A0520DB76A}.Release|Any CPU.Build.0 = Release|Any CPU
		{29684D10-4772-4FD4-A2F4-1B3868807658}.Debug|Any CPU.ActiveCfg = Debug|Any CPU
		{29684D10-4772-4FD4-A2F4-1B3868807658}.Debug|Any CPU.Build.0 = Debug|Any CPU
		{29684D10-4772-4FD4-A2F4-1B3868807658}.Release|Any CPU.ActiveCfg = Release|Any CPU
		{29684D10-4772-4FD4-A2F4-1B3868807658}.Release|Any CPU.Build.0 = Release|Any CPU
		{E4D17654-C951-4280-987D-2C9FC51F2EF7}.Debug|Any CPU.ActiveCfg = Debug|Any CPU
		{E4D17654-C951-4280-987D-2C9FC51F2EF7}.Debug|Any CPU.Build.0 = Debug|Any CPU
		{E4D17654-C951-4280-987D-2C9FC51F2EF7}.Release|Any CPU.ActiveCfg = Release|Any CPU
		{E4D17654-C951-4280-987D-2C9FC51F2EF7}.Release|Any CPU.Build.0 = Release|Any CPU
		{1A8E6765-41B1-4318-8788-FF927AA8BF02}.Debug|Any CPU.ActiveCfg = Debug|Any CPU
		{1A8E6765-41B1-4318-8788-FF927AA8BF02}.Debug|Any CPU.Build.0 = Debug|Any CPU
		{1A8E6765-41B1-4318-8788-FF927AA8BF02}.Release|Any CPU.ActiveCfg = Release|Any CPU
		{1A8E6765-41B1-4318-8788-FF927AA8BF02}.Release|Any CPU.Build.0 = Release|Any CPU
		{285ACDDD-9334-4B0D-B575-554E3942DFCE}.Debug|Any CPU.ActiveCfg = Debug|Any CPU
		{285ACDDD-9334-4B0D-B575-554E3942DFCE}.Debug|Any CPU.Build.0 = Debug|Any CPU
		{285ACDDD-9334-4B0D-B575-554E3942DFCE}.Release|Any CPU.ActiveCfg = Release|Any CPU
		{285ACDDD-9334-4B0D-B575-554E3942DFCE}.Release|Any CPU.Build.0 = Release|Any CPU
		{E67F61C1-1A0D-4C16-8730-7D81B56C48B1}.Debug|Any CPU.ActiveCfg = Debug|Any CPU
		{E67F61C1-1A0D-4C16-8730-7D81B56C48B1}.Debug|Any CPU.Build.0 = Debug|Any CPU
		{E67F61C1-1A0D-4C16-8730-7D81B56C48B1}.Release|Any CPU.ActiveCfg = Release|Any CPU
		{E67F61C1-1A0D-4C16-8730-7D81B56C48B1}.Release|Any CPU.Build.0 = Release|Any CPU
		{0E1B3D72-F9F8-4B64-B7DB-ED711C12B105}.Debug|Any CPU.ActiveCfg = Debug|Any CPU
		{0E1B3D72-F9F8-4B64-B7DB-ED711C12B105}.Debug|Any CPU.Build.0 = Debug|Any CPU
		{0E1B3D72-F9F8-4B64-B7DB-ED711C12B105}.Release|Any CPU.ActiveCfg = Release|Any CPU
		{0E1B3D72-F9F8-4B64-B7DB-ED711C12B105}.Release|Any CPU.Build.0 = Release|Any CPU
		{5DBB2179-B9E9-40F3-AC8A-19DD612E5393}.Debug|Any CPU.ActiveCfg = Debug|Any CPU
		{5DBB2179-B9E9-40F3-AC8A-19DD612E5393}.Debug|Any CPU.Build.0 = Debug|Any CPU
		{5DBB2179-B9E9-40F3-AC8A-19DD612E5393}.Release|Any CPU.ActiveCfg = Release|Any CPU
		{5DBB2179-B9E9-40F3-AC8A-19DD612E5393}.Release|Any CPU.Build.0 = Release|Any CPU
		{29E939F7-4F7C-488B-B477-21328F0D44C0}.Debug|Any CPU.ActiveCfg = Debug|Any CPU
		{29E939F7-4F7C-488B-B477-21328F0D44C0}.Debug|Any CPU.Build.0 = Debug|Any CPU
		{29E939F7-4F7C-488B-B477-21328F0D44C0}.Release|Any CPU.ActiveCfg = Release|Any CPU
		{29E939F7-4F7C-488B-B477-21328F0D44C0}.Release|Any CPU.Build.0 = Release|Any CPU
		{B7927D86-4BA9-46F9-A9B8-E8C51C3A0CF8}.Debug|Any CPU.ActiveCfg = Debug|Any CPU
		{B7927D86-4BA9-46F9-A9B8-E8C51C3A0CF8}.Debug|Any CPU.Build.0 = Debug|Any CPU
		{B7927D86-4BA9-46F9-A9B8-E8C51C3A0CF8}.Release|Any CPU.ActiveCfg = Release|Any CPU
		{B7927D86-4BA9-46F9-A9B8-E8C51C3A0CF8}.Release|Any CPU.Build.0 = Release|Any CPU
		{49D49C0E-814C-4548-A63B-D23CEEC1EA0B}.Debug|Any CPU.ActiveCfg = Debug|Any CPU
		{49D49C0E-814C-4548-A63B-D23CEEC1EA0B}.Debug|Any CPU.Build.0 = Debug|Any CPU
		{49D49C0E-814C-4548-A63B-D23CEEC1EA0B}.Release|Any CPU.ActiveCfg = Release|Any CPU
		{49D49C0E-814C-4548-A63B-D23CEEC1EA0B}.Release|Any CPU.Build.0 = Release|Any CPU
		{9DB15B1A-B2A1-40F3-92A5-AE814A362886}.Debug|Any CPU.ActiveCfg = Debug|Any CPU
		{9DB15B1A-B2A1-40F3-92A5-AE814A362886}.Debug|Any CPU.Build.0 = Debug|Any CPU
		{9DB15B1A-B2A1-40F3-92A5-AE814A362886}.Release|Any CPU.ActiveCfg = Release|Any CPU
		{9DB15B1A-B2A1-40F3-92A5-AE814A362886}.Release|Any CPU.Build.0 = Release|Any CPU
		{57BBB85A-A554-48A4-A653-B6E7B7088F06}.Debug|Any CPU.ActiveCfg = Debug|Any CPU
		{57BBB85A-A554-48A4-A653-B6E7B7088F06}.Debug|Any CPU.Build.0 = Debug|Any CPU
		{57BBB85A-A554-48A4-A653-B6E7B7088F06}.Release|Any CPU.ActiveCfg = Release|Any CPU
		{57BBB85A-A554-48A4-A653-B6E7B7088F06}.Release|Any CPU.Build.0 = Release|Any CPU
		{2D794DD9-8DC1-4A96-91B3-3B43600361EE}.Debug|Any CPU.ActiveCfg = Debug|Any CPU
		{2D794DD9-8DC1-4A96-91B3-3B43600361EE}.Debug|Any CPU.Build.0 = Debug|Any CPU
		{2D794DD9-8DC1-4A96-91B3-3B43600361EE}.Release|Any CPU.ActiveCfg = Release|Any CPU
		{2D794DD9-8DC1-4A96-91B3-3B43600361EE}.Release|Any CPU.Build.0 = Release|Any CPU
		{E52787D9-3615-41B2-8A6E-CAB51B339252}.Debug|Any CPU.ActiveCfg = Debug|Any CPU
		{E52787D9-3615-41B2-8A6E-CAB51B339252}.Debug|Any CPU.Build.0 = Debug|Any CPU
		{E52787D9-3615-41B2-8A6E-CAB51B339252}.Release|Any CPU.ActiveCfg = Release|Any CPU
		{E52787D9-3615-41B2-8A6E-CAB51B339252}.Release|Any CPU.Build.0 = Release|Any CPU
		{00C18B3A-6E11-4E4A-8D45-49F387D556F8}.Debug|Any CPU.ActiveCfg = Debug|Any CPU
		{00C18B3A-6E11-4E4A-8D45-49F387D556F8}.Debug|Any CPU.Build.0 = Debug|Any CPU
		{00C18B3A-6E11-4E4A-8D45-49F387D556F8}.Release|Any CPU.ActiveCfg = Release|Any CPU
		{00C18B3A-6E11-4E4A-8D45-49F387D556F8}.Release|Any CPU.Build.0 = Release|Any CPU
		{FFB24043-9A95-4A16-965E-931D7145DC6C}.Debug|Any CPU.ActiveCfg = Debug|Any CPU
		{FFB24043-9A95-4A16-965E-931D7145DC6C}.Debug|Any CPU.Build.0 = Debug|Any CPU
		{FFB24043-9A95-4A16-965E-931D7145DC6C}.Release|Any CPU.ActiveCfg = Release|Any CPU
		{FFB24043-9A95-4A16-965E-931D7145DC6C}.Release|Any CPU.Build.0 = Release|Any CPU
		{C3AAD5D5-654A-4FFA-99AD-7CB283E75E41}.Debug|Any CPU.ActiveCfg = Debug|Any CPU
		{C3AAD5D5-654A-4FFA-99AD-7CB283E75E41}.Debug|Any CPU.Build.0 = Debug|Any CPU
		{C3AAD5D5-654A-4FFA-99AD-7CB283E75E41}.Release|Any CPU.ActiveCfg = Release|Any CPU
		{C3AAD5D5-654A-4FFA-99AD-7CB283E75E41}.Release|Any CPU.Build.0 = Release|Any CPU
		{A05FDC89-5A74-49F7-9D0D-6627ED36C2D2}.Debug|Any CPU.ActiveCfg = Debug|Any CPU
		{A05FDC89-5A74-49F7-9D0D-6627ED36C2D2}.Debug|Any CPU.Build.0 = Debug|Any CPU
		{A05FDC89-5A74-49F7-9D0D-6627ED36C2D2}.Release|Any CPU.ActiveCfg = Release|Any CPU
		{A05FDC89-5A74-49F7-9D0D-6627ED36C2D2}.Release|Any CPU.Build.0 = Release|Any CPU
		{5BA02C46-438E-4069-AF74-EA0B23EAC7D9}.Debug|Any CPU.ActiveCfg = Debug|Any CPU
		{5BA02C46-438E-4069-AF74-EA0B23EAC7D9}.Debug|Any CPU.Build.0 = Debug|Any CPU
		{5BA02C46-438E-4069-AF74-EA0B23EAC7D9}.Release|Any CPU.ActiveCfg = Release|Any CPU
		{5BA02C46-438E-4069-AF74-EA0B23EAC7D9}.Release|Any CPU.Build.0 = Release|Any CPU
		{874E7BA7-0F26-41AE-AB1B-78FECF9B431E}.Debug|Any CPU.ActiveCfg = Debug|Any CPU
		{874E7BA7-0F26-41AE-AB1B-78FECF9B431E}.Debug|Any CPU.Build.0 = Debug|Any CPU
		{874E7BA7-0F26-41AE-AB1B-78FECF9B431E}.Release|Any CPU.ActiveCfg = Release|Any CPU
		{874E7BA7-0F26-41AE-AB1B-78FECF9B431E}.Release|Any CPU.Build.0 = Release|Any CPU
		{4BC1FCFA-5B10-42EE-8A77-7F56AB3A19DD}.Debug|Any CPU.ActiveCfg = Debug|Any CPU
		{4BC1FCFA-5B10-42EE-8A77-7F56AB3A19DD}.Debug|Any CPU.Build.0 = Debug|Any CPU
		{4BC1FCFA-5B10-42EE-8A77-7F56AB3A19DD}.Release|Any CPU.ActiveCfg = Release|Any CPU
		{4BC1FCFA-5B10-42EE-8A77-7F56AB3A19DD}.Release|Any CPU.Build.0 = Release|Any CPU
		{9F0BBB60-D280-4D94-860C-6D2BA79F6901}.Debug|Any CPU.ActiveCfg = Debug|Any CPU
		{9F0BBB60-D280-4D94-860C-6D2BA79F6901}.Debug|Any CPU.Build.0 = Debug|Any CPU
		{9F0BBB60-D280-4D94-860C-6D2BA79F6901}.Release|Any CPU.ActiveCfg = Release|Any CPU
		{9F0BBB60-D280-4D94-860C-6D2BA79F6901}.Release|Any CPU.Build.0 = Release|Any CPU
		{B19B2EDF-EE34-4858-921D-30F26CAFF22C}.Debug|Any CPU.ActiveCfg = Debug|Any CPU
		{B19B2EDF-EE34-4858-921D-30F26CAFF22C}.Debug|Any CPU.Build.0 = Debug|Any CPU
		{B19B2EDF-EE34-4858-921D-30F26CAFF22C}.Release|Any CPU.ActiveCfg = Release|Any CPU
		{B19B2EDF-EE34-4858-921D-30F26CAFF22C}.Release|Any CPU.Build.0 = Release|Any CPU
		{5EC34270-C962-4965-BE1C-7C13972CC47E}.Debug|Any CPU.ActiveCfg = Debug|Any CPU
		{5EC34270-C962-4965-BE1C-7C13972CC47E}.Debug|Any CPU.Build.0 = Debug|Any CPU
		{5EC34270-C962-4965-BE1C-7C13972CC47E}.Release|Any CPU.ActiveCfg = Release|Any CPU
		{5EC34270-C962-4965-BE1C-7C13972CC47E}.Release|Any CPU.Build.0 = Release|Any CPU
		{14FA35A1-799C-42BA-8859-0B7751D49255}.Debug|Any CPU.ActiveCfg = Debug|Any CPU
		{14FA35A1-799C-42BA-8859-0B7751D49255}.Debug|Any CPU.Build.0 = Debug|Any CPU
		{14FA35A1-799C-42BA-8859-0B7751D49255}.Release|Any CPU.ActiveCfg = Release|Any CPU
		{14FA35A1-799C-42BA-8859-0B7751D49255}.Release|Any CPU.Build.0 = Release|Any CPU
		{1AA25A52-07ED-44F4-B7F8-AAE5EFA8A0EB}.Debug|Any CPU.ActiveCfg = Debug|Any CPU
		{1AA25A52-07ED-44F4-B7F8-AAE5EFA8A0EB}.Debug|Any CPU.Build.0 = Debug|Any CPU
		{1AA25A52-07ED-44F4-B7F8-AAE5EFA8A0EB}.Release|Any CPU.ActiveCfg = Release|Any CPU
		{1AA25A52-07ED-44F4-B7F8-AAE5EFA8A0EB}.Release|Any CPU.Build.0 = Release|Any CPU
		{F9DFEF70-214C-4DEA-B8E6-5C0A65F32994}.Debug|Any CPU.ActiveCfg = Debug|Any CPU
		{F9DFEF70-214C-4DEA-B8E6-5C0A65F32994}.Debug|Any CPU.Build.0 = Debug|Any CPU
		{F9DFEF70-214C-4DEA-B8E6-5C0A65F32994}.Release|Any CPU.ActiveCfg = Release|Any CPU
		{F9DFEF70-214C-4DEA-B8E6-5C0A65F32994}.Release|Any CPU.Build.0 = Release|Any CPU
		{699A20B5-E49C-431D-BF54-348BADBD677F}.Debug|Any CPU.ActiveCfg = Debug|Any CPU
		{699A20B5-E49C-431D-BF54-348BADBD677F}.Debug|Any CPU.Build.0 = Debug|Any CPU
		{699A20B5-E49C-431D-BF54-348BADBD677F}.Release|Any CPU.ActiveCfg = Release|Any CPU
		{699A20B5-E49C-431D-BF54-348BADBD677F}.Release|Any CPU.Build.0 = Release|Any CPU
		{E28391F1-078A-491D-BD63-B007C3FD8F5E}.Debug|Any CPU.ActiveCfg = Debug|Any CPU
		{E28391F1-078A-491D-BD63-B007C3FD8F5E}.Debug|Any CPU.Build.0 = Debug|Any CPU
		{E28391F1-078A-491D-BD63-B007C3FD8F5E}.Release|Any CPU.ActiveCfg = Release|Any CPU
		{E28391F1-078A-491D-BD63-B007C3FD8F5E}.Release|Any CPU.Build.0 = Release|Any CPU
		{3FEBF72C-CA89-4788-B3D5-391901C4CDCF}.Debug|Any CPU.ActiveCfg = Debug|Any CPU
		{3FEBF72C-CA89-4788-B3D5-391901C4CDCF}.Debug|Any CPU.Build.0 = Debug|Any CPU
		{3FEBF72C-CA89-4788-B3D5-391901C4CDCF}.Release|Any CPU.ActiveCfg = Release|Any CPU
		{3FEBF72C-CA89-4788-B3D5-391901C4CDCF}.Release|Any CPU.Build.0 = Release|Any CPU
		{68C19AE1-F681-45A7-8748-C0D5CEAB6F68}.Debug|Any CPU.ActiveCfg = Debug|Any CPU
		{68C19AE1-F681-45A7-8748-C0D5CEAB6F68}.Debug|Any CPU.Build.0 = Debug|Any CPU
		{68C19AE1-F681-45A7-8748-C0D5CEAB6F68}.Release|Any CPU.ActiveCfg = Release|Any CPU
		{68C19AE1-F681-45A7-8748-C0D5CEAB6F68}.Release|Any CPU.Build.0 = Release|Any CPU
		{057E49A1-4DD8-4538-A91C-5412B3906616}.Debug|Any CPU.ActiveCfg = Debug|Any CPU
		{057E49A1-4DD8-4538-A91C-5412B3906616}.Debug|Any CPU.Build.0 = Debug|Any CPU
		{057E49A1-4DD8-4538-A91C-5412B3906616}.Release|Any CPU.ActiveCfg = Release|Any CPU
		{057E49A1-4DD8-4538-A91C-5412B3906616}.Release|Any CPU.Build.0 = Release|Any CPU
		{FBA713D3-B03A-4F69-946D-B9F2BDC95C07}.Debug|Any CPU.ActiveCfg = Debug|Any CPU
		{FBA713D3-B03A-4F69-946D-B9F2BDC95C07}.Debug|Any CPU.Build.0 = Debug|Any CPU
		{FBA713D3-B03A-4F69-946D-B9F2BDC95C07}.Release|Any CPU.ActiveCfg = Release|Any CPU
		{FBA713D3-B03A-4F69-946D-B9F2BDC95C07}.Release|Any CPU.Build.0 = Release|Any CPU
		{86848B37-65FE-41DD-8A08-B52C47676839}.Debug|Any CPU.ActiveCfg = Debug|Any CPU
		{86848B37-65FE-41DD-8A08-B52C47676839}.Debug|Any CPU.Build.0 = Debug|Any CPU
		{86848B37-65FE-41DD-8A08-B52C47676839}.Release|Any CPU.ActiveCfg = Release|Any CPU
		{86848B37-65FE-41DD-8A08-B52C47676839}.Release|Any CPU.Build.0 = Release|Any CPU
		{AD498A54-5FED-4624-A412-0A2829FD2903}.Debug|Any CPU.ActiveCfg = Debug|Any CPU
		{AD498A54-5FED-4624-A412-0A2829FD2903}.Debug|Any CPU.Build.0 = Debug|Any CPU
		{AD498A54-5FED-4624-A412-0A2829FD2903}.Release|Any CPU.ActiveCfg = Release|Any CPU
		{AD498A54-5FED-4624-A412-0A2829FD2903}.Release|Any CPU.Build.0 = Release|Any CPU
		{CFF33BA9-352B-42A7-A515-115BF6B3835E}.Debug|Any CPU.ActiveCfg = Debug|Any CPU
		{CFF33BA9-352B-42A7-A515-115BF6B3835E}.Debug|Any CPU.Build.0 = Debug|Any CPU
		{CFF33BA9-352B-42A7-A515-115BF6B3835E}.Release|Any CPU.ActiveCfg = Release|Any CPU
		{CFF33BA9-352B-42A7-A515-115BF6B3835E}.Release|Any CPU.Build.0 = Release|Any CPU
		{6C35C0CA-6C3C-4D09-99AF-B936AABD7AF4}.Debug|Any CPU.ActiveCfg = Debug|Any CPU
		{6C35C0CA-6C3C-4D09-99AF-B936AABD7AF4}.Debug|Any CPU.Build.0 = Debug|Any CPU
		{6C35C0CA-6C3C-4D09-99AF-B936AABD7AF4}.Release|Any CPU.ActiveCfg = Release|Any CPU
		{6C35C0CA-6C3C-4D09-99AF-B936AABD7AF4}.Release|Any CPU.Build.0 = Release|Any CPU
		{8278A317-00BC-9DC3-47BF-438B459BA395}.Debug|Any CPU.ActiveCfg = Debug|Any CPU
		{8278A317-00BC-9DC3-47BF-438B459BA395}.Debug|Any CPU.Build.0 = Debug|Any CPU
		{8278A317-00BC-9DC3-47BF-438B459BA395}.Release|Any CPU.ActiveCfg = Release|Any CPU
		{8278A317-00BC-9DC3-47BF-438B459BA395}.Release|Any CPU.Build.0 = Release|Any CPU
		{64423CF6-4B3E-F5EE-EBC1-E0CE4FB8D655}.Debug|Any CPU.ActiveCfg = Debug|Any CPU
		{64423CF6-4B3E-F5EE-EBC1-E0CE4FB8D655}.Debug|Any CPU.Build.0 = Debug|Any CPU
		{64423CF6-4B3E-F5EE-EBC1-E0CE4FB8D655}.Release|Any CPU.ActiveCfg = Release|Any CPU
		{64423CF6-4B3E-F5EE-EBC1-E0CE4FB8D655}.Release|Any CPU.Build.0 = Release|Any CPU
		{A2C2E54F-441A-B56A-F618-F74F3A44A4CF}.Debug|Any CPU.ActiveCfg = Debug|Any CPU
		{A2C2E54F-441A-B56A-F618-F74F3A44A4CF}.Debug|Any CPU.Build.0 = Debug|Any CPU
		{A2C2E54F-441A-B56A-F618-F74F3A44A4CF}.Release|Any CPU.ActiveCfg = Release|Any CPU
		{A2C2E54F-441A-B56A-F618-F74F3A44A4CF}.Release|Any CPU.Build.0 = Release|Any CPU
	EndGlobalSection
	GlobalSection(SolutionProperties) = preSolution
		HideSolutionNode = FALSE
	EndGlobalSection
	GlobalSection(NestedProjects) = preSolution
		{B53DCA6A-DCCD-4A70-B7C0-8E0DD05CAB78} = {2AFCAE27-8309-49F5-B320-8682344F933B}
		{ACB5E3AC-2664-47B2-937E-2424A2EE9258} = {2AFCAE27-8309-49F5-B320-8682344F933B}
		{3168F5FF-175A-4948-AFDA-726ED8DE9A1C} = {2AFCAE27-8309-49F5-B320-8682344F933B}
		{999DC45E-2941-4C6E-A20E-F6960906207F} = {2AFCAE27-8309-49F5-B320-8682344F933B}
		{940227F0-A7DB-4FAA-9363-6DCD9228EE24} = {2AFCAE27-8309-49F5-B320-8682344F933B}
		{4F054C9E-FF90-48B7-BBA7-77BAC0BFCF65} = {2AFCAE27-8309-49F5-B320-8682344F933B}
		{F0DE0483-5AE4-446A-93E9-1509F08E8363} = {2AFCAE27-8309-49F5-B320-8682344F933B}
		{BC1E5E7A-BEE1-42A0-A6BD-A98DBB51CE21} = {2AFCAE27-8309-49F5-B320-8682344F933B}
		{D5D019B7-3273-4408-B9F6-ED5DF3938E8C} = {BDAC5287-B654-453D-A052-930228FA2A8D}
		{162CEA78-FD43-491C-9B1B-F36845B9FAC5} = {BDAC5287-B654-453D-A052-930228FA2A8D}
		{6D274C1E-34DC-40AE-982D-2BC1D940943D} = {BDAC5287-B654-453D-A052-930228FA2A8D}
		{BF1C39DC-6A00-4262-A3BA-D1D7B651CDD1} = {3EE85BDF-A7D5-4989-A2F8-FECEFEFA7F85}
		{F84C7DE1-C7D5-4BC6-8099-C0A0520DB76A} = {3EE85BDF-A7D5-4989-A2F8-FECEFEFA7F85}
		{29684D10-4772-4FD4-A2F4-1B3868807658} = {3EE85BDF-A7D5-4989-A2F8-FECEFEFA7F85}
		{E4D17654-C951-4280-987D-2C9FC51F2EF7} = {3EE85BDF-A7D5-4989-A2F8-FECEFEFA7F85}
		{1A8E6765-41B1-4318-8788-FF927AA8BF02} = {E064FCE5-C21A-4CF9-9BF3-5103A940564E}
		{285ACDDD-9334-4B0D-B575-554E3942DFCE} = {E064FCE5-C21A-4CF9-9BF3-5103A940564E}
		{E67F61C1-1A0D-4C16-8730-7D81B56C48B1} = {E064FCE5-C21A-4CF9-9BF3-5103A940564E}
		{0E1B3D72-F9F8-4B64-B7DB-ED711C12B105} = {E064FCE5-C21A-4CF9-9BF3-5103A940564E}
		{5DBB2179-B9E9-40F3-AC8A-19DD612E5393} = {E064FCE5-C21A-4CF9-9BF3-5103A940564E}
		{29E939F7-4F7C-488B-B477-21328F0D44C0} = {E064FCE5-C21A-4CF9-9BF3-5103A940564E}
		{B7927D86-4BA9-46F9-A9B8-E8C51C3A0CF8} = {E064FCE5-C21A-4CF9-9BF3-5103A940564E}
		{49D49C0E-814C-4548-A63B-D23CEEC1EA0B} = {E064FCE5-C21A-4CF9-9BF3-5103A940564E}
		{9DB15B1A-B2A1-40F3-92A5-AE814A362886} = {E064FCE5-C21A-4CF9-9BF3-5103A940564E}
		{57BBB85A-A554-48A4-A653-B6E7B7088F06} = {61E303C4-D526-465E-BFD4-3B9858144BD9}
		{2D794DD9-8DC1-4A96-91B3-3B43600361EE} = {61E303C4-D526-465E-BFD4-3B9858144BD9}
		{E52787D9-3615-41B2-8A6E-CAB51B339252} = {61E303C4-D526-465E-BFD4-3B9858144BD9}
		{00C18B3A-6E11-4E4A-8D45-49F387D556F8} = {61E303C4-D526-465E-BFD4-3B9858144BD9}
		{FFB24043-9A95-4A16-965E-931D7145DC6C} = {61E303C4-D526-465E-BFD4-3B9858144BD9}
		{C3AAD5D5-654A-4FFA-99AD-7CB283E75E41} = {61E303C4-D526-465E-BFD4-3B9858144BD9}
		{A05FDC89-5A74-49F7-9D0D-6627ED36C2D2} = {61E303C4-D526-465E-BFD4-3B9858144BD9}
		{5BA02C46-438E-4069-AF74-EA0B23EAC7D9} = {61E303C4-D526-465E-BFD4-3B9858144BD9}
		{874E7BA7-0F26-41AE-AB1B-78FECF9B431E} = {61E303C4-D526-465E-BFD4-3B9858144BD9}
		{4BC1FCFA-5B10-42EE-8A77-7F56AB3A19DD} = {9B19881C-9E0C-499F-8802-110821BD59D5}
		{9F0BBB60-D280-4D94-860C-6D2BA79F6901} = {9B19881C-9E0C-499F-8802-110821BD59D5}
		{B19B2EDF-EE34-4858-921D-30F26CAFF22C} = {9B19881C-9E0C-499F-8802-110821BD59D5}
		{5EC34270-C962-4965-BE1C-7C13972CC47E} = {469A875A-FFFF-461A-AF2E-1EB101679A85}
		{14FA35A1-799C-42BA-8859-0B7751D49255} = {469A875A-FFFF-461A-AF2E-1EB101679A85}
		{1AA25A52-07ED-44F4-B7F8-AAE5EFA8A0EB} = {469A875A-FFFF-461A-AF2E-1EB101679A85}
		{F9DFEF70-214C-4DEA-B8E6-5C0A65F32994} = {469A875A-FFFF-461A-AF2E-1EB101679A85}
		{699A20B5-E49C-431D-BF54-348BADBD677F} = {469A875A-FFFF-461A-AF2E-1EB101679A85}
		{E28391F1-078A-491D-BD63-B007C3FD8F5E} = {D78E3ABB-194B-4BB5-9E1E-108517EDB0DC}
		{3FEBF72C-CA89-4788-B3D5-391901C4CDCF} = {D78E3ABB-194B-4BB5-9E1E-108517EDB0DC}
		{68C19AE1-F681-45A7-8748-C0D5CEAB6F68} = {D78E3ABB-194B-4BB5-9E1E-108517EDB0DC}
		{057E49A1-4DD8-4538-A91C-5412B3906616} = {D78E3ABB-194B-4BB5-9E1E-108517EDB0DC}
		{FBA713D3-B03A-4F69-946D-B9F2BDC95C07} = {D78E3ABB-194B-4BB5-9E1E-108517EDB0DC}
		{86848B37-65FE-41DD-8A08-B52C47676839} = {985900B0-594B-4F58-A2B8-59A0CB99F8B8}
		{AD498A54-5FED-4624-A412-0A2829FD2903} = {985900B0-594B-4F58-A2B8-59A0CB99F8B8}
		{CFF33BA9-352B-42A7-A515-115BF6B3835E} = {985900B0-594B-4F58-A2B8-59A0CB99F8B8}
		{6C35C0CA-6C3C-4D09-99AF-B936AABD7AF4} = {985900B0-594B-4F58-A2B8-59A0CB99F8B8}
		{8278A317-00BC-9DC3-47BF-438B459BA395} = {61E303C4-D526-465E-BFD4-3B9858144BD9}
		{64423CF6-4B3E-F5EE-EBC1-E0CE4FB8D655} = {3EE85BDF-A7D5-4989-A2F8-FECEFEFA7F85}
		{A2C2E54F-441A-B56A-F618-F74F3A44A4CF} = {985900B0-594B-4F58-A2B8-59A0CB99F8B8}
	EndGlobalSection
	GlobalSection(ExtensibilityGlobals) = postSolution
		SolutionGuid = {B1AE71C3-3CE7-4454-952B-64F5A4A078A9}
	EndGlobalSection
EndGlobal
