
Microsoft Visual Studio Solution File, Format Version 12.00
# Visual Studio Version 17
VisualStudioVersion = 17.3.32804.467
MinimumVisualStudioVersion = 10.0.40219.1
Project("{2150E333-8FDC-42A3-9474-1A3956D46DE8}") = "Calendar", "Calendar", "{9163B37D-94FA-4651-B39A-60237D20916B}"
EndProject
Project("{2150E333-8FDC-42A3-9474-1A3956D46DE8}") = "Exchange", "Exchange", "{4AE9F50F-5BC8-4A96-83BE-743FD58BEC93}"
EndProject
Project("{2150E333-8FDC-42A3-9474-1A3956D46DE8}") = "Features", "Features", "{9C4500E2-555B-4F58-BA03-AA729EB9FBAD}"
EndProject
Project("{2150E333-8FDC-42A3-9474-1A3956D46DE8}") = "IMAP", "IMAP", "{091AF78C-04C6-4802-868F-387996457971}"
EndProject
Project("{2150E333-8FDC-42A3-9474-1A3956D46DE8}") = "Introduction", "Introduction", "{39B748A0-1CA6-44C6-9663-95B287DECF05}"
EndProject
Project("{2150E333-8FDC-42A3-9474-1A3956D46DE8}") = "POP", "POP", "{95EA888A-FABB-4F6C-839D-8CD3AA491D96}"
EndProject
Project("{2150E333-8FDC-42A3-9474-1A3956D46DE8}") = "SMTP", "SMTP", "{D2185621-DFD0-4E7B-9EDB-66CCFC6F44A2}"
EndProject
Project("{778DAE3C-4631-46EA-AA77-85C1314464D9}") = "GettingStarted", "Introduction\Getting Started\GettingStarted.vbproj", "{01F3BD09-8789-421A-A8C9-E3531B2E0E64}"
EndProject
Project("{778DAE3C-4631-46EA-AA77-85C1314464D9}") = "Converting", "Introduction\Converting\Converting.vbproj", "{AD98805F-BE11-494A-8BDC-B3B91C387126}"
EndProject
Project("{778DAE3C-4631-46EA-AA77-85C1314464D9}") = "Loading", "Introduction\Loading\Loading.vbproj", "{B650AC24-9F56-4628-8020-DAA500BEA6C8}"
EndProject
Project("{778DAE3C-4631-46EA-AA77-85C1314464D9}") = "OAuth2", "Introduction\OAuth 2\OAuth2.vbproj", "{48E5E085-1999-4546-9296-6826FE2F60A2}"
EndProject
Project("{778DAE3C-4631-46EA-AA77-85C1314464D9}") = "Receiving", "Introduction\Receiving\Receiving.vbproj", "{14C34142-F362-4A43-8E6C-2B058FB30BB7}"
EndProject
Project("{778DAE3C-4631-46EA-AA77-85C1314464D9}") = "ReplyingAndForwarding", "Introduction\Replying and Forwarding\ReplyingAndForwarding.vbproj", "{B38286CA-7FAD-4E16-9A05-471031C8B99D}"
EndProject
Project("{778DAE3C-4631-46EA-AA77-85C1314464D9}") = "Saving", "Introduction\Saving\Saving.vbproj", "{6CA1BA43-55E2-4B5C-A875-DA8FEB17E523}"
EndProject
Project("{778DAE3C-4631-46EA-AA77-85C1314464D9}") = "Sending", "Introduction\Sending\Sending.vbproj", "{1B874AC7-2B4E-48C1-9DF3-C88FFCBAAEFD}"
EndProject
Project("{778DAE3C-4631-46EA-AA77-85C1314464D9}") = "AddingToMessage", "Calendar\Adding to Message\AddingToMessage.vbproj", "{F82DBFAE-042A-41E2-806E-876DD9223E6E}"
EndProject
Project("{778DAE3C-4631-46EA-AA77-85C1314464D9}") = "Loading", "Calendar\Loading\Loading.vbproj", "{FF07DEF1-EC06-4D2A-A71F-D3ED3E6C519D}"
EndProject
Project("{778DAE3C-4631-46EA-AA77-85C1314464D9}") = "Saving", "Calendar\Saving\Saving.vbproj", "{BAAF8DCD-9E0D-4D77-B034-9030AF4B32FA}"
EndProject
Project("{778DAE3C-4631-46EA-AA77-85C1314464D9}") = "ListingFolders", "Exchange\Listing Folders\ListingFolders.vbproj", "{A737EDBC-F9A5-4177-A072-56BD8679AEE7}"
EndProject
Project("{778DAE3C-4631-46EA-AA77-85C1314464D9}") = "ListingMessages", "Exchange\Listing Messages\ListingMessages.vbproj", "{7156DFF6-12FA-406C-A989-08064D61BD6C}"
EndProject
Project("{778DAE3C-4631-46EA-AA77-85C1314464D9}") = "SearchingMessages", "Exchange\Searching Messages\SearchingMessages.vbproj", "{C0F10526-85CE-4654-8C1D-B63A5EE13F35}"
EndProject
Project("{778DAE3C-4631-46EA-AA77-85C1314464D9}") = "SendingMessages", "Exchange\Sending Messages\SendingMessages.vbproj", "{87F2343C-7545-4DFC-B9AB-65AE70CC79C4}"
EndProject
Project("{778DAE3C-4631-46EA-AA77-85C1314464D9}") = "CreatingMessages", "Features\Creating Messages\CreatingMessages.vbproj", "{60AF3528-7621-40C6-AFD2-284C3E35281C}"
EndProject
Project("{778DAE3C-4631-46EA-AA77-85C1314464D9}") = "EmailAddressValidation", "Features\Email Address Validation\EmailAddressValidation.vbproj", "{18D246FE-E236-4F7A-B870-E357D8A7AA00}"
EndProject
Project("{778DAE3C-4631-46EA-AA77-85C1314464D9}") = "ExportingToPdf", "Features\Exporting to PDF\ExportingToPdf.vbproj", "{F27056EC-255D-404B-BBAA-C9EEAEE34168}"
EndProject
Project("{778DAE3C-4631-46EA-AA77-85C1314464D9}") = "Headers", "Features\Headers\Headers.vbproj", "{87ACCEB9-C94B-4691-B272-6EFE9793EA30}"
EndProject
Project("{778DAE3C-4631-46EA-AA77-85C1314464D9}") = "HtmlWithAttachment", "Features\HTML with Attachment\HtmlWithAttachment.vbproj", "{1402516A-6675-4839-B560-083CFF9A0E34}"
EndProject
Project("{778DAE3C-4631-46EA-AA77-85C1314464D9}") = "ImportingWordFiles", "Features\Importing Word Files\ImportingWordFiles.vbproj", "{C2ED6547-88C7-4849-9F07-FCFE46D2EDFF}"
EndProject
Project("{778DAE3C-4631-46EA-AA77-85C1314464D9}") = "MailMerge", "Features\Mail Merge\MailMerge.vbproj", "{47CD1584-BF4B-4CA4-AA85-0AC7596EB7B3}"
EndProject
Project("{778DAE3C-4631-46EA-AA77-85C1314464D9}") = "Mbox", "Features\Mbox\Mbox.vbproj", "{CAF9806E-B90A-4563-98DB-3BCCD0992E23}"
EndProject
Project("{778DAE3C-4631-46EA-AA77-85C1314464D9}") = "Smime", "Features\SMIME\Smime.vbproj", "{D9191EE6-97D2-46A9-97C3-FBB3E95B138A}"
EndProject
Project("{778DAE3C-4631-46EA-AA77-85C1314464D9}") = "Connecting", "IMAP\Connecting\Connecting.vbproj", "{4DDF2F6D-B688-422E-94AF-E9DDE09D0640}"
EndProject
Project("{778DAE3C-4631-46EA-AA77-85C1314464D9}") = "ListingFolderFlags", "IMAP\Listing Folder Flags\ListingFolderFlags.vbproj", "{CEE60C81-65B4-45CF-9070-DB9F6FD24AD4}"
EndProject
Project("{778DAE3C-4631-46EA-AA77-85C1314464D9}") = "ListingMessages", "IMAP\Listing Messages\ListingMessages.vbproj", "{A68888D3-30DF-4342-BC37-8DB2CA30854B}"
EndProject
Project("{778DAE3C-4631-46EA-AA77-85C1314464D9}") = "ListingEmailFolders", "IMAP\Listing Email Folders\ListingEmailFolders.vbproj", "{C87567A5-7681-4844-B171-A2AF81092126}"
EndProject
Project("{778DAE3C-4631-46EA-AA77-85C1314464D9}") = "MessageFlags", "IMAP\Message Flags\MessageFlags.vbproj", "{4CE39DA3-BF3A-4351-A7B8-743573D88E0E}"
EndProject
Project("{778DAE3C-4631-46EA-AA77-85C1314464D9}") = "MessageHeaders", "IMAP\Message Headers\MessageHeaders.vbproj", "{6C0EA08D-BBF2-4858-8E87-D7499DFFD9B5}"
EndProject
Project("{778DAE3C-4631-46EA-AA77-85C1314464D9}") = "SearchingMessages", "IMAP\Searching Messages\SearchingMessages.vbproj", "{FA788C25-7A1C-46DE-A314-A9002DC46C67}"
EndProject
Project("{778DAE3C-4631-46EA-AA77-85C1314464D9}") = "SslCertificateValidation", "IMAP\SSL Certificate Validation\SslCertificateValidation.vbproj", "{F2BE42EB-F258-4923-87C1-6C6C8842B873}"
EndProject
Project("{778DAE3C-4631-46EA-AA77-85C1314464D9}") = "UsingIdleMode", "IMAP\Using Idle Mode\UsingIdleMode.vbproj", "{0CA3C236-3AF8-4D41-8B76-0A382A61AF2A}"
EndProject
Project("{778DAE3C-4631-46EA-AA77-85C1314464D9}") = "Connecting", "POP\Connecting\Connecting.vbproj", "{33020259-FFA5-4D8F-B5AB-A777B7A95A22}"
EndProject
Project("{778DAE3C-4631-46EA-AA77-85C1314464D9}") = "GettingMailboxInfo", "POP\Getting Mailbox Info\GettingMailboxInfo.vbproj", "{345DAFC1-6BA8-4C3E-AC2F-3004ABAEBB41}"
EndProject
Project("{778DAE3C-4631-46EA-AA77-85C1314464D9}") = "Listing Messages", "POP\Listing Messages\Listing Messages.vbproj", "{138D16C8-F147-41A9-AB9D-0A73A821B5FD}"
EndProject
Project("{778DAE3C-4631-46EA-AA77-85C1314464D9}") = "MessageHeaders", "POP\Message Headers\MessageHeaders.vbproj", "{44C617AA-1FBD-4F88-883F-829AC0F9EE04}"
EndProject
Project("{778DAE3C-4631-46EA-AA77-85C1314464D9}") = "SslCertificateValidation", "POP\SSL Certificate Validation\SslCertificateValidation.vbproj", "{6F2A2D87-5E87-4C36-ACE1-91E8A016C900}"
EndProject
Project("{778DAE3C-4631-46EA-AA77-85C1314464D9}") = "Connecting", "SMTP\Connecting\Connecting.vbproj", "{F05E60FB-3C5C-468F-A60B-43C6E2126AD7}"
EndProject
Project("{778DAE3C-4631-46EA-AA77-85C1314464D9}") = "SendingMassMessages", "SMTP\Sending Mass Messages\SendingMassMessages.vbproj", "{75D7305E-4A54-4D76-B32F-6B7F845AFD3F}"
EndProject
Project("{778DAE3C-4631-46EA-AA77-85C1314464D9}") = "SslCertificateValidation", "SMTP\SSL Certificate Validation\SslCertificateValidation.vbproj", "{2F729ED6-B606-48B2-BB89-996E10A985DE}"
EndProject
Project("{2150E333-8FDC-42A3-9474-1A3956D46DE8}") = "Microsoft Graph", "Microsoft Graph", "{92F641EA-15D6-4D9A-AAFD-AED1B440EAC7}"
EndProject
Project("{778DAE3C-4631-46EA-AA77-85C1314464D9}") = "ListingFolders", "Microsoft Graph\Listing Folders\ListingFolders.vbproj", "{1B6BB9C2-9A15-4D9E-8FDF-B43EB8AE0D7D}"
EndProject
Project("{778DAE3C-4631-46EA-AA77-85C1314464D9}") = "ListingMessages", "Microsoft Graph\Listing Messages\ListingMessages.vbproj", "{71D60298-1D36-43A7-9449-8CA3C25FE932}"
EndProject
Project("{778DAE3C-4631-46EA-AA77-85C1314464D9}") = "SearchingMessages", "Microsoft Graph\Searching Messages\SearchingMessages.vbproj", "{A8A498CA-292D-430A-BD63-752A5017BAF3}"
EndProject
Project("{778DAE3C-4631-46EA-AA77-85C1314464D9}") = "SendingMessages", "Microsoft Graph\Sending Messages\SendingMessages.vbproj", "{03C5FFE4-AA5D-4D0C-AC9C-EE5E78F2E212}"
EndProject
Global
	GlobalSection(SolutionConfigurationPlatforms) = preSolution
		Debug|Any CPU = Debug|Any CPU
		Release|Any CPU = Release|Any CPU
	EndGlobalSection
	GlobalSection(ProjectConfigurationPlatforms) = postSolution
		{01F3BD09-8789-421A-A8C9-E3531B2E0E64}.Debug|Any CPU.ActiveCfg = Debug|Any CPU
		{01F3BD09-8789-421A-A8C9-E3531B2E0E64}.Debug|Any CPU.Build.0 = Debug|Any CPU
		{01F3BD09-8789-421A-A8C9-E3531B2E0E64}.Release|Any CPU.ActiveCfg = Release|Any CPU
		{01F3BD09-8789-421A-A8C9-E3531B2E0E64}.Release|Any CPU.Build.0 = Release|Any CPU
		{AD98805F-BE11-494A-8BDC-B3B91C387126}.Debug|Any CPU.ActiveCfg = Debug|Any CPU
		{AD98805F-BE11-494A-8BDC-B3B91C387126}.Debug|Any CPU.Build.0 = Debug|Any CPU
		{AD98805F-BE11-494A-8BDC-B3B91C387126}.Release|Any CPU.ActiveCfg = Release|Any CPU
		{AD98805F-BE11-494A-8BDC-B3B91C387126}.Release|Any CPU.Build.0 = Release|Any CPU
		{B650AC24-9F56-4628-8020-DAA500BEA6C8}.Debug|Any CPU.ActiveCfg = Debug|Any CPU
		{B650AC24-9F56-4628-8020-DAA500BEA6C8}.Debug|Any CPU.Build.0 = Debug|Any CPU
		{B650AC24-9F56-4628-8020-DAA500BEA6C8}.Release|Any CPU.ActiveCfg = Release|Any CPU
		{B650AC24-9F56-4628-8020-DAA500BEA6C8}.Release|Any CPU.Build.0 = Release|Any CPU
		{48E5E085-1999-4546-9296-6826FE2F60A2}.Debug|Any CPU.ActiveCfg = Debug|Any CPU
		{48E5E085-1999-4546-9296-6826FE2F60A2}.Debug|Any CPU.Build.0 = Debug|Any CPU
		{48E5E085-1999-4546-9296-6826FE2F60A2}.Release|Any CPU.ActiveCfg = Release|Any CPU
		{48E5E085-1999-4546-9296-6826FE2F60A2}.Release|Any CPU.Build.0 = Release|Any CPU
		{14C34142-F362-4A43-8E6C-2B058FB30BB7}.Debug|Any CPU.ActiveCfg = Debug|Any CPU
		{14C34142-F362-4A43-8E6C-2B058FB30BB7}.Debug|Any CPU.Build.0 = Debug|Any CPU
		{14C34142-F362-4A43-8E6C-2B058FB30BB7}.Release|Any CPU.ActiveCfg = Release|Any CPU
		{14C34142-F362-4A43-8E6C-2B058FB30BB7}.Release|Any CPU.Build.0 = Release|Any CPU
		{B38286CA-7FAD-4E16-9A05-471031C8B99D}.Debug|Any CPU.ActiveCfg = Debug|Any CPU
		{B38286CA-7FAD-4E16-9A05-471031C8B99D}.Debug|Any CPU.Build.0 = Debug|Any CPU
		{B38286CA-7FAD-4E16-9A05-471031C8B99D}.Release|Any CPU.ActiveCfg = Release|Any CPU
		{B38286CA-7FAD-4E16-9A05-471031C8B99D}.Release|Any CPU.Build.0 = Release|Any CPU
		{6CA1BA43-55E2-4B5C-A875-DA8FEB17E523}.Debug|Any CPU.ActiveCfg = Debug|Any CPU
		{6CA1BA43-55E2-4B5C-A875-DA8FEB17E523}.Debug|Any CPU.Build.0 = Debug|Any CPU
		{6CA1BA43-55E2-4B5C-A875-DA8FEB17E523}.Release|Any CPU.ActiveCfg = Release|Any CPU
		{6CA1BA43-55E2-4B5C-A875-DA8FEB17E523}.Release|Any CPU.Build.0 = Release|Any CPU
		{1B874AC7-2B4E-48C1-9DF3-C88FFCBAAEFD}.Debug|Any CPU.ActiveCfg = Debug|Any CPU
		{1B874AC7-2B4E-48C1-9DF3-C88FFCBAAEFD}.Debug|Any CPU.Build.0 = Debug|Any CPU
		{1B874AC7-2B4E-48C1-9DF3-C88FFCBAAEFD}.Release|Any CPU.ActiveCfg = Release|Any CPU
		{1B874AC7-2B4E-48C1-9DF3-C88FFCBAAEFD}.Release|Any CPU.Build.0 = Release|Any CPU
		{F82DBFAE-042A-41E2-806E-876DD9223E6E}.Debug|Any CPU.ActiveCfg = Debug|Any CPU
		{F82DBFAE-042A-41E2-806E-876DD9223E6E}.Debug|Any CPU.Build.0 = Debug|Any CPU
		{F82DBFAE-042A-41E2-806E-876DD9223E6E}.Release|Any CPU.ActiveCfg = Release|Any CPU
		{F82DBFAE-042A-41E2-806E-876DD9223E6E}.Release|Any CPU.Build.0 = Release|Any CPU
		{FF07DEF1-EC06-4D2A-A71F-D3ED3E6C519D}.Debug|Any CPU.ActiveCfg = Debug|Any CPU
		{FF07DEF1-EC06-4D2A-A71F-D3ED3E6C519D}.Debug|Any CPU.Build.0 = Debug|Any CPU
		{FF07DEF1-EC06-4D2A-A71F-D3ED3E6C519D}.Release|Any CPU.ActiveCfg = Release|Any CPU
		{FF07DEF1-EC06-4D2A-A71F-D3ED3E6C519D}.Release|Any CPU.Build.0 = Release|Any CPU
		{BAAF8DCD-9E0D-4D77-B034-9030AF4B32FA}.Debug|Any CPU.ActiveCfg = Debug|Any CPU
		{BAAF8DCD-9E0D-4D77-B034-9030AF4B32FA}.Debug|Any CPU.Build.0 = Debug|Any CPU
		{BAAF8DCD-9E0D-4D77-B034-9030AF4B32FA}.Release|Any CPU.ActiveCfg = Release|Any CPU
		{BAAF8DCD-9E0D-4D77-B034-9030AF4B32FA}.Release|Any CPU.Build.0 = Release|Any CPU
		{A737EDBC-F9A5-4177-A072-56BD8679AEE7}.Debug|Any CPU.ActiveCfg = Debug|Any CPU
		{A737EDBC-F9A5-4177-A072-56BD8679AEE7}.Debug|Any CPU.Build.0 = Debug|Any CPU
		{A737EDBC-F9A5-4177-A072-56BD8679AEE7}.Release|Any CPU.ActiveCfg = Release|Any CPU
		{A737EDBC-F9A5-4177-A072-56BD8679AEE7}.Release|Any CPU.Build.0 = Release|Any CPU
		{7156DFF6-12FA-406C-A989-08064D61BD6C}.Debug|Any CPU.ActiveCfg = Debug|Any CPU
		{7156DFF6-12FA-406C-A989-08064D61BD6C}.Debug|Any CPU.Build.0 = Debug|Any CPU
		{7156DFF6-12FA-406C-A989-08064D61BD6C}.Release|Any CPU.ActiveCfg = Release|Any CPU
		{7156DFF6-12FA-406C-A989-08064D61BD6C}.Release|Any CPU.Build.0 = Release|Any CPU
		{C0F10526-85CE-4654-8C1D-B63A5EE13F35}.Debug|Any CPU.ActiveCfg = Debug|Any CPU
		{C0F10526-85CE-4654-8C1D-B63A5EE13F35}.Debug|Any CPU.Build.0 = Debug|Any CPU
		{C0F10526-85CE-4654-8C1D-B63A5EE13F35}.Release|Any CPU.ActiveCfg = Release|Any CPU
		{C0F10526-85CE-4654-8C1D-B63A5EE13F35}.Release|Any CPU.Build.0 = Release|Any CPU
		{87F2343C-7545-4DFC-B9AB-65AE70CC79C4}.Debug|Any CPU.ActiveCfg = Debug|Any CPU
		{87F2343C-7545-4DFC-B9AB-65AE70CC79C4}.Debug|Any CPU.Build.0 = Debug|Any CPU
		{87F2343C-7545-4DFC-B9AB-65AE70CC79C4}.Release|Any CPU.ActiveCfg = Release|Any CPU
		{87F2343C-7545-4DFC-B9AB-65AE70CC79C4}.Release|Any CPU.Build.0 = Release|Any CPU
		{60AF3528-7621-40C6-AFD2-284C3E35281C}.Debug|Any CPU.ActiveCfg = Debug|Any CPU
		{60AF3528-7621-40C6-AFD2-284C3E35281C}.Debug|Any CPU.Build.0 = Debug|Any CPU
		{60AF3528-7621-40C6-AFD2-284C3E35281C}.Release|Any CPU.ActiveCfg = Release|Any CPU
		{60AF3528-7621-40C6-AFD2-284C3E35281C}.Release|Any CPU.Build.0 = Release|Any CPU
		{18D246FE-E236-4F7A-B870-E357D8A7AA00}.Debug|Any CPU.ActiveCfg = Debug|Any CPU
		{18D246FE-E236-4F7A-B870-E357D8A7AA00}.Debug|Any CPU.Build.0 = Debug|Any CPU
		{18D246FE-E236-4F7A-B870-E357D8A7AA00}.Release|Any CPU.ActiveCfg = Release|Any CPU
		{18D246FE-E236-4F7A-B870-E357D8A7AA00}.Release|Any CPU.Build.0 = Release|Any CPU
		{F27056EC-255D-404B-BBAA-C9EEAEE34168}.Debug|Any CPU.ActiveCfg = Debug|Any CPU
		{F27056EC-255D-404B-BBAA-C9EEAEE34168}.Debug|Any CPU.Build.0 = Debug|Any CPU
		{F27056EC-255D-404B-BBAA-C9EEAEE34168}.Release|Any CPU.ActiveCfg = Release|Any CPU
		{F27056EC-255D-404B-BBAA-C9EEAEE34168}.Release|Any CPU.Build.0 = Release|Any CPU
		{87ACCEB9-C94B-4691-B272-6EFE9793EA30}.Debug|Any CPU.ActiveCfg = Debug|Any CPU
		{87ACCEB9-C94B-4691-B272-6EFE9793EA30}.Debug|Any CPU.Build.0 = Debug|Any CPU
		{87ACCEB9-C94B-4691-B272-6EFE9793EA30}.Release|Any CPU.ActiveCfg = Release|Any CPU
		{87ACCEB9-C94B-4691-B272-6EFE9793EA30}.Release|Any CPU.Build.0 = Release|Any CPU
		{1402516A-6675-4839-B560-083CFF9A0E34}.Debug|Any CPU.ActiveCfg = Debug|Any CPU
		{1402516A-6675-4839-B560-083CFF9A0E34}.Debug|Any CPU.Build.0 = Debug|Any CPU
		{1402516A-6675-4839-B560-083CFF9A0E34}.Release|Any CPU.ActiveCfg = Release|Any CPU
		{1402516A-6675-4839-B560-083CFF9A0E34}.Release|Any CPU.Build.0 = Release|Any CPU
		{C2ED6547-88C7-4849-9F07-FCFE46D2EDFF}.Debug|Any CPU.ActiveCfg = Debug|Any CPU
		{C2ED6547-88C7-4849-9F07-FCFE46D2EDFF}.Debug|Any CPU.Build.0 = Debug|Any CPU
		{C2ED6547-88C7-4849-9F07-FCFE46D2EDFF}.Release|Any CPU.ActiveCfg = Release|Any CPU
		{C2ED6547-88C7-4849-9F07-FCFE46D2EDFF}.Release|Any CPU.Build.0 = Release|Any CPU
		{47CD1584-BF4B-4CA4-AA85-0AC7596EB7B3}.Debug|Any CPU.ActiveCfg = Debug|Any CPU
		{47CD1584-BF4B-4CA4-AA85-0AC7596EB7B3}.Debug|Any CPU.Build.0 = Debug|Any CPU
		{47CD1584-BF4B-4CA4-AA85-0AC7596EB7B3}.Release|Any CPU.ActiveCfg = Release|Any CPU
		{47CD1584-BF4B-4CA4-AA85-0AC7596EB7B3}.Release|Any CPU.Build.0 = Release|Any CPU
		{CAF9806E-B90A-4563-98DB-3BCCD0992E23}.Debug|Any CPU.ActiveCfg = Debug|Any CPU
		{CAF9806E-B90A-4563-98DB-3BCCD0992E23}.Debug|Any CPU.Build.0 = Debug|Any CPU
		{CAF9806E-B90A-4563-98DB-3BCCD0992E23}.Release|Any CPU.ActiveCfg = Release|Any CPU
		{CAF9806E-B90A-4563-98DB-3BCCD0992E23}.Release|Any CPU.Build.0 = Release|Any CPU
		{D9191EE6-97D2-46A9-97C3-FBB3E95B138A}.Debug|Any CPU.ActiveCfg = Debug|Any CPU
		{D9191EE6-97D2-46A9-97C3-FBB3E95B138A}.Debug|Any CPU.Build.0 = Debug|Any CPU
		{D9191EE6-97D2-46A9-97C3-FBB3E95B138A}.Release|Any CPU.ActiveCfg = Release|Any CPU
		{D9191EE6-97D2-46A9-97C3-FBB3E95B138A}.Release|Any CPU.Build.0 = Release|Any CPU
		{4DDF2F6D-B688-422E-94AF-E9DDE09D0640}.Debug|Any CPU.ActiveCfg = Debug|Any CPU
		{4DDF2F6D-B688-422E-94AF-E9DDE09D0640}.Debug|Any CPU.Build.0 = Debug|Any CPU
		{4DDF2F6D-B688-422E-94AF-E9DDE09D0640}.Release|Any CPU.ActiveCfg = Release|Any CPU
		{4DDF2F6D-B688-422E-94AF-E9DDE09D0640}.Release|Any CPU.Build.0 = Release|Any CPU
		{CEE60C81-65B4-45CF-9070-DB9F6FD24AD4}.Debug|Any CPU.ActiveCfg = Debug|Any CPU
		{CEE60C81-65B4-45CF-9070-DB9F6FD24AD4}.Debug|Any CPU.Build.0 = Debug|Any CPU
		{CEE60C81-65B4-45CF-9070-DB9F6FD24AD4}.Release|Any CPU.ActiveCfg = Release|Any CPU
		{CEE60C81-65B4-45CF-9070-DB9F6FD24AD4}.Release|Any CPU.Build.0 = Release|Any CPU
		{A68888D3-30DF-4342-BC37-8DB2CA30854B}.Debug|Any CPU.ActiveCfg = Debug|Any CPU
		{A68888D3-30DF-4342-BC37-8DB2CA30854B}.Debug|Any CPU.Build.0 = Debug|Any CPU
		{A68888D3-30DF-4342-BC37-8DB2CA30854B}.Release|Any CPU.ActiveCfg = Release|Any CPU
		{A68888D3-30DF-4342-BC37-8DB2CA30854B}.Release|Any CPU.Build.0 = Release|Any CPU
		{C87567A5-7681-4844-B171-A2AF81092126}.Debug|Any CPU.ActiveCfg = Debug|Any CPU
		{C87567A5-7681-4844-B171-A2AF81092126}.Debug|Any CPU.Build.0 = Debug|Any CPU
		{C87567A5-7681-4844-B171-A2AF81092126}.Release|Any CPU.ActiveCfg = Release|Any CPU
		{C87567A5-7681-4844-B171-A2AF81092126}.Release|Any CPU.Build.0 = Release|Any CPU
		{4CE39DA3-BF3A-4351-A7B8-743573D88E0E}.Debug|Any CPU.ActiveCfg = Debug|Any CPU
		{4CE39DA3-BF3A-4351-A7B8-743573D88E0E}.Debug|Any CPU.Build.0 = Debug|Any CPU
		{4CE39DA3-BF3A-4351-A7B8-743573D88E0E}.Release|Any CPU.ActiveCfg = Release|Any CPU
		{4CE39DA3-BF3A-4351-A7B8-743573D88E0E}.Release|Any CPU.Build.0 = Release|Any CPU
		{6C0EA08D-BBF2-4858-8E87-D7499DFFD9B5}.Debug|Any CPU.ActiveCfg = Debug|Any CPU
		{6C0EA08D-BBF2-4858-8E87-D7499DFFD9B5}.Debug|Any CPU.Build.0 = Debug|Any CPU
		{6C0EA08D-BBF2-4858-8E87-D7499DFFD9B5}.Release|Any CPU.ActiveCfg = Release|Any CPU
		{6C0EA08D-BBF2-4858-8E87-D7499DFFD9B5}.Release|Any CPU.Build.0 = Release|Any CPU
		{FA788C25-7A1C-46DE-A314-A9002DC46C67}.Debug|Any CPU.ActiveCfg = Debug|Any CPU
		{FA788C25-7A1C-46DE-A314-A9002DC46C67}.Debug|Any CPU.Build.0 = Debug|Any CPU
		{FA788C25-7A1C-46DE-A314-A9002DC46C67}.Release|Any CPU.ActiveCfg = Release|Any CPU
		{FA788C25-7A1C-46DE-A314-A9002DC46C67}.Release|Any CPU.Build.0 = Release|Any CPU
		{F2BE42EB-F258-4923-87C1-6C6C8842B873}.Debug|Any CPU.ActiveCfg = Debug|Any CPU
		{F2BE42EB-F258-4923-87C1-6C6C8842B873}.Debug|Any CPU.Build.0 = Debug|Any CPU
		{F2BE42EB-F258-4923-87C1-6C6C8842B873}.Release|Any CPU.ActiveCfg = Release|Any CPU
		{F2BE42EB-F258-4923-87C1-6C6C8842B873}.Release|Any CPU.Build.0 = Release|Any CPU
		{0CA3C236-3AF8-4D41-8B76-0A382A61AF2A}.Debug|Any CPU.ActiveCfg = Debug|Any CPU
		{0CA3C236-3AF8-4D41-8B76-0A382A61AF2A}.Debug|Any CPU.Build.0 = Debug|Any CPU
		{0CA3C236-3AF8-4D41-8B76-0A382A61AF2A}.Release|Any CPU.ActiveCfg = Release|Any CPU
		{0CA3C236-3AF8-4D41-8B76-0A382A61AF2A}.Release|Any CPU.Build.0 = Release|Any CPU
		{33020259-FFA5-4D8F-B5AB-A777B7A95A22}.Debug|Any CPU.ActiveCfg = Debug|Any CPU
		{33020259-FFA5-4D8F-B5AB-A777B7A95A22}.Debug|Any CPU.Build.0 = Debug|Any CPU
		{33020259-FFA5-4D8F-B5AB-A777B7A95A22}.Release|Any CPU.ActiveCfg = Release|Any CPU
		{33020259-FFA5-4D8F-B5AB-A777B7A95A22}.Release|Any CPU.Build.0 = Release|Any CPU
		{345DAFC1-6BA8-4C3E-AC2F-3004ABAEBB41}.Debug|Any CPU.ActiveCfg = Debug|Any CPU
		{345DAFC1-6BA8-4C3E-AC2F-3004ABAEBB41}.Debug|Any CPU.Build.0 = Debug|Any CPU
		{345DAFC1-6BA8-4C3E-AC2F-3004ABAEBB41}.Release|Any CPU.ActiveCfg = Release|Any CPU
		{345DAFC1-6BA8-4C3E-AC2F-3004ABAEBB41}.Release|Any CPU.Build.0 = Release|Any CPU
		{138D16C8-F147-41A9-AB9D-0A73A821B5FD}.Debug|Any CPU.ActiveCfg = Debug|Any CPU
		{138D16C8-F147-41A9-AB9D-0A73A821B5FD}.Debug|Any CPU.Build.0 = Debug|Any CPU
		{138D16C8-F147-41A9-AB9D-0A73A821B5FD}.Release|Any CPU.ActiveCfg = Release|Any CPU
		{138D16C8-F147-41A9-AB9D-0A73A821B5FD}.Release|Any CPU.Build.0 = Release|Any CPU
		{44C617AA-1FBD-4F88-883F-829AC0F9EE04}.Debug|Any CPU.ActiveCfg = Debug|Any CPU
		{44C617AA-1FBD-4F88-883F-829AC0F9EE04}.Debug|Any CPU.Build.0 = Debug|Any CPU
		{44C617AA-1FBD-4F88-883F-829AC0F9EE04}.Release|Any CPU.ActiveCfg = Release|Any CPU
		{44C617AA-1FBD-4F88-883F-829AC0F9EE04}.Release|Any CPU.Build.0 = Release|Any CPU
		{6F2A2D87-5E87-4C36-ACE1-91E8A016C900}.Debug|Any CPU.ActiveCfg = Debug|Any CPU
		{6F2A2D87-5E87-4C36-ACE1-91E8A016C900}.Debug|Any CPU.Build.0 = Debug|Any CPU
		{6F2A2D87-5E87-4C36-ACE1-91E8A016C900}.Release|Any CPU.ActiveCfg = Release|Any CPU
		{6F2A2D87-5E87-4C36-ACE1-91E8A016C900}.Release|Any CPU.Build.0 = Release|Any CPU
		{F05E60FB-3C5C-468F-A60B-43C6E2126AD7}.Debug|Any CPU.ActiveCfg = Debug|Any CPU
		{F05E60FB-3C5C-468F-A60B-43C6E2126AD7}.Debug|Any CPU.Build.0 = Debug|Any CPU
		{F05E60FB-3C5C-468F-A60B-43C6E2126AD7}.Release|Any CPU.ActiveCfg = Release|Any CPU
		{F05E60FB-3C5C-468F-A60B-43C6E2126AD7}.Release|Any CPU.Build.0 = Release|Any CPU
		{75D7305E-4A54-4D76-B32F-6B7F845AFD3F}.Debug|Any CPU.ActiveCfg = Debug|Any CPU
		{75D7305E-4A54-4D76-B32F-6B7F845AFD3F}.Debug|Any CPU.Build.0 = Debug|Any CPU
		{75D7305E-4A54-4D76-B32F-6B7F845AFD3F}.Release|Any CPU.ActiveCfg = Release|Any CPU
		{75D7305E-4A54-4D76-B32F-6B7F845AFD3F}.Release|Any CPU.Build.0 = Release|Any CPU
		{2F729ED6-B606-48B2-BB89-996E10A985DE}.Debug|Any CPU.ActiveCfg = Debug|Any CPU
		{2F729ED6-B606-48B2-BB89-996E10A985DE}.Debug|Any CPU.Build.0 = Debug|Any CPU
		{2F729ED6-B606-48B2-BB89-996E10A985DE}.Release|Any CPU.ActiveCfg = Release|Any CPU
		{2F729ED6-B606-48B2-BB89-996E10A985DE}.Release|Any CPU.Build.0 = Release|Any CPU
		{1B6BB9C2-9A15-4D9E-8FDF-B43EB8AE0D7D}.Debug|Any CPU.ActiveCfg = Debug|Any CPU
		{1B6BB9C2-9A15-4D9E-8FDF-B43EB8AE0D7D}.Debug|Any CPU.Build.0 = Debug|Any CPU
		{1B6BB9C2-9A15-4D9E-8FDF-B43EB8AE0D7D}.Release|Any CPU.ActiveCfg = Release|Any CPU
		{1B6BB9C2-9A15-4D9E-8FDF-B43EB8AE0D7D}.Release|Any CPU.Build.0 = Release|Any CPU
		{71D60298-1D36-43A7-9449-8CA3C25FE932}.Debug|Any CPU.ActiveCfg = Debug|Any CPU
		{71D60298-1D36-43A7-9449-8CA3C25FE932}.Debug|Any CPU.Build.0 = Debug|Any CPU
		{71D60298-1D36-43A7-9449-8CA3C25FE932}.Release|Any CPU.ActiveCfg = Release|Any CPU
		{71D60298-1D36-43A7-9449-8CA3C25FE932}.Release|Any CPU.Build.0 = Release|Any CPU
		{A8A498CA-292D-430A-BD63-752A5017BAF3}.Debug|Any CPU.ActiveCfg = Debug|Any CPU
		{A8A498CA-292D-430A-BD63-752A5017BAF3}.Debug|Any CPU.Build.0 = Debug|Any CPU
		{A8A498CA-292D-430A-BD63-752A5017BAF3}.Release|Any CPU.ActiveCfg = Release|Any CPU
		{A8A498CA-292D-430A-BD63-752A5017BAF3}.Release|Any CPU.Build.0 = Release|Any CPU
		{03C5FFE4-AA5D-4D0C-AC9C-EE5E78F2E212}.Debug|Any CPU.ActiveCfg = Debug|Any CPU
		{03C5FFE4-AA5D-4D0C-AC9C-EE5E78F2E212}.Debug|Any CPU.Build.0 = Debug|Any CPU
		{03C5FFE4-AA5D-4D0C-AC9C-EE5E78F2E212}.Release|Any CPU.ActiveCfg = Release|Any CPU
		{03C5FFE4-AA5D-4D0C-AC9C-EE5E78F2E212}.Release|Any CPU.Build.0 = Release|Any CPU
	EndGlobalSection
	GlobalSection(SolutionProperties) = preSolution
		HideSolutionNode = FALSE
	EndGlobalSection
	GlobalSection(NestedProjects) = preSolution
		{01F3BD09-8789-421A-A8C9-E3531B2E0E64} = {39B748A0-1CA6-44C6-9663-95B287DECF05}
		{AD98805F-BE11-494A-8BDC-B3B91C387126} = {39B748A0-1CA6-44C6-9663-95B287DECF05}
		{B650AC24-9F56-4628-8020-DAA500BEA6C8} = {39B748A0-1CA6-44C6-9663-95B287DECF05}
		{48E5E085-1999-4546-9296-6826FE2F60A2} = {39B748A0-1CA6-44C6-9663-95B287DECF05}
		{14C34142-F362-4A43-8E6C-2B058FB30BB7} = {39B748A0-1CA6-44C6-9663-95B287DECF05}
		{B38286CA-7FAD-4E16-9A05-471031C8B99D} = {39B748A0-1CA6-44C6-9663-95B287DECF05}
		{6CA1BA43-55E2-4B5C-A875-DA8FEB17E523} = {39B748A0-1CA6-44C6-9663-95B287DECF05}
		{1B874AC7-2B4E-48C1-9DF3-C88FFCBAAEFD} = {39B748A0-1CA6-44C6-9663-95B287DECF05}
		{F82DBFAE-042A-41E2-806E-876DD9223E6E} = {9163B37D-94FA-4651-B39A-60237D20916B}
		{FF07DEF1-EC06-4D2A-A71F-D3ED3E6C519D} = {9163B37D-94FA-4651-B39A-60237D20916B}
		{BAAF8DCD-9E0D-4D77-B034-9030AF4B32FA} = {9163B37D-94FA-4651-B39A-60237D20916B}
		{A737EDBC-F9A5-4177-A072-56BD8679AEE7} = {4AE9F50F-5BC8-4A96-83BE-743FD58BEC93}
		{7156DFF6-12FA-406C-A989-08064D61BD6C} = {4AE9F50F-5BC8-4A96-83BE-743FD58BEC93}
		{C0F10526-85CE-4654-8C1D-B63A5EE13F35} = {4AE9F50F-5BC8-4A96-83BE-743FD58BEC93}
		{87F2343C-7545-4DFC-B9AB-65AE70CC79C4} = {4AE9F50F-5BC8-4A96-83BE-743FD58BEC93}
		{60AF3528-7621-40C6-AFD2-284C3E35281C} = {9C4500E2-555B-4F58-BA03-AA729EB9FBAD}
		{18D246FE-E236-4F7A-B870-E357D8A7AA00} = {9C4500E2-555B-4F58-BA03-AA729EB9FBAD}
		{F27056EC-255D-404B-BBAA-C9EEAEE34168} = {9C4500E2-555B-4F58-BA03-AA729EB9FBAD}
		{87ACCEB9-C94B-4691-B272-6EFE9793EA30} = {9C4500E2-555B-4F58-BA03-AA729EB9FBAD}
		{1402516A-6675-4839-B560-083CFF9A0E34} = {9C4500E2-555B-4F58-BA03-AA729EB9FBAD}
		{C2ED6547-88C7-4849-9F07-FCFE46D2EDFF} = {9C4500E2-555B-4F58-BA03-AA729EB9FBAD}
		{47CD1584-BF4B-4CA4-AA85-0AC7596EB7B3} = {9C4500E2-555B-4F58-BA03-AA729EB9FBAD}
		{CAF9806E-B90A-4563-98DB-3BCCD0992E23} = {9C4500E2-555B-4F58-BA03-AA729EB9FBAD}
		{D9191EE6-97D2-46A9-97C3-FBB3E95B138A} = {9C4500E2-555B-4F58-BA03-AA729EB9FBAD}
		{4DDF2F6D-B688-422E-94AF-E9DDE09D0640} = {091AF78C-04C6-4802-868F-387996457971}
		{CEE60C81-65B4-45CF-9070-DB9F6FD24AD4} = {091AF78C-04C6-4802-868F-387996457971}
		{A68888D3-30DF-4342-BC37-8DB2CA30854B} = {091AF78C-04C6-4802-868F-387996457971}
		{C87567A5-7681-4844-B171-A2AF81092126} = {091AF78C-04C6-4802-868F-387996457971}
		{4CE39DA3-BF3A-4351-A7B8-743573D88E0E} = {091AF78C-04C6-4802-868F-387996457971}
		{6C0EA08D-BBF2-4858-8E87-D7499DFFD9B5} = {091AF78C-04C6-4802-868F-387996457971}
		{FA788C25-7A1C-46DE-A314-A9002DC46C67} = {091AF78C-04C6-4802-868F-387996457971}
		{F2BE42EB-F258-4923-87C1-6C6C8842B873} = {091AF78C-04C6-4802-868F-387996457971}
		{0CA3C236-3AF8-4D41-8B76-0A382A61AF2A} = {091AF78C-04C6-4802-868F-387996457971}
		{33020259-FFA5-4D8F-B5AB-A777B7A95A22} = {95EA888A-FABB-4F6C-839D-8CD3AA491D96}
		{345DAFC1-6BA8-4C3E-AC2F-3004ABAEBB41} = {95EA888A-FABB-4F6C-839D-8CD3AA491D96}
		{138D16C8-F147-41A9-AB9D-0A73A821B5FD} = {95EA888A-FABB-4F6C-839D-8CD3AA491D96}
		{44C617AA-1FBD-4F88-883F-829AC0F9EE04} = {95EA888A-FABB-4F6C-839D-8CD3AA491D96}
		{6F2A2D87-5E87-4C36-ACE1-91E8A016C900} = {95EA888A-FABB-4F6C-839D-8CD3AA491D96}
		{F05E60FB-3C5C-468F-A60B-43C6E2126AD7} = {D2185621-DFD0-4E7B-9EDB-66CCFC6F44A2}
		{75D7305E-4A54-4D76-B32F-6B7F845AFD3F} = {D2185621-DFD0-4E7B-9EDB-66CCFC6F44A2}
		{2F729ED6-B606-48B2-BB89-996E10A985DE} = {D2185621-DFD0-4E7B-9EDB-66CCFC6F44A2}
		{1B6BB9C2-9A15-4D9E-8FDF-B43EB8AE0D7D} = {92F641EA-15D6-4D9A-AAFD-AED1B440EAC7}
		{71D60298-1D36-43A7-9449-8CA3C25FE932} = {92F641EA-15D6-4D9A-AAFD-AED1B440EAC7}
		{A8A498CA-292D-430A-BD63-752A5017BAF3} = {92F641EA-15D6-4D9A-AAFD-AED1B440EAC7}
		{03C5FFE4-AA5D-4D0C-AC9C-EE5E78F2E212} = {92F641EA-15D6-4D9A-AAFD-AED1B440EAC7}
	EndGlobalSection
	GlobalSection(ExtensibilityGlobals) = postSolution
		SolutionGuid = {961C7820-672D-4346-B038-1DA022C0F3DB}
	EndGlobalSection
EndGlobal
