
Microsoft Visual Studio Solution File, Format Version 12.00
# Visual Studio Version 16
VisualStudioVersion = 16.0.29709.97
MinimumVisualStudioVersion = 10.0.40219.1
Project("{2150E333-8FDC-42A3-9474-1A3956D46DE8}") = "Hello World", "Hello World", "{1054B5C2-5089-4A39-A4E7-3C271468E0F5}"
EndProject
Project("{778DAE3C-4631-46EA-AA77-85C1314464D9}") = "HelloWorld", "Hello World\HelloWorld.vbproj", "{5502CEF1-406C-47ED-902A-B8EA825E5AC1}"
EndProject
Project("{2150E333-8FDC-42A3-9474-1A3956D46DE8}") = "Common Uses", "Common Uses", "{153877E0-31BC-45BE-82F1-3688E1D922AE}"
EndProject
Project("{778DAE3C-4631-46EA-AA77-85C1314464D9}") = "Convert", "Common Uses\Convert\Convert.vbproj", "{87838385-2FA9-4412-ACFC-0AFB9962A697}"
EndProject
Project("{778DAE3C-4631-46EA-AA77-85C1314464D9}") = "Load", "Common Uses\Load\Load.vbproj", "{7BDF348D-7158-4014-87CB-4C7DBB6A56DD}"
EndProject
Project("{778DAE3C-4631-46EA-AA77-85C1314464D9}") = "Receive", "Common Uses\Receive\Receive.vbproj", "{B3DFDA9A-1712-4E0E-9338-C5E3493A6028}"
EndProject
Project("{778DAE3C-4631-46EA-AA77-85C1314464D9}") = "Reply", "Common Uses\Reply\Reply.vbproj", "{9A1CD567-A76F-48F5-AE53-7326D41321A8}"
EndProject
Project("{778DAE3C-4631-46EA-AA77-85C1314464D9}") = "Save", "Common Uses\Save\Save.vbproj", "{4E6F28FA-3B11-4F62-B778-9FF8B579A6FC}"
EndProject
Project("{778DAE3C-4631-46EA-AA77-85C1314464D9}") = "Send", "Common Uses\Send\Send.vbproj", "{1A6E8CA1-9859-4A2D-B00E-4E7C97224E07}"
EndProject
Project("{2150E333-8FDC-42A3-9474-1A3956D46DE8}") = "Mail Message", "Mail Message", "{9DFB515D-AA67-4088-A5E3-73FF39537658}"
EndProject
Project("{778DAE3C-4631-46EA-AA77-85C1314464D9}") = "CreateMessage", "Mail Message\Create Message\CreateMessage.vbproj", "{18534B61-98D2-497D-894F-C2067071D3E7}"
EndProject
Project("{778DAE3C-4631-46EA-AA77-85C1314464D9}") = "Headers", "Mail Message\Headers\Headers.vbproj", "{1D980BD3-2728-4376-A03E-527EB62C512B}"
EndProject
Project("{778DAE3C-4631-46EA-AA77-85C1314464D9}") = "HtmlWithAttachment", "Mail Message\Html With Attachment\HtmlWithAttachment.vbproj", "{64BC70E0-4E16-4D6E-B648-652699B7BDC3}"
EndProject
Project("{778DAE3C-4631-46EA-AA77-85C1314464D9}") = "Mbox", "Mail Message\Mbox\Mbox.vbproj", "{1C367794-5BC6-4014-9826-C2CF42D7E0FD}"
EndProject
Project("{2150E333-8FDC-42A3-9474-1A3956D46DE8}") = "POP", "POP", "{48B36BAF-7159-4A9D-8D95-8CBE0C696036}"
EndProject
Project("{778DAE3C-4631-46EA-AA77-85C1314464D9}") = "Connect", "POP\Connect\Connect.vbproj", "{515C5E3B-60C8-4AEB-99F6-27AF06297418}"
EndProject
Project("{778DAE3C-4631-46EA-AA77-85C1314464D9}") = "ListMessages", "POP\List Messages\ListMessages.vbproj", "{D096BF26-2D80-4ED7-BA25-E5AA6E5770DF}"
EndProject
Project("{778DAE3C-4631-46EA-AA77-85C1314464D9}") = "MailboxInfo", "POP\Mailbox Info\MailboxInfo.vbproj", "{956299B1-A785-4344-B68A-6A17819F9D42}"
EndProject
Project("{778DAE3C-4631-46EA-AA77-85C1314464D9}") = "MessageHeaders", "POP\Message Headers\MessageHeaders.vbproj", "{6147D69E-D835-4B92-A3F8-215B2804EB09}"
EndProject
Project("{778DAE3C-4631-46EA-AA77-85C1314464D9}") = "SSLCertificateValidation", "POP\SSL Certificate Validation\SSLCertificateValidation.vbproj", "{40FC4A10-FAB3-41A3-A992-C3F0A3AAF526}"
EndProject
Project("{2150E333-8FDC-42A3-9474-1A3956D46DE8}") = "IMAP", "IMAP", "{5B6589B4-58B2-450F-B57F-8EC5B9EEFF54}"
EndProject
Project("{778DAE3C-4631-46EA-AA77-85C1314464D9}") = "Connect", "IMAP\Connect\Connect.vbproj", "{53EA627B-8ACF-4F7F-8B8B-336D61AFCF39}"
EndProject
Project("{778DAE3C-4631-46EA-AA77-85C1314464D9}") = "FolderFlags", "IMAP\Folder Flags\FolderFlags.vbproj", "{BF927B22-2909-42F3-B8D6-A113CEC09993}"
EndProject
Project("{778DAE3C-4631-46EA-AA77-85C1314464D9}") = "Folders", "IMAP\Folders\Folders.vbproj", "{0634B2ED-0A07-467A-A050-D5679AE32D0D}"
EndProject
Project("{778DAE3C-4631-46EA-AA77-85C1314464D9}") = "ListMessages", "IMAP\List Messages\ListMessages.vbproj", "{C43D0614-9B54-4377-A760-EDD848A6A8D5}"
EndProject
Project("{778DAE3C-4631-46EA-AA77-85C1314464D9}") = "MessageFlags", "IMAP\Message Flags\MessageFlags.vbproj", "{DF42FF6B-9B77-44F2-9507-DF63010D7CD4}"
EndProject
Project("{778DAE3C-4631-46EA-AA77-85C1314464D9}") = "MessageHeaders", "IMAP\Message Headers\MessageHeaders.vbproj", "{82EBAEBB-FC18-4ED7-B341-A4060DBBB023}"
EndProject
Project("{778DAE3C-4631-46EA-AA77-85C1314464D9}") = "Search", "IMAP\Search\Search.vbproj", "{13DB8F18-8655-4843-9419-C92C394025D5}"
EndProject
Project("{778DAE3C-4631-46EA-AA77-85C1314464D9}") = "SSLCertificateValidation", "IMAP\SSL Certificate Validation\SSLCertificateValidation.vbproj", "{38670821-89E0-4DEC-B1FB-BFC8B8AE2814}"
EndProject
Project("{2150E333-8FDC-42A3-9474-1A3956D46DE8}") = "SMTP", "SMTP", "{95BB5088-308A-4B1F-9E4C-8E4706C2F4AE}"
EndProject
Project("{778DAE3C-4631-46EA-AA77-85C1314464D9}") = "Connect", "SMTP\Connect\Connect.vbproj", "{FFCD0BDC-620E-424D-9924-8EFAC0870327}"
EndProject
Project("{778DAE3C-4631-46EA-AA77-85C1314464D9}") = "MassMessages", "SMTP\Mass Messages\MassMessages.vbproj", "{CAFC68FB-3A04-49B2-8AE0-FDB421F4D9CF}"
EndProject
Project("{778DAE3C-4631-46EA-AA77-85C1314464D9}") = "SSLCertificateValidation", "SMTP\SSL Certificate Validation\SSLCertificateValidation.vbproj", "{1A2FFD19-69FA-4B31-AC3D-C155F6FF5DAF}"
EndProject
Project("{2150E333-8FDC-42A3-9474-1A3956D46DE8}") = "Exchange", "Exchange", "{9E7C14EB-1DB0-4392-93B2-AFBDC0191350}"
EndProject
Project("{778DAE3C-4631-46EA-AA77-85C1314464D9}") = "Folders", "Exchange\Folders\Folders.vbproj", "{3445CB6A-CB7A-4719-941B-CE5C0ADE3741}"
EndProject
Project("{778DAE3C-4631-46EA-AA77-85C1314464D9}") = "Messages", "Exchange\Messages\Messages.vbproj", "{4A4DC2F6-CB3C-4475-AD50-601E183829B4}"
EndProject
Project("{778DAE3C-4631-46EA-AA77-85C1314464D9}") = "Send", "Exchange\Send\Send.vbproj", "{2C03E228-F1EC-4B23-B8CE-6E24FA80C359}"
EndProject
Project("{2150E333-8FDC-42A3-9474-1A3956D46DE8}") = "Calendar", "Calendar", "{2D5641C9-F258-4E08-8B56-19EED0154E6B}"
EndProject
Project("{778DAE3C-4631-46EA-AA77-85C1314464D9}") = "AddToMessage", "Calendar\Add To Message\AddToMessage.vbproj", "{6AF5E098-C94B-4B8B-BE86-1D3423EE331C}"
EndProject
Project("{778DAE3C-4631-46EA-AA77-85C1314464D9}") = "CreateAndSave", "Calendar\Create And Save\CreateAndSave.vbproj", "{E356FFEC-413B-4E36-9ED0-E7F29DDABEE8}"
EndProject
Project("{778DAE3C-4631-46EA-AA77-85C1314464D9}") = "Load", "Calendar\Load\Load.vbproj", "{B647B4CD-5818-454F-BED0-ECCE99B1B528}"
EndProject
Project("{2150E333-8FDC-42A3-9474-1A3956D46DE8}") = "Mail Address Validation", "Mail Address Validation", "{2CDBBE4A-5220-4311-B207-D0B70C9650C4}"
EndProject
Project("{778DAE3C-4631-46EA-AA77-85C1314464D9}") = "MailAddressValidation", "Mail Address Validation\MailAddressValidation.vbproj", "{B3FD988B-D768-4B52-B0CA-9DC3EC4AE6C5}"
EndProject
Project("{2150E333-8FDC-42A3-9474-1A3956D46DE8}") = "Mail Merge", "Mail Merge", "{6FEB4FE7-E43B-405D-B6B8-8FCB15A3DEB4}"
EndProject
Project("{778DAE3C-4631-46EA-AA77-85C1314464D9}") = "DataTableSource", "Mail Merge\Data Table Source\DataTableSource.vbproj", "{A11749AF-E14E-424F-A54F-81C4C2820937}"
EndProject
Project("{778DAE3C-4631-46EA-AA77-85C1314464D9}") = "ObjectSource", "Mail Merge\Object Source\ObjectSource.vbproj", "{E3B17707-98D3-4EFB-B8F7-DC16189014DC}"
EndProject
Global
	GlobalSection(SolutionConfigurationPlatforms) = preSolution
		Debug|Any CPU = Debug|Any CPU
		Release|Any CPU = Release|Any CPU
	EndGlobalSection
	GlobalSection(ProjectConfigurationPlatforms) = postSolution
		{5502CEF1-406C-47ED-902A-B8EA825E5AC1}.Debug|Any CPU.ActiveCfg = Debug|Any CPU
		{5502CEF1-406C-47ED-902A-B8EA825E5AC1}.Debug|Any CPU.Build.0 = Debug|Any CPU
		{5502CEF1-406C-47ED-902A-B8EA825E5AC1}.Release|Any CPU.ActiveCfg = Release|Any CPU
		{5502CEF1-406C-47ED-902A-B8EA825E5AC1}.Release|Any CPU.Build.0 = Release|Any CPU
		{87838385-2FA9-4412-ACFC-0AFB9962A697}.Debug|Any CPU.ActiveCfg = Debug|Any CPU
		{87838385-2FA9-4412-ACFC-0AFB9962A697}.Debug|Any CPU.Build.0 = Debug|Any CPU
		{87838385-2FA9-4412-ACFC-0AFB9962A697}.Release|Any CPU.ActiveCfg = Release|Any CPU
		{87838385-2FA9-4412-ACFC-0AFB9962A697}.Release|Any CPU.Build.0 = Release|Any CPU
		{7BDF348D-7158-4014-87CB-4C7DBB6A56DD}.Debug|Any CPU.ActiveCfg = Debug|Any CPU
		{7BDF348D-7158-4014-87CB-4C7DBB6A56DD}.Debug|Any CPU.Build.0 = Debug|Any CPU
		{7BDF348D-7158-4014-87CB-4C7DBB6A56DD}.Release|Any CPU.ActiveCfg = Release|Any CPU
		{7BDF348D-7158-4014-87CB-4C7DBB6A56DD}.Release|Any CPU.Build.0 = Release|Any CPU
		{B3DFDA9A-1712-4E0E-9338-C5E3493A6028}.Debug|Any CPU.ActiveCfg = Debug|Any CPU
		{B3DFDA9A-1712-4E0E-9338-C5E3493A6028}.Debug|Any CPU.Build.0 = Debug|Any CPU
		{B3DFDA9A-1712-4E0E-9338-C5E3493A6028}.Release|Any CPU.ActiveCfg = Release|Any CPU
		{B3DFDA9A-1712-4E0E-9338-C5E3493A6028}.Release|Any CPU.Build.0 = Release|Any CPU
		{9A1CD567-A76F-48F5-AE53-7326D41321A8}.Debug|Any CPU.ActiveCfg = Debug|Any CPU
		{9A1CD567-A76F-48F5-AE53-7326D41321A8}.Debug|Any CPU.Build.0 = Debug|Any CPU
		{9A1CD567-A76F-48F5-AE53-7326D41321A8}.Release|Any CPU.ActiveCfg = Release|Any CPU
		{9A1CD567-A76F-48F5-AE53-7326D41321A8}.Release|Any CPU.Build.0 = Release|Any CPU
		{4E6F28FA-3B11-4F62-B778-9FF8B579A6FC}.Debug|Any CPU.ActiveCfg = Debug|Any CPU
		{4E6F28FA-3B11-4F62-B778-9FF8B579A6FC}.Debug|Any CPU.Build.0 = Debug|Any CPU
		{4E6F28FA-3B11-4F62-B778-9FF8B579A6FC}.Release|Any CPU.ActiveCfg = Release|Any CPU
		{4E6F28FA-3B11-4F62-B778-9FF8B579A6FC}.Release|Any CPU.Build.0 = Release|Any CPU
		{1A6E8CA1-9859-4A2D-B00E-4E7C97224E07}.Debug|Any CPU.ActiveCfg = Debug|Any CPU
		{1A6E8CA1-9859-4A2D-B00E-4E7C97224E07}.Debug|Any CPU.Build.0 = Debug|Any CPU
		{1A6E8CA1-9859-4A2D-B00E-4E7C97224E07}.Release|Any CPU.ActiveCfg = Release|Any CPU
		{1A6E8CA1-9859-4A2D-B00E-4E7C97224E07}.Release|Any CPU.Build.0 = Release|Any CPU
		{18534B61-98D2-497D-894F-C2067071D3E7}.Debug|Any CPU.ActiveCfg = Debug|Any CPU
		{18534B61-98D2-497D-894F-C2067071D3E7}.Debug|Any CPU.Build.0 = Debug|Any CPU
		{18534B61-98D2-497D-894F-C2067071D3E7}.Release|Any CPU.ActiveCfg = Release|Any CPU
		{18534B61-98D2-497D-894F-C2067071D3E7}.Release|Any CPU.Build.0 = Release|Any CPU
		{1D980BD3-2728-4376-A03E-527EB62C512B}.Debug|Any CPU.ActiveCfg = Debug|Any CPU
		{1D980BD3-2728-4376-A03E-527EB62C512B}.Debug|Any CPU.Build.0 = Debug|Any CPU
		{1D980BD3-2728-4376-A03E-527EB62C512B}.Release|Any CPU.ActiveCfg = Release|Any CPU
		{1D980BD3-2728-4376-A03E-527EB62C512B}.Release|Any CPU.Build.0 = Release|Any CPU
		{64BC70E0-4E16-4D6E-B648-652699B7BDC3}.Debug|Any CPU.ActiveCfg = Debug|Any CPU
		{64BC70E0-4E16-4D6E-B648-652699B7BDC3}.Debug|Any CPU.Build.0 = Debug|Any CPU
		{64BC70E0-4E16-4D6E-B648-652699B7BDC3}.Release|Any CPU.ActiveCfg = Release|Any CPU
		{64BC70E0-4E16-4D6E-B648-652699B7BDC3}.Release|Any CPU.Build.0 = Release|Any CPU
		{1C367794-5BC6-4014-9826-C2CF42D7E0FD}.Debug|Any CPU.ActiveCfg = Debug|Any CPU
		{1C367794-5BC6-4014-9826-C2CF42D7E0FD}.Debug|Any CPU.Build.0 = Debug|Any CPU
		{1C367794-5BC6-4014-9826-C2CF42D7E0FD}.Release|Any CPU.ActiveCfg = Release|Any CPU
		{1C367794-5BC6-4014-9826-C2CF42D7E0FD}.Release|Any CPU.Build.0 = Release|Any CPU
		{515C5E3B-60C8-4AEB-99F6-27AF06297418}.Debug|Any CPU.ActiveCfg = Debug|Any CPU
		{515C5E3B-60C8-4AEB-99F6-27AF06297418}.Debug|Any CPU.Build.0 = Debug|Any CPU
		{515C5E3B-60C8-4AEB-99F6-27AF06297418}.Release|Any CPU.ActiveCfg = Release|Any CPU
		{515C5E3B-60C8-4AEB-99F6-27AF06297418}.Release|Any CPU.Build.0 = Release|Any CPU
		{D096BF26-2D80-4ED7-BA25-E5AA6E5770DF}.Debug|Any CPU.ActiveCfg = Debug|Any CPU
		{D096BF26-2D80-4ED7-BA25-E5AA6E5770DF}.Debug|Any CPU.Build.0 = Debug|Any CPU
		{D096BF26-2D80-4ED7-BA25-E5AA6E5770DF}.Release|Any CPU.ActiveCfg = Release|Any CPU
		{D096BF26-2D80-4ED7-BA25-E5AA6E5770DF}.Release|Any CPU.Build.0 = Release|Any CPU
		{956299B1-A785-4344-B68A-6A17819F9D42}.Debug|Any CPU.ActiveCfg = Debug|Any CPU
		{956299B1-A785-4344-B68A-6A17819F9D42}.Debug|Any CPU.Build.0 = Debug|Any CPU
		{956299B1-A785-4344-B68A-6A17819F9D42}.Release|Any CPU.ActiveCfg = Release|Any CPU
		{956299B1-A785-4344-B68A-6A17819F9D42}.Release|Any CPU.Build.0 = Release|Any CPU
		{6147D69E-D835-4B92-A3F8-215B2804EB09}.Debug|Any CPU.ActiveCfg = Debug|Any CPU
		{6147D69E-D835-4B92-A3F8-215B2804EB09}.Debug|Any CPU.Build.0 = Debug|Any CPU
		{6147D69E-D835-4B92-A3F8-215B2804EB09}.Release|Any CPU.ActiveCfg = Release|Any CPU
		{6147D69E-D835-4B92-A3F8-215B2804EB09}.Release|Any CPU.Build.0 = Release|Any CPU
		{40FC4A10-FAB3-41A3-A992-C3F0A3AAF526}.Debug|Any CPU.ActiveCfg = Debug|Any CPU
		{40FC4A10-FAB3-41A3-A992-C3F0A3AAF526}.Debug|Any CPU.Build.0 = Debug|Any CPU
		{40FC4A10-FAB3-41A3-A992-C3F0A3AAF526}.Release|Any CPU.ActiveCfg = Release|Any CPU
		{40FC4A10-FAB3-41A3-A992-C3F0A3AAF526}.Release|Any CPU.Build.0 = Release|Any CPU
		{53EA627B-8ACF-4F7F-8B8B-336D61AFCF39}.Debug|Any CPU.ActiveCfg = Debug|Any CPU
		{53EA627B-8ACF-4F7F-8B8B-336D61AFCF39}.Debug|Any CPU.Build.0 = Debug|Any CPU
		{53EA627B-8ACF-4F7F-8B8B-336D61AFCF39}.Release|Any CPU.ActiveCfg = Release|Any CPU
		{53EA627B-8ACF-4F7F-8B8B-336D61AFCF39}.Release|Any CPU.Build.0 = Release|Any CPU
		{BF927B22-2909-42F3-B8D6-A113CEC09993}.Debug|Any CPU.ActiveCfg = Debug|Any CPU
		{BF927B22-2909-42F3-B8D6-A113CEC09993}.Debug|Any CPU.Build.0 = Debug|Any CPU
		{BF927B22-2909-42F3-B8D6-A113CEC09993}.Release|Any CPU.ActiveCfg = Release|Any CPU
		{BF927B22-2909-42F3-B8D6-A113CEC09993}.Release|Any CPU.Build.0 = Release|Any CPU
		{0634B2ED-0A07-467A-A050-D5679AE32D0D}.Debug|Any CPU.ActiveCfg = Debug|Any CPU
		{0634B2ED-0A07-467A-A050-D5679AE32D0D}.Debug|Any CPU.Build.0 = Debug|Any CPU
		{0634B2ED-0A07-467A-A050-D5679AE32D0D}.Release|Any CPU.ActiveCfg = Release|Any CPU
		{0634B2ED-0A07-467A-A050-D5679AE32D0D}.Release|Any CPU.Build.0 = Release|Any CPU
		{C43D0614-9B54-4377-A760-EDD848A6A8D5}.Debug|Any CPU.ActiveCfg = Debug|Any CPU
		{C43D0614-9B54-4377-A760-EDD848A6A8D5}.Debug|Any CPU.Build.0 = Debug|Any CPU
		{C43D0614-9B54-4377-A760-EDD848A6A8D5}.Release|Any CPU.ActiveCfg = Release|Any CPU
		{C43D0614-9B54-4377-A760-EDD848A6A8D5}.Release|Any CPU.Build.0 = Release|Any CPU
		{DF42FF6B-9B77-44F2-9507-DF63010D7CD4}.Debug|Any CPU.ActiveCfg = Debug|Any CPU
		{DF42FF6B-9B77-44F2-9507-DF63010D7CD4}.Debug|Any CPU.Build.0 = Debug|Any CPU
		{DF42FF6B-9B77-44F2-9507-DF63010D7CD4}.Release|Any CPU.ActiveCfg = Release|Any CPU
		{DF42FF6B-9B77-44F2-9507-DF63010D7CD4}.Release|Any CPU.Build.0 = Release|Any CPU
		{82EBAEBB-FC18-4ED7-B341-A4060DBBB023}.Debug|Any CPU.ActiveCfg = Debug|Any CPU
		{82EBAEBB-FC18-4ED7-B341-A4060DBBB023}.Debug|Any CPU.Build.0 = Debug|Any CPU
		{82EBAEBB-FC18-4ED7-B341-A4060DBBB023}.Release|Any CPU.ActiveCfg = Release|Any CPU
		{82EBAEBB-FC18-4ED7-B341-A4060DBBB023}.Release|Any CPU.Build.0 = Release|Any CPU
		{13DB8F18-8655-4843-9419-C92C394025D5}.Debug|Any CPU.ActiveCfg = Debug|Any CPU
		{13DB8F18-8655-4843-9419-C92C394025D5}.Debug|Any CPU.Build.0 = Debug|Any CPU
		{13DB8F18-8655-4843-9419-C92C394025D5}.Release|Any CPU.ActiveCfg = Release|Any CPU
		{13DB8F18-8655-4843-9419-C92C394025D5}.Release|Any CPU.Build.0 = Release|Any CPU
		{38670821-89E0-4DEC-B1FB-BFC8B8AE2814}.Debug|Any CPU.ActiveCfg = Debug|Any CPU
		{38670821-89E0-4DEC-B1FB-BFC8B8AE2814}.Debug|Any CPU.Build.0 = Debug|Any CPU
		{38670821-89E0-4DEC-B1FB-BFC8B8AE2814}.Release|Any CPU.ActiveCfg = Release|Any CPU
		{38670821-89E0-4DEC-B1FB-BFC8B8AE2814}.Release|Any CPU.Build.0 = Release|Any CPU
		{FFCD0BDC-620E-424D-9924-8EFAC0870327}.Debug|Any CPU.ActiveCfg = Debug|Any CPU
		{FFCD0BDC-620E-424D-9924-8EFAC0870327}.Debug|Any CPU.Build.0 = Debug|Any CPU
		{FFCD0BDC-620E-424D-9924-8EFAC0870327}.Release|Any CPU.ActiveCfg = Release|Any CPU
		{FFCD0BDC-620E-424D-9924-8EFAC0870327}.Release|Any CPU.Build.0 = Release|Any CPU
		{CAFC68FB-3A04-49B2-8AE0-FDB421F4D9CF}.Debug|Any CPU.ActiveCfg = Debug|Any CPU
		{CAFC68FB-3A04-49B2-8AE0-FDB421F4D9CF}.Debug|Any CPU.Build.0 = Debug|Any CPU
		{CAFC68FB-3A04-49B2-8AE0-FDB421F4D9CF}.Release|Any CPU.ActiveCfg = Release|Any CPU
		{CAFC68FB-3A04-49B2-8AE0-FDB421F4D9CF}.Release|Any CPU.Build.0 = Release|Any CPU
		{1A2FFD19-69FA-4B31-AC3D-C155F6FF5DAF}.Debug|Any CPU.ActiveCfg = Debug|Any CPU
		{1A2FFD19-69FA-4B31-AC3D-C155F6FF5DAF}.Debug|Any CPU.Build.0 = Debug|Any CPU
		{1A2FFD19-69FA-4B31-AC3D-C155F6FF5DAF}.Release|Any CPU.ActiveCfg = Release|Any CPU
		{1A2FFD19-69FA-4B31-AC3D-C155F6FF5DAF}.Release|Any CPU.Build.0 = Release|Any CPU
		{3445CB6A-CB7A-4719-941B-CE5C0ADE3741}.Debug|Any CPU.ActiveCfg = Debug|Any CPU
		{3445CB6A-CB7A-4719-941B-CE5C0ADE3741}.Debug|Any CPU.Build.0 = Debug|Any CPU
		{3445CB6A-CB7A-4719-941B-CE5C0ADE3741}.Release|Any CPU.ActiveCfg = Release|Any CPU
		{3445CB6A-CB7A-4719-941B-CE5C0ADE3741}.Release|Any CPU.Build.0 = Release|Any CPU
		{4A4DC2F6-CB3C-4475-AD50-601E183829B4}.Debug|Any CPU.ActiveCfg = Debug|Any CPU
		{4A4DC2F6-CB3C-4475-AD50-601E183829B4}.Debug|Any CPU.Build.0 = Debug|Any CPU
		{4A4DC2F6-CB3C-4475-AD50-601E183829B4}.Release|Any CPU.ActiveCfg = Release|Any CPU
		{4A4DC2F6-CB3C-4475-AD50-601E183829B4}.Release|Any CPU.Build.0 = Release|Any CPU
		{2C03E228-F1EC-4B23-B8CE-6E24FA80C359}.Debug|Any CPU.ActiveCfg = Debug|Any CPU
		{2C03E228-F1EC-4B23-B8CE-6E24FA80C359}.Debug|Any CPU.Build.0 = Debug|Any CPU
		{2C03E228-F1EC-4B23-B8CE-6E24FA80C359}.Release|Any CPU.ActiveCfg = Release|Any CPU
		{2C03E228-F1EC-4B23-B8CE-6E24FA80C359}.Release|Any CPU.Build.0 = Release|Any CPU
		{6AF5E098-C94B-4B8B-BE86-1D3423EE331C}.Debug|Any CPU.ActiveCfg = Debug|Any CPU
		{6AF5E098-C94B-4B8B-BE86-1D3423EE331C}.Debug|Any CPU.Build.0 = Debug|Any CPU
		{6AF5E098-C94B-4B8B-BE86-1D3423EE331C}.Release|Any CPU.ActiveCfg = Release|Any CPU
		{6AF5E098-C94B-4B8B-BE86-1D3423EE331C}.Release|Any CPU.Build.0 = Release|Any CPU
		{E356FFEC-413B-4E36-9ED0-E7F29DDABEE8}.Debug|Any CPU.ActiveCfg = Debug|Any CPU
		{E356FFEC-413B-4E36-9ED0-E7F29DDABEE8}.Debug|Any CPU.Build.0 = Debug|Any CPU
		{E356FFEC-413B-4E36-9ED0-E7F29DDABEE8}.Release|Any CPU.ActiveCfg = Release|Any CPU
		{E356FFEC-413B-4E36-9ED0-E7F29DDABEE8}.Release|Any CPU.Build.0 = Release|Any CPU
		{B647B4CD-5818-454F-BED0-ECCE99B1B528}.Debug|Any CPU.ActiveCfg = Debug|Any CPU
		{B647B4CD-5818-454F-BED0-ECCE99B1B528}.Debug|Any CPU.Build.0 = Debug|Any CPU
		{B647B4CD-5818-454F-BED0-ECCE99B1B528}.Release|Any CPU.ActiveCfg = Release|Any CPU
		{B647B4CD-5818-454F-BED0-ECCE99B1B528}.Release|Any CPU.Build.0 = Release|Any CPU
		{B3FD988B-D768-4B52-B0CA-9DC3EC4AE6C5}.Debug|Any CPU.ActiveCfg = Debug|Any CPU
		{B3FD988B-D768-4B52-B0CA-9DC3EC4AE6C5}.Debug|Any CPU.Build.0 = Debug|Any CPU
		{B3FD988B-D768-4B52-B0CA-9DC3EC4AE6C5}.Release|Any CPU.ActiveCfg = Release|Any CPU
		{B3FD988B-D768-4B52-B0CA-9DC3EC4AE6C5}.Release|Any CPU.Build.0 = Release|Any CPU
		{A11749AF-E14E-424F-A54F-81C4C2820937}.Debug|Any CPU.ActiveCfg = Debug|Any CPU
		{A11749AF-E14E-424F-A54F-81C4C2820937}.Debug|Any CPU.Build.0 = Debug|Any CPU
		{A11749AF-E14E-424F-A54F-81C4C2820937}.Release|Any CPU.ActiveCfg = Release|Any CPU
		{A11749AF-E14E-424F-A54F-81C4C2820937}.Release|Any CPU.Build.0 = Release|Any CPU
		{E3B17707-98D3-4EFB-B8F7-DC16189014DC}.Debug|Any CPU.ActiveCfg = Debug|Any CPU
		{E3B17707-98D3-4EFB-B8F7-DC16189014DC}.Debug|Any CPU.Build.0 = Debug|Any CPU
		{E3B17707-98D3-4EFB-B8F7-DC16189014DC}.Release|Any CPU.ActiveCfg = Release|Any CPU
		{E3B17707-98D3-4EFB-B8F7-DC16189014DC}.Release|Any CPU.Build.0 = Release|Any CPU
	EndGlobalSection
	GlobalSection(SolutionProperties) = preSolution
		HideSolutionNode = FALSE
	EndGlobalSection
	GlobalSection(NestedProjects) = preSolution
		{5502CEF1-406C-47ED-902A-B8EA825E5AC1} = {1054B5C2-5089-4A39-A4E7-3C271468E0F5}
		{87838385-2FA9-4412-ACFC-0AFB9962A697} = {153877E0-31BC-45BE-82F1-3688E1D922AE}
		{7BDF348D-7158-4014-87CB-4C7DBB6A56DD} = {153877E0-31BC-45BE-82F1-3688E1D922AE}
		{B3DFDA9A-1712-4E0E-9338-C5E3493A6028} = {153877E0-31BC-45BE-82F1-3688E1D922AE}
		{9A1CD567-A76F-48F5-AE53-7326D41321A8} = {153877E0-31BC-45BE-82F1-3688E1D922AE}
		{4E6F28FA-3B11-4F62-B778-9FF8B579A6FC} = {153877E0-31BC-45BE-82F1-3688E1D922AE}
		{1A6E8CA1-9859-4A2D-B00E-4E7C97224E07} = {153877E0-31BC-45BE-82F1-3688E1D922AE}
		{18534B61-98D2-497D-894F-C2067071D3E7} = {9DFB515D-AA67-4088-A5E3-73FF39537658}
		{1D980BD3-2728-4376-A03E-527EB62C512B} = {9DFB515D-AA67-4088-A5E3-73FF39537658}
		{64BC70E0-4E16-4D6E-B648-652699B7BDC3} = {9DFB515D-AA67-4088-A5E3-73FF39537658}
		{1C367794-5BC6-4014-9826-C2CF42D7E0FD} = {9DFB515D-AA67-4088-A5E3-73FF39537658}
		{515C5E3B-60C8-4AEB-99F6-27AF06297418} = {48B36BAF-7159-4A9D-8D95-8CBE0C696036}
		{D096BF26-2D80-4ED7-BA25-E5AA6E5770DF} = {48B36BAF-7159-4A9D-8D95-8CBE0C696036}
		{956299B1-A785-4344-B68A-6A17819F9D42} = {48B36BAF-7159-4A9D-8D95-8CBE0C696036}
		{6147D69E-D835-4B92-A3F8-215B2804EB09} = {48B36BAF-7159-4A9D-8D95-8CBE0C696036}
		{40FC4A10-FAB3-41A3-A992-C3F0A3AAF526} = {48B36BAF-7159-4A9D-8D95-8CBE0C696036}
		{53EA627B-8ACF-4F7F-8B8B-336D61AFCF39} = {5B6589B4-58B2-450F-B57F-8EC5B9EEFF54}
		{BF927B22-2909-42F3-B8D6-A113CEC09993} = {5B6589B4-58B2-450F-B57F-8EC5B9EEFF54}
		{0634B2ED-0A07-467A-A050-D5679AE32D0D} = {5B6589B4-58B2-450F-B57F-8EC5B9EEFF54}
		{C43D0614-9B54-4377-A760-EDD848A6A8D5} = {5B6589B4-58B2-450F-B57F-8EC5B9EEFF54}
		{DF42FF6B-9B77-44F2-9507-DF63010D7CD4} = {5B6589B4-58B2-450F-B57F-8EC5B9EEFF54}
		{82EBAEBB-FC18-4ED7-B341-A4060DBBB023} = {5B6589B4-58B2-450F-B57F-8EC5B9EEFF54}
		{13DB8F18-8655-4843-9419-C92C394025D5} = {5B6589B4-58B2-450F-B57F-8EC5B9EEFF54}
		{38670821-89E0-4DEC-B1FB-BFC8B8AE2814} = {5B6589B4-58B2-450F-B57F-8EC5B9EEFF54}
		{FFCD0BDC-620E-424D-9924-8EFAC0870327} = {95BB5088-308A-4B1F-9E4C-8E4706C2F4AE}
		{CAFC68FB-3A04-49B2-8AE0-FDB421F4D9CF} = {95BB5088-308A-4B1F-9E4C-8E4706C2F4AE}
		{1A2FFD19-69FA-4B31-AC3D-C155F6FF5DAF} = {95BB5088-308A-4B1F-9E4C-8E4706C2F4AE}
		{3445CB6A-CB7A-4719-941B-CE5C0ADE3741} = {9E7C14EB-1DB0-4392-93B2-AFBDC0191350}
		{4A4DC2F6-CB3C-4475-AD50-601E183829B4} = {9E7C14EB-1DB0-4392-93B2-AFBDC0191350}
		{2C03E228-F1EC-4B23-B8CE-6E24FA80C359} = {9E7C14EB-1DB0-4392-93B2-AFBDC0191350}
		{6AF5E098-C94B-4B8B-BE86-1D3423EE331C} = {2D5641C9-F258-4E08-8B56-19EED0154E6B}
		{E356FFEC-413B-4E36-9ED0-E7F29DDABEE8} = {2D5641C9-F258-4E08-8B56-19EED0154E6B}
		{B647B4CD-5818-454F-BED0-ECCE99B1B528} = {2D5641C9-F258-4E08-8B56-19EED0154E6B}
		{B3FD988B-D768-4B52-B0CA-9DC3EC4AE6C5} = {2CDBBE4A-5220-4311-B207-D0B70C9650C4}
		{A11749AF-E14E-424F-A54F-81C4C2820937} = {6FEB4FE7-E43B-405D-B6B8-8FCB15A3DEB4}
		{E3B17707-98D3-4EFB-B8F7-DC16189014DC} = {6FEB4FE7-E43B-405D-B6B8-8FCB15A3DEB4}
	EndGlobalSection
	GlobalSection(ExtensibilityGlobals) = postSolution
		SolutionGuid = {EBFEB09B-E156-463E-B2BB-B71A618C3124}
	EndGlobalSection
EndGlobal
